Microsoft Visual Studio Solution File, Format Version 10.00
# Visual Studio 2008
Project("{8BC9CEB8-8B4A-11D0-8D11-00A0C91BC942}") = "Common", "Common\Common.2008.vcproj", "{2CB4D251-76AE-40CD-B710-AE2A593D337D}"
EndProject
Project("{8BC9CEB8-8B4A-11D0-8D11-00A0C91BC942}") = "DatabaseProxy", "DatabaseProxy\DatabaseProxy.2008.vcproj", "{9358FB10-50CB-4804-B499-048028D8CEC2}"
	ProjectSection(ProjectDependencies) = postProject
		{D22B9E03-B0C1-4EA8-B6CC-2D24933745E2} = {D22B9E03-B0C1-4EA8-B6CC-2D24933745E2}
		{F222182E-EF6B-4ADC-904B-062AA2511B3D} = {F222182E-EF6B-4ADC-904B-062AA2511B3D}
		{57794230-74A2-472B-AFA0-C34EE220D65E} = {57794230-74A2-472B-AFA0-C34EE220D65E}
		{16D89532-B0BA-4FBC-BA5A-7A333029743A} = {16D89532-B0BA-4FBC-BA5A-7A333029743A}
		{C40CA432-21FF-43EA-A604-452AE6C3430B} = {C40CA432-21FF-43EA-A604-452AE6C3430B}
		{4BD86D36-3934-4E26-8037-B83FE9BF1B3E} = {4BD86D36-3934-4E26-8037-B83FE9BF1B3E}
		{2CB4D251-76AE-40CD-B710-AE2A593D337D} = {2CB4D251-76AE-40CD-B710-AE2A593D337D}
		{8D706D6B-9ED3-4EDA-9664-347BCB28A659} = {8D706D6B-9ED3-4EDA-9664-347BCB28A659}
		{CED33BA3-4BB1-4576-99FF-C8B102D5904B} = {CED33BA3-4BB1-4576-99FF-C8B102D5904B}
		{1D728FC9-D945-4B2D-B5F1-E48BBAF503EB} = {1D728FC9-D945-4B2D-B5F1-E48BBAF503EB}
		{42B49CD9-48ED-4FF4-8435-44FC609ABAF6} = {42B49CD9-48ED-4FF4-8435-44FC609ABAF6}
		{E52B2BE1-3D47-4545-9A60-33AC4C1D19F0} = {E52B2BE1-3D47-4545-9A60-33AC4C1D19F0}
	EndProjectSection
EndProject
Project("{8BC9CEB8-8B4A-11D0-8D11-00A0C91BC942}") = "MasterServer", "MasterServer\MasterServer.2008.vcproj", "{B50AC77A-A090-41C8-9F05-F21E8E2037B2}"
	ProjectSection(ProjectDependencies) = postProject
		{D22B9E03-B0C1-4EA8-B6CC-2D24933745E2} = {D22B9E03-B0C1-4EA8-B6CC-2D24933745E2}
		{F222182E-EF6B-4ADC-904B-062AA2511B3D} = {F222182E-EF6B-4ADC-904B-062AA2511B3D}
		{57794230-74A2-472B-AFA0-C34EE220D65E} = {57794230-74A2-472B-AFA0-C34EE220D65E}
		{16D89532-B0BA-4FBC-BA5A-7A333029743A} = {16D89532-B0BA-4FBC-BA5A-7A333029743A}
		{C40CA432-21FF-43EA-A604-452AE6C3430B} = {C40CA432-21FF-43EA-A604-452AE6C3430B}
		{4BD86D36-3934-4E26-8037-B83FE9BF1B3E} = {4BD86D36-3934-4E26-8037-B83FE9BF1B3E}
		{2CB4D251-76AE-40CD-B710-AE2A593D337D} = {2CB4D251-76AE-40CD-B710-AE2A593D337D}
		{8D706D6B-9ED3-4EDA-9664-347BCB28A659} = {8D706D6B-9ED3-4EDA-9664-347BCB28A659}
		{CED33BA3-4BB1-4576-99FF-C8B102D5904B} = {CED33BA3-4BB1-4576-99FF-C8B102D5904B}
		{1D728FC9-D945-4B2D-B5F1-E48BBAF503EB} = {1D728FC9-D945-4B2D-B5F1-E48BBAF503EB}
		{42B49CD9-48ED-4FF4-8435-44FC609ABAF6} = {42B49CD9-48ED-4FF4-8435-44FC609ABAF6}
		{E52B2BE1-3D47-4545-9A60-33AC4C1D19F0} = {E52B2BE1-3D47-4545-9A60-33AC4C1D19F0}
	EndProjectSection
EndProject
Project("{8BC9CEB8-8B4A-11D0-8D11-00A0C91BC942}") = "Utility", "..\Utility\Utility.2008.vcproj", "{C40CA432-21FF-43EA-A604-452AE6C3430B}"
EndProject
Project("{8BC9CEB8-8B4A-11D0-8D11-00A0C91BC942}") = "ProgramCommon", "..\ProgramCommon\ProgramCommon.2008.vcproj", "{4BD86D36-3934-4E26-8037-B83FE9BF1B3E}"
EndProject
Project("{8BC9CEB8-8B4A-11D0-8D11-00A0C91BC942}") = "GameServer", "GameServer\GameServer.2008.vcproj", "{11FC2CBB-8F66-4093-B89F-1B9F8FCE40D4}"
	ProjectSection(ProjectDependencies) = postProject
		{D22B9E03-B0C1-4EA8-B6CC-2D24933745E2} = {D22B9E03-B0C1-4EA8-B6CC-2D24933745E2}
		{F222182E-EF6B-4ADC-904B-062AA2511B3D} = {F222182E-EF6B-4ADC-904B-062AA2511B3D}
		{57794230-74A2-472B-AFA0-C34EE220D65E} = {57794230-74A2-472B-AFA0-C34EE220D65E}
		{16D89532-B0BA-4FBC-BA5A-7A333029743A} = {16D89532-B0BA-4FBC-BA5A-7A333029743A}
		{C40CA432-21FF-43EA-A604-452AE6C3430B} = {C40CA432-21FF-43EA-A604-452AE6C3430B}
		{4BD86D36-3934-4E26-8037-B83FE9BF1B3E} = {4BD86D36-3934-4E26-8037-B83FE9BF1B3E}
		{3334CB45-C4F2-46BB-9C0F-7EA4771BA93F} = {3334CB45-C4F2-46BB-9C0F-7EA4771BA93F}
		{2CB4D251-76AE-40CD-B710-AE2A593D337D} = {2CB4D251-76AE-40CD-B710-AE2A593D337D}
		{8D706D6B-9ED3-4EDA-9664-347BCB28A659} = {8D706D6B-9ED3-4EDA-9664-347BCB28A659}
		{CED33BA3-4BB1-4576-99FF-C8B102D5904B} = {CED33BA3-4BB1-4576-99FF-C8B102D5904B}
		{1D728FC9-D945-4B2D-B5F1-E48BBAF503EB} = {1D728FC9-D945-4B2D-B5F1-E48BBAF503EB}
		{42B49CD9-48ED-4FF4-8435-44FC609ABAF6} = {42B49CD9-48ED-4FF4-8435-44FC609ABAF6}
		{E52B2BE1-3D47-4545-9A60-33AC4C1D19F0} = {E52B2BE1-3D47-4545-9A60-33AC4C1D19F0}
	EndProjectSection
EndProject
Project("{8BC9CEB8-8B4A-11D0-8D11-00A0C91BC942}") = "AgentServer", "AgentServer\AgentServer.2008.vcproj", "{7BE27DB6-15AB-458E-B3DD-E783F8BB6242}"
	ProjectSection(ProjectDependencies) = postProject
		{D22B9E03-B0C1-4EA8-B6CC-2D24933745E2} = {D22B9E03-B0C1-4EA8-B6CC-2D24933745E2}
		{F222182E-EF6B-4ADC-904B-062AA2511B3D} = {F222182E-EF6B-4ADC-904B-062AA2511B3D}
		{57794230-74A2-472B-AFA0-C34EE220D65E} = {57794230-74A2-472B-AFA0-C34EE220D65E}
		{16D89532-B0BA-4FBC-BA5A-7A333029743A} = {16D89532-B0BA-4FBC-BA5A-7A333029743A}
		{C40CA432-21FF-43EA-A604-452AE6C3430B} = {C40CA432-21FF-43EA-A604-452AE6C3430B}
		{4BD86D36-3934-4E26-8037-B83FE9BF1B3E} = {4BD86D36-3934-4E26-8037-B83FE9BF1B3E}
		{2CB4D251-76AE-40CD-B710-AE2A593D337D} = {2CB4D251-76AE-40CD-B710-AE2A593D337D}
		{8D706D6B-9ED3-4EDA-9664-347BCB28A659} = {8D706D6B-9ED3-4EDA-9664-347BCB28A659}
		{CED33BA3-4BB1-4576-99FF-C8B102D5904B} = {CED33BA3-4BB1-4576-99FF-C8B102D5904B}
		{1D728FC9-D945-4B2D-B5F1-E48BBAF503EB} = {1D728FC9-D945-4B2D-B5F1-E48BBAF503EB}
		{42B49CD9-48ED-4FF4-8435-44FC609ABAF6} = {42B49CD9-48ED-4FF4-8435-44FC609ABAF6}
		{E52B2BE1-3D47-4545-9A60-33AC4C1D19F0} = {E52B2BE1-3D47-4545-9A60-33AC4C1D19F0}
	EndProjectSection
EndProject
Project("{8BC9CEB8-8B4A-11D0-8D11-00A0C91BC942}") = "WorldServer", "WorldServer\WorldServer.2008.vcproj", "{3319D3F6-576D-450D-B145-8C6855E0E0F4}"
	ProjectSection(ProjectDependencies) = postProject
		{D22B9E03-B0C1-4EA8-B6CC-2D24933745E2} = {D22B9E03-B0C1-4EA8-B6CC-2D24933745E2}
		{F222182E-EF6B-4ADC-904B-062AA2511B3D} = {F222182E-EF6B-4ADC-904B-062AA2511B3D}
		{57794230-74A2-472B-AFA0-C34EE220D65E} = {57794230-74A2-472B-AFA0-C34EE220D65E}
		{16D89532-B0BA-4FBC-BA5A-7A333029743A} = {16D89532-B0BA-4FBC-BA5A-7A333029743A}
		{C40CA432-21FF-43EA-A604-452AE6C3430B} = {C40CA432-21FF-43EA-A604-452AE6C3430B}
		{4BD86D36-3934-4E26-8037-B83FE9BF1B3E} = {4BD86D36-3934-4E26-8037-B83FE9BF1B3E}
		{2CB4D251-76AE-40CD-B710-AE2A593D337D} = {2CB4D251-76AE-40CD-B710-AE2A593D337D}
		{8D706D6B-9ED3-4EDA-9664-347BCB28A659} = {8D706D6B-9ED3-4EDA-9664-347BCB28A659}
		{CED33BA3-4BB1-4576-99FF-C8B102D5904B} = {CED33BA3-4BB1-4576-99FF-C8B102D5904B}
		{1D728FC9-D945-4B2D-B5F1-E48BBAF503EB} = {1D728FC9-D945-4B2D-B5F1-E48BBAF503EB}
		{42B49CD9-48ED-4FF4-8435-44FC609ABAF6} = {42B49CD9-48ED-4FF4-8435-44FC609ABAF6}
		{E52B2BE1-3D47-4545-9A60-33AC4C1D19F0} = {E52B2BE1-3D47-4545-9A60-33AC4C1D19F0}
	EndProjectSection
EndProject
Project("{8BC9CEB8-8B4A-11D0-8D11-00A0C91BC942}") = "SunWriteLogMng", "SunWriteLog\SunWriteLogMng.2008.vcproj", "{CED33BA3-4BB1-4576-99FF-C8B102D5904B}"
	ProjectSection(ProjectDependencies) = postProject
		{C40CA432-21FF-43EA-A604-452AE6C3430B} = {C40CA432-21FF-43EA-A604-452AE6C3430B}
	EndProjectSection
EndProject
Project("{8BC9CEB8-8B4A-11D0-8D11-00A0C91BC942}") = "SolarQuest", "..\SolarQuest\SolarQuest.2008.vcproj", "{57794230-74A2-472B-AFA0-C34EE220D65E}"
EndProject
Project("{8BC9CEB8-8B4A-11D0-8D11-00A0C91BC942}") = "RankingLib", "..\RankingLib\RankingLib.2008.vcproj", "{D22B9E03-B0C1-4EA8-B6CC-2D24933745E2}"
EndProject
Project("{8BC9CEB8-8B4A-11D0-8D11-00A0C91BC942}") = "SolarShop", "..\SolarShop\SolarShop.2008.vcproj", "{F222182E-EF6B-4ADC-904B-062AA2511B3D}"
EndProject
Project("{8BC9CEB8-8B4A-11D0-8D11-00A0C91BC942}") = "SharedLib4Build", "SharedLib4Build\SharedLib4Build.2008.vcproj", "{1D728FC9-D945-4B2D-B5F1-E48BBAF503EB}"
	ProjectSection(ProjectDependencies) = postProject
		{D22B9E03-B0C1-4EA8-B6CC-2D24933745E2} = {D22B9E03-B0C1-4EA8-B6CC-2D24933745E2}
		{D22B9E03-B0C1-4EA8-B6CC-2D24933745E2} = {D22B9E03-B0C1-4EA8-B6CC-2D24933745E2}
		{F222182E-EF6B-4ADC-904B-062AA2511B3D} = {F222182E-EF6B-4ADC-904B-062AA2511B3D}
		{F222182E-EF6B-4ADC-904B-062AA2511B3D} = {F222182E-EF6B-4ADC-904B-062AA2511B3D}
		{57794230-74A2-472B-AFA0-C34EE220D65E} = {57794230-74A2-472B-AFA0-C34EE220D65E}
		{57794230-74A2-472B-AFA0-C34EE220D65E} = {57794230-74A2-472B-AFA0-C34EE220D65E}
		{16D89532-B0BA-4FBC-BA5A-7A333029743A} = {16D89532-B0BA-4FBC-BA5A-7A333029743A}
		{C40CA432-21FF-43EA-A604-452AE6C3430B} = {C40CA432-21FF-43EA-A604-452AE6C3430B}
		{C40CA432-21FF-43EA-A604-452AE6C3430B} = {C40CA432-21FF-43EA-A604-452AE6C3430B}
		{4BD86D36-3934-4E26-8037-B83FE9BF1B3E} = {4BD86D36-3934-4E26-8037-B83FE9BF1B3E}
		{4BD86D36-3934-4E26-8037-B83FE9BF1B3E} = {4BD86D36-3934-4E26-8037-B83FE9BF1B3E}
		{2CB4D251-76AE-40CD-B710-AE2A593D337D} = {2CB4D251-76AE-40CD-B710-AE2A593D337D}
		{2CB4D251-76AE-40CD-B710-AE2A593D337D} = {2CB4D251-76AE-40CD-B710-AE2A593D337D}
		{8D706D6B-9ED3-4EDA-9664-347BCB28A659} = {8D706D6B-9ED3-4EDA-9664-347BCB28A659}
		{CED33BA3-4BB1-4576-99FF-C8B102D5904B} = {CED33BA3-4BB1-4576-99FF-C8B102D5904B}
		{CED33BA3-4BB1-4576-99FF-C8B102D5904B} = {CED33BA3-4BB1-4576-99FF-C8B102D5904B}
		{42B49CD9-48ED-4FF4-8435-44FC609ABAF6} = {42B49CD9-48ED-4FF4-8435-44FC609ABAF6}
		{E52B2BE1-3D47-4545-9A60-33AC4C1D19F0} = {E52B2BE1-3D47-4545-9A60-33AC4C1D19F0}
	EndProjectSection
EndProject
Project("{8BC9CEB8-8B4A-11D0-8D11-00A0C91BC942}") = "SolarTrigger", "..\SolarTrigger\SolarTrigger.2008.vcproj", "{16D89532-B0BA-4FBC-BA5A-7A333029743A}"
EndProject
Project("{8BC9CEB8-8B4A-11D0-8D11-00A0C91BC942}") = "SolarSlot", "..\SolarSlot\SolarSlot.2008.vcproj", "{42B49CD9-48ED-4FF4-8435-44FC609ABAF6}"
EndProject
Project("{8BC9CEB8-8B4A-11D0-8D11-00A0C91BC942}") = "PartyLib", "..\PartyLib\PartyLib.2008.vcproj", "{8D706D6B-9ED3-4EDA-9664-347BCB28A659}"
EndProject
Project("{8BC9CEB8-8B4A-11D0-8D11-00A0C91BC942}") = "Achievement", "..\Achievement\Achievement.2008.vcproj", "{E52B2BE1-3D47-4545-9A60-33AC4C1D19F0}"
EndProject
Project("{2150E333-8FDC-42A3-9474-1A3956D46DE8}") = "Modules", "Modules", "{58EF66A4-519B-425C-849E-FB5F76C03B0B}"
EndProject
Project("{2150E333-8FDC-42A3-9474-1A3956D46DE8}") = "Dlls", "Dlls", "{68C707AC-22B0-4EF7-BFBC-747A9011B8F0}"
EndProject
Project("{2150E333-8FDC-42A3-9474-1A3956D46DE8}") = "References", "References", "{175F762B-2554-4E5E-B2BA-7396A88AE8C6}"
EndProject
Project("{2150E333-8FDC-42A3-9474-1A3956D46DE8}") = "Servers", "Servers", "{7F74EB06-7CB5-440F-8892-4974A2AC7F61}"
EndProject
Project("{8BC9CEB8-8B4A-11D0-8D11-00A0C91BC942}") = "SolarSQLite", "Common\SolarSQLite.2008.vcproj", "{3334CB45-C4F2-46BB-9C0F-7EA4771BA93F}"
EndProject
Global
	GlobalSection(SolutionConfigurationPlatforms) = preSolution
		Debug - (AccountDB)|Win32 = Debug - (AccountDB)|Win32
		Debug - (ServerTest)|Win32 = Debug - (ServerTest)|Win32
		Debug - (서버용)|Win32 = Debug - (서버용)|Win32
		Debug|Win32 = Debug|Win32
		Release - (AccountDB)|Win32 = Release - (AccountDB)|Win32
		Release - (ServerTest)|Win32 = Release - (ServerTest)|Win32
		Release - (서버용)|Win32 = Release - (서버용)|Win32
		Release|Win32 = Release|Win32
	EndGlobalSection
	GlobalSection(ProjectConfigurationPlatforms) = postSolution
		{2CB4D251-76AE-40CD-B710-AE2A593D337D}.Debug - (AccountDB)|Win32.ActiveCfg = Debug|Win32
		{2CB4D251-76AE-40CD-B710-AE2A593D337D}.Debug - (AccountDB)|Win32.Build.0 = Debug|Win32
		{2CB4D251-76AE-40CD-B710-AE2A593D337D}.Debug - (ServerTest)|Win32.ActiveCfg = Debug|Win32
		{2CB4D251-76AE-40CD-B710-AE2A593D337D}.Debug - (ServerTest)|Win32.Build.0 = Debug|Win32
		{2CB4D251-76AE-40CD-B710-AE2A593D337D}.Debug - (서버용)|Win32.ActiveCfg = Debug|Win32
		{2CB4D251-76AE-40CD-B710-AE2A593D337D}.Debug - (서버용)|Win32.Build.0 = Debug|Win32
		{2CB4D251-76AE-40CD-B710-AE2A593D337D}.Debug|Win32.ActiveCfg = Debug|Win32
		{2CB4D251-76AE-40CD-B710-AE2A593D337D}.Release - (AccountDB)|Win32.ActiveCfg = Release|Win32
		{2CB4D251-76AE-40CD-B710-AE2A593D337D}.Release - (AccountDB)|Win32.Build.0 = Release|Win32
		{2CB4D251-76AE-40CD-B710-AE2A593D337D}.Release - (ServerTest)|Win32.ActiveCfg = Release|Win32
		{2CB4D251-76AE-40CD-B710-AE2A593D337D}.Release - (ServerTest)|Win32.Build.0 = Release|Win32
		{2CB4D251-76AE-40CD-B710-AE2A593D337D}.Release - (서버용)|Win32.ActiveCfg = Release|Win32
		{2CB4D251-76AE-40CD-B710-AE2A593D337D}.Release - (서버용)|Win32.Build.0 = Release|Win32
		{2CB4D251-76AE-40CD-B710-AE2A593D337D}.Release|Win32.ActiveCfg = Release|Win32
		{9358FB10-50CB-4804-B499-048028D8CEC2}.Debug - (AccountDB)|Win32.ActiveCfg = Debug - (AccountDB)|Win32
		{9358FB10-50CB-4804-B499-048028D8CEC2}.Debug - (AccountDB)|Win32.Build.0 = Debug - (AccountDB)|Win32
		{9358FB10-50CB-4804-B499-048028D8CEC2}.Debug - (ServerTest)|Win32.ActiveCfg = Debug - (서버용)|Win32
		{9358FB10-50CB-4804-B499-048028D8CEC2}.Debug - (ServerTest)|Win32.Build.0 = Debug - (서버용)|Win32
		{9358FB10-50CB-4804-B499-048028D8CEC2}.Debug - (서버용)|Win32.ActiveCfg = Debug - (서버용)|Win32
		{9358FB10-50CB-4804-B499-048028D8CEC2}.Debug - (서버용)|Win32.Build.0 = Debug - (서버용)|Win32
		{9358FB10-50CB-4804-B499-048028D8CEC2}.Debug|Win32.ActiveCfg = Debug - (서버용)|Win32
		{9358FB10-50CB-4804-B499-048028D8CEC2}.Release - (AccountDB)|Win32.ActiveCfg = Release - (AccountDB)|Win32
		{9358FB10-50CB-4804-B499-048028D8CEC2}.Release - (AccountDB)|Win32.Build.0 = Release - (AccountDB)|Win32
		{9358FB10-50CB-4804-B499-048028D8CEC2}.Release - (ServerTest)|Win32.ActiveCfg = Release - (서버용)|Win32
		{9358FB10-50CB-4804-B499-048028D8CEC2}.Release - (ServerTest)|Win32.Build.0 = Release - (서버용)|Win32
		{9358FB10-50CB-4804-B499-048028D8CEC2}.Release - (서버용)|Win32.ActiveCfg = Release - (서버용)|Win32
		{9358FB10-50CB-4804-B499-048028D8CEC2}.Release - (서버용)|Win32.Build.0 = Release - (서버용)|Win32
		{9358FB10-50CB-4804-B499-048028D8CEC2}.Release|Win32.ActiveCfg = Release - (서버용)|Win32
		{B50AC77A-A090-41C8-9F05-F21E8E2037B2}.Debug - (AccountDB)|Win32.ActiveCfg = Debug - (서버용)|Win32
		{B50AC77A-A090-41C8-9F05-F21E8E2037B2}.Debug - (ServerTest)|Win32.ActiveCfg = Debug - (서버용)|Win32
		{B50AC77A-A090-41C8-9F05-F21E8E2037B2}.Debug - (ServerTest)|Win32.Build.0 = Debug - (서버용)|Win32
		{B50AC77A-A090-41C8-9F05-F21E8E2037B2}.Debug - (서버용)|Win32.ActiveCfg = Debug - (서버용)|Win32
		{B50AC77A-A090-41C8-9F05-F21E8E2037B2}.Debug - (서버용)|Win32.Build.0 = Debug - (서버용)|Win32
		{B50AC77A-A090-41C8-9F05-F21E8E2037B2}.Debug|Win32.ActiveCfg = Debug - (서버용)|Win32
		{B50AC77A-A090-41C8-9F05-F21E8E2037B2}.Release - (AccountDB)|Win32.ActiveCfg = Release - (서버용)|Win32
		{B50AC77A-A090-41C8-9F05-F21E8E2037B2}.Release - (ServerTest)|Win32.ActiveCfg = Release - (서버용)|Win32
		{B50AC77A-A090-41C8-9F05-F21E8E2037B2}.Release - (ServerTest)|Win32.Build.0 = Release - (서버용)|Win32
		{B50AC77A-A090-41C8-9F05-F21E8E2037B2}.Release - (서버용)|Win32.ActiveCfg = Release - (서버용)|Win32
		{B50AC77A-A090-41C8-9F05-F21E8E2037B2}.Release - (서버용)|Win32.Build.0 = Release - (서버용)|Win32
		{B50AC77A-A090-41C8-9F05-F21E8E2037B2}.Release|Win32.ActiveCfg = Release - (서버용)|Win32
		{C40CA432-21FF-43EA-A604-452AE6C3430B}.Debug - (AccountDB)|Win32.ActiveCfg = Debug - (서버용)|Win32
		{C40CA432-21FF-43EA-A604-452AE6C3430B}.Debug - (AccountDB)|Win32.Build.0 = Debug - (서버용)|Win32
		{C40CA432-21FF-43EA-A604-452AE6C3430B}.Debug - (ServerTest)|Win32.ActiveCfg = Debug - (서버용)|Win32
		{C40CA432-21FF-43EA-A604-452AE6C3430B}.Debug - (ServerTest)|Win32.Build.0 = Debug - (서버용)|Win32
		{C40CA432-21FF-43EA-A604-452AE6C3430B}.Debug - (서버용)|Win32.ActiveCfg = Debug - (서버용)|Win32
		{C40CA432-21FF-43EA-A604-452AE6C3430B}.Debug - (서버용)|Win32.Build.0 = Debug - (서버용)|Win32
		{C40CA432-21FF-43EA-A604-452AE6C3430B}.Debug|Win32.ActiveCfg = Debug|Win32
		{C40CA432-21FF-43EA-A604-452AE6C3430B}.Debug|Win32.Build.0 = Debug|Win32
		{C40CA432-21FF-43EA-A604-452AE6C3430B}.Release - (AccountDB)|Win32.ActiveCfg = Release - (서버용)|Win32
		{C40CA432-21FF-43EA-A604-452AE6C3430B}.Release - (AccountDB)|Win32.Build.0 = Release - (서버용)|Win32
		{C40CA432-21FF-43EA-A604-452AE6C3430B}.Release - (ServerTest)|Win32.ActiveCfg = Release - (서버용)|Win32
		{C40CA432-21FF-43EA-A604-452AE6C3430B}.Release - (ServerTest)|Win32.Build.0 = Release - (서버용)|Win32
		{C40CA432-21FF-43EA-A604-452AE6C3430B}.Release - (서버용)|Win32.ActiveCfg = Release - (서버용)|Win32
		{C40CA432-21FF-43EA-A604-452AE6C3430B}.Release - (서버용)|Win32.Build.0 = Release - (서버용)|Win32
		{C40CA432-21FF-43EA-A604-452AE6C3430B}.Release|Win32.ActiveCfg = Release|Win32
		{C40CA432-21FF-43EA-A604-452AE6C3430B}.Release|Win32.Build.0 = Release|Win32
		{4BD86D36-3934-4E26-8037-B83FE9BF1B3E}.Debug - (AccountDB)|Win32.ActiveCfg = Debug - (서버용)|Win32
		{4BD86D36-3934-4E26-8037-B83FE9BF1B3E}.Debug - (AccountDB)|Win32.Build.0 = Debug - (서버용)|Win32
		{4BD86D36-3934-4E26-8037-B83FE9BF1B3E}.Debug - (ServerTest)|Win32.ActiveCfg = Debug - (서버용)|Win32
		{4BD86D36-3934-4E26-8037-B83FE9BF1B3E}.Debug - (ServerTest)|Win32.Build.0 = Debug - (서버용)|Win32
		{4BD86D36-3934-4E26-8037-B83FE9BF1B3E}.Debug - (서버용)|Win32.ActiveCfg = Debug - (서버용)|Win32
		{4BD86D36-3934-4E26-8037-B83FE9BF1B3E}.Debug - (서버용)|Win32.Build.0 = Debug - (서버용)|Win32
		{4BD86D36-3934-4E26-8037-B83FE9BF1B3E}.Debug|Win32.ActiveCfg = Debug|Win32
		{4BD86D36-3934-4E26-8037-B83FE9BF1B3E}.Debug|Win32.Build.0 = Debug|Win32
		{4BD86D36-3934-4E26-8037-B83FE9BF1B3E}.Release - (AccountDB)|Win32.ActiveCfg = Release - (서버용)|Win32
		{4BD86D36-3934-4E26-8037-B83FE9BF1B3E}.Release - (AccountDB)|Win32.Build.0 = Release - (서버용)|Win32
		{4BD86D36-3934-4E26-8037-B83FE9BF1B3E}.Release - (ServerTest)|Win32.ActiveCfg = Release - (서버용)|Win32
		{4BD86D36-3934-4E26-8037-B83FE9BF1B3E}.Release - (ServerTest)|Win32.Build.0 = Release - (서버용)|Win32
		{4BD86D36-3934-4E26-8037-B83FE9BF1B3E}.Release - (서버용)|Win32.ActiveCfg = Release - (서버용)|Win32
		{4BD86D36-3934-4E26-8037-B83FE9BF1B3E}.Release - (서버용)|Win32.Build.0 = Release - (서버용)|Win32
		{4BD86D36-3934-4E26-8037-B83FE9BF1B3E}.Release|Win32.ActiveCfg = Release|Win32
		{4BD86D36-3934-4E26-8037-B83FE9BF1B3E}.Release|Win32.Build.0 = Release|Win32
		{11FC2CBB-8F66-4093-B89F-1B9F8FCE40D4}.Debug - (AccountDB)|Win32.ActiveCfg = Debug - (서버용)|Win32
		{11FC2CBB-8F66-4093-B89F-1B9F8FCE40D4}.Debug - (ServerTest)|Win32.ActiveCfg = Debug - (서버용)|Win32
		{11FC2CBB-8F66-4093-B89F-1B9F8FCE40D4}.Debug - (ServerTest)|Win32.Build.0 = Debug - (서버용)|Win32
		{11FC2CBB-8F66-4093-B89F-1B9F8FCE40D4}.Debug - (서버용)|Win32.ActiveCfg = Debug - (서버용)|Win32
		{11FC2CBB-8F66-4093-B89F-1B9F8FCE40D4}.Debug - (서버용)|Win32.Build.0 = Debug - (서버용)|Win32
		{11FC2CBB-8F66-4093-B89F-1B9F8FCE40D4}.Debug|Win32.ActiveCfg = Debug - (서버용)|Win32
		{11FC2CBB-8F66-4093-B89F-1B9F8FCE40D4}.Release - (AccountDB)|Win32.ActiveCfg = Release - (서버용)|Win32
		{11FC2CBB-8F66-4093-B89F-1B9F8FCE40D4}.Release - (ServerTest)|Win32.ActiveCfg = Release - (서버용)|Win32
		{11FC2CBB-8F66-4093-B89F-1B9F8FCE40D4}.Release - (ServerTest)|Win32.Build.0 = Release - (서버용)|Win32
		{11FC2CBB-8F66-4093-B89F-1B9F8FCE40D4}.Release - (서버용)|Win32.ActiveCfg = Release - (서버용)|Win32
		{11FC2CBB-8F66-4093-B89F-1B9F8FCE40D4}.Release - (서버용)|Win32.Build.0 = Release - (서버용)|Win32
		{11FC2CBB-8F66-4093-B89F-1B9F8FCE40D4}.Release|Win32.ActiveCfg = Release - (서버용)|Win32
		{7BE27DB6-15AB-458E-B3DD-E783F8BB6242}.Debug - (AccountDB)|Win32.ActiveCfg = Debug - (서버용)|Win32
		{7BE27DB6-15AB-458E-B3DD-E783F8BB6242}.Debug - (ServerTest)|Win32.ActiveCfg = Debug - (서버용)|Win32
		{7BE27DB6-15AB-458E-B3DD-E783F8BB6242}.Debug - (ServerTest)|Win32.Build.0 = Debug - (서버용)|Win32
		{7BE27DB6-15AB-458E-B3DD-E783F8BB6242}.Debug - (서버용)|Win32.ActiveCfg = Debug - (서버용)|Win32
		{7BE27DB6-15AB-458E-B3DD-E783F8BB6242}.Debug - (서버용)|Win32.Build.0 = Debug - (서버용)|Win32
		{7BE27DB6-15AB-458E-B3DD-E783F8BB6242}.Debug|Win32.ActiveCfg = Debug - (서버용)|Win32
		{7BE27DB6-15AB-458E-B3DD-E783F8BB6242}.Release - (AccountDB)|Win32.ActiveCfg = Release - (서버용)|Win32
		{7BE27DB6-15AB-458E-B3DD-E783F8BB6242}.Release - (ServerTest)|Win32.ActiveCfg = Release - (서버용)|Win32
		{7BE27DB6-15AB-458E-B3DD-E783F8BB6242}.Release - (ServerTest)|Win32.Build.0 = Release - (서버용)|Win32
		{7BE27DB6-15AB-458E-B3DD-E783F8BB6242}.Release - (서버용)|Win32.ActiveCfg = Release - (서버용)|Win32
		{7BE27DB6-15AB-458E-B3DD-E783F8BB6242}.Release - (서버용)|Win32.Build.0 = Release - (서버용)|Win32
		{7BE27DB6-15AB-458E-B3DD-E783F8BB6242}.Release|Win32.ActiveCfg = Release - (서버용)|Win32
		{3319D3F6-576D-450D-B145-8C6855E0E0F4}.Debug - (AccountDB)|Win32.ActiveCfg = Debug - (서버용)|Win32
		{3319D3F6-576D-450D-B145-8C6855E0E0F4}.Debug - (ServerTest)|Win32.ActiveCfg = Debug - (서버용)|Win32
		{3319D3F6-576D-450D-B145-8C6855E0E0F4}.Debug - (ServerTest)|Win32.Build.0 = Debug - (서버용)|Win32
		{3319D3F6-576D-450D-B145-8C6855E0E0F4}.Debug - (서버용)|Win32.ActiveCfg = Debug - (서버용)|Win32
		{3319D3F6-576D-450D-B145-8C6855E0E0F4}.Debug - (서버용)|Win32.Build.0 = Debug - (서버용)|Win32
		{3319D3F6-576D-450D-B145-8C6855E0E0F4}.Debug|Win32.ActiveCfg = Debug - (서버용)|Win32
		{3319D3F6-576D-450D-B145-8C6855E0E0F4}.Release - (AccountDB)|Win32.ActiveCfg = Release - (서버용)|Win32
		{3319D3F6-576D-450D-B145-8C6855E0E0F4}.Release - (ServerTest)|Win32.ActiveCfg = Release - (서버용)|Win32
		{3319D3F6-576D-450D-B145-8C6855E0E0F4}.Release - (ServerTest)|Win32.Build.0 = Release - (서버용)|Win32
		{3319D3F6-576D-450D-B145-8C6855E0E0F4}.Release - (서버용)|Win32.ActiveCfg = Release - (서버용)|Win32
		{3319D3F6-576D-450D-B145-8C6855E0E0F4}.Release - (서버용)|Win32.Build.0 = Release - (서버용)|Win32
		{3319D3F6-576D-450D-B145-8C6855E0E0F4}.Release|Win32.ActiveCfg = Release - (서버용)|Win32
		{CED33BA3-4BB1-4576-99FF-C8B102D5904B}.Debug - (AccountDB)|Win32.ActiveCfg = Debug - (서버용)|Win32
		{CED33BA3-4BB1-4576-99FF-C8B102D5904B}.Debug - (AccountDB)|Win32.Build.0 = Debug - (서버용)|Win32
		{CED33BA3-4BB1-4576-99FF-C8B102D5904B}.Debug - (ServerTest)|Win32.ActiveCfg = Debug - (서버용)|Win32
		{CED33BA3-4BB1-4576-99FF-C8B102D5904B}.Debug - (ServerTest)|Win32.Build.0 = Debug - (서버용)|Win32
		{CED33BA3-4BB1-4576-99FF-C8B102D5904B}.Debug - (서버용)|Win32.ActiveCfg = Debug - (서버용)|Win32
		{CED33BA3-4BB1-4576-99FF-C8B102D5904B}.Debug - (서버용)|Win32.Build.0 = Debug - (서버용)|Win32
		{CED33BA3-4BB1-4576-99FF-C8B102D5904B}.Debug|Win32.ActiveCfg = Debug|Win32
		{CED33BA3-4BB1-4576-99FF-C8B102D5904B}.Release - (AccountDB)|Win32.ActiveCfg = Release - (서버용)|Win32
		{CED33BA3-4BB1-4576-99FF-C8B102D5904B}.Release - (AccountDB)|Win32.Build.0 = Release - (서버용)|Win32
		{CED33BA3-4BB1-4576-99FF-C8B102D5904B}.Release - (ServerTest)|Win32.ActiveCfg = Release - (서버용)|Win32
		{CED33BA3-4BB1-4576-99FF-C8B102D5904B}.Release - (ServerTest)|Win32.Build.0 = Release - (서버용)|Win32
		{CED33BA3-4BB1-4576-99FF-C8B102D5904B}.Release - (서버용)|Win32.ActiveCfg = Release - (서버용)|Win32
		{CED33BA3-4BB1-4576-99FF-C8B102D5904B}.Release - (서버용)|Win32.Build.0 = Release - (서버용)|Win32
		{CED33BA3-4BB1-4576-99FF-C8B102D5904B}.Release|Win32.ActiveCfg = Release|Win32
		{57794230-74A2-472B-AFA0-C34EE220D65E}.Debug - (AccountDB)|Win32.ActiveCfg = Debug - (서버용)|Win32
		{57794230-74A2-472B-AFA0-C34EE220D65E}.Debug - (AccountDB)|Win32.Build.0 = Debug - (서버용)|Win32
		{57794230-74A2-472B-AFA0-C34EE220D65E}.Debug - (ServerTest)|Win32.ActiveCfg = Debug - (서버용)|Win32
		{57794230-74A2-472B-AFA0-C34EE220D65E}.Debug - (ServerTest)|Win32.Build.0 = Debug - (서버용)|Win32
		{57794230-74A2-472B-AFA0-C34EE220D65E}.Debug - (서버용)|Win32.ActiveCfg = Debug - (서버용)|Win32
		{57794230-74A2-472B-AFA0-C34EE220D65E}.Debug - (서버용)|Win32.Build.0 = Debug - (서버용)|Win32
		{57794230-74A2-472B-AFA0-C34EE220D65E}.Debug|Win32.ActiveCfg = Debug|Win32
		{57794230-74A2-472B-AFA0-C34EE220D65E}.Debug|Win32.Build.0 = Debug|Win32
		{57794230-74A2-472B-AFA0-C34EE220D65E}.Release - (AccountDB)|Win32.ActiveCfg = Release - (서버용)|Win32
		{57794230-74A2-472B-AFA0-C34EE220D65E}.Release - (AccountDB)|Win32.Build.0 = Release - (서버용)|Win32
		{57794230-74A2-472B-AFA0-C34EE220D65E}.Release - (ServerTest)|Win32.ActiveCfg = Release - (서버용)|Win32
		{57794230-74A2-472B-AFA0-C34EE220D65E}.Release - (ServerTest)|Win32.Build.0 = Release - (서버용)|Win32
		{57794230-74A2-472B-AFA0-C34EE220D65E}.Release - (서버용)|Win32.ActiveCfg = Release - (서버용)|Win32
		{57794230-74A2-472B-AFA0-C34EE220D65E}.Release - (서버용)|Win32.Build.0 = Release - (서버용)|Win32
		{57794230-74A2-472B-AFA0-C34EE220D65E}.Release|Win32.ActiveCfg = Release|Win32
		{57794230-74A2-472B-AFA0-C34EE220D65E}.Release|Win32.Build.0 = Release|Win32
		{D22B9E03-B0C1-4EA8-B6CC-2D24933745E2}.Debug - (AccountDB)|Win32.ActiveCfg = Debug - (서버용)|Win32
		{D22B9E03-B0C1-4EA8-B6CC-2D24933745E2}.Debug - (AccountDB)|Win32.Build.0 = Debug - (서버용)|Win32
		{D22B9E03-B0C1-4EA8-B6CC-2D24933745E2}.Debug - (ServerTest)|Win32.ActiveCfg = Debug - (서버용)|Win32
		{D22B9E03-B0C1-4EA8-B6CC-2D24933745E2}.Debug - (ServerTest)|Win32.Build.0 = Debug - (서버용)|Win32
		{D22B9E03-B0C1-4EA8-B6CC-2D24933745E2}.Debug - (서버용)|Win32.ActiveCfg = Debug - (서버용)|Win32
		{D22B9E03-B0C1-4EA8-B6CC-2D24933745E2}.Debug - (서버용)|Win32.Build.0 = Debug - (서버용)|Win32
		{D22B9E03-B0C1-4EA8-B6CC-2D24933745E2}.Debug|Win32.ActiveCfg = Debug|Win32
		{D22B9E03-B0C1-4EA8-B6CC-2D24933745E2}.Debug|Win32.Build.0 = Debug|Win32
		{D22B9E03-B0C1-4EA8-B6CC-2D24933745E2}.Release - (AccountDB)|Win32.ActiveCfg = Release - (서버용)|Win32
		{D22B9E03-B0C1-4EA8-B6CC-2D24933745E2}.Release - (AccountDB)|Win32.Build.0 = Release - (서버용)|Win32
		{D22B9E03-B0C1-4EA8-B6CC-2D24933745E2}.Release - (ServerTest)|Win32.ActiveCfg = Release - (서버용)|Win32
		{D22B9E03-B0C1-4EA8-B6CC-2D24933745E2}.Release - (ServerTest)|Win32.Build.0 = Release - (서버용)|Win32
		{D22B9E03-B0C1-4EA8-B6CC-2D24933745E2}.Release - (서버용)|Win32.ActiveCfg = Release - (서버용)|Win32
		{D22B9E03-B0C1-4EA8-B6CC-2D24933745E2}.Release - (서버용)|Win32.Build.0 = Release - (서버용)|Win32
		{D22B9E03-B0C1-4EA8-B6CC-2D24933745E2}.Release|Win32.ActiveCfg = Release|Win32
		{D22B9E03-B0C1-4EA8-B6CC-2D24933745E2}.Release|Win32.Build.0 = Release|Win32
		{F222182E-EF6B-4ADC-904B-062AA2511B3D}.Debug - (AccountDB)|Win32.ActiveCfg = Debug - (서버용)|Win32
		{F222182E-EF6B-4ADC-904B-062AA2511B3D}.Debug - (AccountDB)|Win32.Build.0 = Debug - (서버용)|Win32
		{F222182E-EF6B-4ADC-904B-062AA2511B3D}.Debug - (ServerTest)|Win32.ActiveCfg = Debug - (서버용)|Win32
		{F222182E-EF6B-4ADC-904B-062AA2511B3D}.Debug - (ServerTest)|Win32.Build.0 = Debug - (서버용)|Win32
		{F222182E-EF6B-4ADC-904B-062AA2511B3D}.Debug - (서버용)|Win32.ActiveCfg = Debug - (서버용)|Win32
		{F222182E-EF6B-4ADC-904B-062AA2511B3D}.Debug - (서버용)|Win32.Build.0 = Debug - (서버용)|Win32
		{F222182E-EF6B-4ADC-904B-062AA2511B3D}.Debug|Win32.ActiveCfg = Debug|Win32
		{F222182E-EF6B-4ADC-904B-062AA2511B3D}.Debug|Win32.Build.0 = Debug|Win32
		{F222182E-EF6B-4ADC-904B-062AA2511B3D}.Release - (AccountDB)|Win32.ActiveCfg = Release - (서버용)|Win32
		{F222182E-EF6B-4ADC-904B-062AA2511B3D}.Release - (AccountDB)|Win32.Build.0 = Release - (서버용)|Win32
		{F222182E-EF6B-4ADC-904B-062AA2511B3D}.Release - (ServerTest)|Win32.ActiveCfg = Release - (서버용)|Win32
		{F222182E-EF6B-4ADC-904B-062AA2511B3D}.Release - (ServerTest)|Win32.Build.0 = Release - (서버용)|Win32
		{F222182E-EF6B-4ADC-904B-062AA2511B3D}.Release - (서버용)|Win32.ActiveCfg = Release - (서버용)|Win32
		{F222182E-EF6B-4ADC-904B-062AA2511B3D}.Release - (서버용)|Win32.Build.0 = Release - (서버용)|Win32
		{F222182E-EF6B-4ADC-904B-062AA2511B3D}.Release|Win32.ActiveCfg = Release|Win32
		{F222182E-EF6B-4ADC-904B-062AA2511B3D}.Release|Win32.Build.0 = Release|Win32
		{1D728FC9-D945-4B2D-B5F1-E48BBAF503EB}.Debug - (AccountDB)|Win32.ActiveCfg = Debug|Win32
		{1D728FC9-D945-4B2D-B5F1-E48BBAF503EB}.Debug - (AccountDB)|Win32.Build.0 = Debug|Win32
		{1D728FC9-D945-4B2D-B5F1-E48BBAF503EB}.Debug - (ServerTest)|Win32.ActiveCfg = Debug|Win32
		{1D728FC9-D945-4B2D-B5F1-E48BBAF503EB}.Debug - (ServerTest)|Win32.Build.0 = Debug|Win32
		{1D728FC9-D945-4B2D-B5F1-E48BBAF503EB}.Debug - (서버용)|Win32.ActiveCfg = Debug|Win32
		{1D728FC9-D945-4B2D-B5F1-E48BBAF503EB}.Debug - (서버용)|Win32.Build.0 = Debug|Win32
		{1D728FC9-D945-4B2D-B5F1-E48BBAF503EB}.Debug|Win32.ActiveCfg = Debug|Win32
		{1D728FC9-D945-4B2D-B5F1-E48BBAF503EB}.Release - (AccountDB)|Win32.ActiveCfg = Release|Win32
		{1D728FC9-D945-4B2D-B5F1-E48BBAF503EB}.Release - (AccountDB)|Win32.Build.0 = Release|Win32
		{1D728FC9-D945-4B2D-B5F1-E48BBAF503EB}.Release - (ServerTest)|Win32.ActiveCfg = Release|Win32
		{1D728FC9-D945-4B2D-B5F1-E48BBAF503EB}.Release - (ServerTest)|Win32.Build.0 = Release|Win32
		{1D728FC9-D945-4B2D-B5F1-E48BBAF503EB}.Release - (서버용)|Win32.ActiveCfg = Release|Win32
		{1D728FC9-D945-4B2D-B5F1-E48BBAF503EB}.Release - (서버용)|Win32.Build.0 = Release|Win32
		{1D728FC9-D945-4B2D-B5F1-E48BBAF503EB}.Release|Win32.ActiveCfg = Release|Win32
		{16D89532-B0BA-4FBC-BA5A-7A333029743A}.Debug - (AccountDB)|Win32.ActiveCfg = Debug - (서버용)|Win32
		{16D89532-B0BA-4FBC-BA5A-7A333029743A}.Debug - (AccountDB)|Win32.Build.0 = Debug - (서버용)|Win32
		{16D89532-B0BA-4FBC-BA5A-7A333029743A}.Debug - (ServerTest)|Win32.ActiveCfg = Debug - (서버용)|Win32
		{16D89532-B0BA-4FBC-BA5A-7A333029743A}.Debug - (ServerTest)|Win32.Build.0 = Debug - (서버용)|Win32
		{16D89532-B0BA-4FBC-BA5A-7A333029743A}.Debug - (서버용)|Win32.ActiveCfg = Debug - (서버용)|Win32
		{16D89532-B0BA-4FBC-BA5A-7A333029743A}.Debug - (서버용)|Win32.Build.0 = Debug - (서버용)|Win32
		{16D89532-B0BA-4FBC-BA5A-7A333029743A}.Debug|Win32.ActiveCfg = Debug|Win32
		{16D89532-B0BA-4FBC-BA5A-7A333029743A}.Debug|Win32.Build.0 = Debug|Win32
		{16D89532-B0BA-4FBC-BA5A-7A333029743A}.Release - (AccountDB)|Win32.ActiveCfg = Release - (서버용)|Win32
		{16D89532-B0BA-4FBC-BA5A-7A333029743A}.Release - (AccountDB)|Win32.Build.0 = Release - (서버용)|Win32
		{16D89532-B0BA-4FBC-BA5A-7A333029743A}.Release - (ServerTest)|Win32.ActiveCfg = Release - (서버용)|Win32
		{16D89532-B0BA-4FBC-BA5A-7A333029743A}.Release - (ServerTest)|Win32.Build.0 = Release - (서버용)|Win32
		{16D89532-B0BA-4FBC-BA5A-7A333029743A}.Release - (서버용)|Win32.ActiveCfg = Release - (서버용)|Win32
		{16D89532-B0BA-4FBC-BA5A-7A333029743A}.Release - (서버용)|Win32.Build.0 = Release - (서버용)|Win32
		{16D89532-B0BA-4FBC-BA5A-7A333029743A}.Release|Win32.ActiveCfg = Release|Win32
		{16D89532-B0BA-4FBC-BA5A-7A333029743A}.Release|Win32.Build.0 = Release|Win32
		{42B49CD9-48ED-4FF4-8435-44FC609ABAF6}.Debug - (AccountDB)|Win32.ActiveCfg = Debug - (서버용)|Win32
		{42B49CD9-48ED-4FF4-8435-44FC609ABAF6}.Debug - (AccountDB)|Win32.Build.0 = Debug - (서버용)|Win32
		{42B49CD9-48ED-4FF4-8435-44FC609ABAF6}.Debug - (ServerTest)|Win32.ActiveCfg = Debug - (서버용)|Win32
		{42B49CD9-48ED-4FF4-8435-44FC609ABAF6}.Debug - (ServerTest)|Win32.Build.0 = Debug - (서버용)|Win32
		{42B49CD9-48ED-4FF4-8435-44FC609ABAF6}.Debug - (서버용)|Win32.ActiveCfg = Debug - (서버용)|Win32
		{42B49CD9-48ED-4FF4-8435-44FC609ABAF6}.Debug - (서버용)|Win32.Build.0 = Debug - (서버용)|Win32
		{42B49CD9-48ED-4FF4-8435-44FC609ABAF6}.Debug|Win32.ActiveCfg = Debug|Win32
		{42B49CD9-48ED-4FF4-8435-44FC609ABAF6}.Debug|Win32.Build.0 = Debug|Win32
		{42B49CD9-48ED-4FF4-8435-44FC609ABAF6}.Release - (AccountDB)|Win32.ActiveCfg = Release - (서버용)|Win32
		{42B49CD9-48ED-4FF4-8435-44FC609ABAF6}.Release - (AccountDB)|Win32.Build.0 = Release - (서버용)|Win32
		{42B49CD9-48ED-4FF4-8435-44FC609ABAF6}.Release - (ServerTest)|Win32.ActiveCfg = Release - (서버용)|Win32
		{42B49CD9-48ED-4FF4-8435-44FC609ABAF6}.Release - (ServerTest)|Win32.Build.0 = Release - (서버용)|Win32
		{42B49CD9-48ED-4FF4-8435-44FC609ABAF6}.Release - (서버용)|Win32.ActiveCfg = Release - (서버용)|Win32
		{42B49CD9-48ED-4FF4-8435-44FC609ABAF6}.Release - (서버용)|Win32.Build.0 = Release - (서버용)|Win32
		{42B49CD9-48ED-4FF4-8435-44FC609ABAF6}.Release|Win32.ActiveCfg = Release|Win32
		{42B49CD9-48ED-4FF4-8435-44FC609ABAF6}.Release|Win32.Build.0 = Release|Win32
		{8D706D6B-9ED3-4EDA-9664-347BCB28A659}.Debug - (AccountDB)|Win32.ActiveCfg = Debug - (서버용)|Win32
		{8D706D6B-9ED3-4EDA-9664-347BCB28A659}.Debug - (AccountDB)|Win32.Build.0 = Debug - (서버용)|Win32
		{8D706D6B-9ED3-4EDA-9664-347BCB28A659}.Debug - (ServerTest)|Win32.ActiveCfg = Debug - (서버용)|Win32
		{8D706D6B-9ED3-4EDA-9664-347BCB28A659}.Debug - (ServerTest)|Win32.Build.0 = Debug - (서버용)|Win32
		{8D706D6B-9ED3-4EDA-9664-347BCB28A659}.Debug - (서버용)|Win32.ActiveCfg = Debug - (서버용)|Win32
		{8D706D6B-9ED3-4EDA-9664-347BCB28A659}.Debug - (서버용)|Win32.Build.0 = Debug - (서버용)|Win32
		{8D706D6B-9ED3-4EDA-9664-347BCB28A659}.Debug|Win32.ActiveCfg = Debug|Win32
		{8D706D6B-9ED3-4EDA-9664-347BCB28A659}.Debug|Win32.Build.0 = Debug|Win32
		{8D706D6B-9ED3-4EDA-9664-347BCB28A659}.Release - (AccountDB)|Win32.ActiveCfg = Release - (서버용)|Win32
		{8D706D6B-9ED3-4EDA-9664-347BCB28A659}.Release - (AccountDB)|Win32.Build.0 = Release - (서버용)|Win32
		{8D706D6B-9ED3-4EDA-9664-347BCB28A659}.Release - (ServerTest)|Win32.ActiveCfg = Release - (서버용)|Win32
		{8D706D6B-9ED3-4EDA-9664-347BCB28A659}.Release - (ServerTest)|Win32.Build.0 = Release - (서버용)|Win32
		{8D706D6B-9ED3-4EDA-9664-347BCB28A659}.Release - (서버용)|Win32.ActiveCfg = Release - (서버용)|Win32
		{8D706D6B-9ED3-4EDA-9664-347BCB28A659}.Release - (서버용)|Win32.Build.0 = Release - (서버용)|Win32
		{8D706D6B-9ED3-4EDA-9664-347BCB28A659}.Release|Win32.ActiveCfg = Release|Win32
		{8D706D6B-9ED3-4EDA-9664-347BCB28A659}.Release|Win32.Build.0 = Release|Win32
		{E52B2BE1-3D47-4545-9A60-33AC4C1D19F0}.Debug - (AccountDB)|Win32.ActiveCfg = Debug - (서버용)|Win32
		{E52B2BE1-3D47-4545-9A60-33AC4C1D19F0}.Debug - (AccountDB)|Win32.Build.0 = Debug - (서버용)|Win32
		{E52B2BE1-3D47-4545-9A60-33AC4C1D19F0}.Debug - (ServerTest)|Win32.ActiveCfg = Debug - (서버용)|Win32
		{E52B2BE1-3D47-4545-9A60-33AC4C1D19F0}.Debug - (ServerTest)|Win32.Build.0 = Debug - (서버용)|Win32
		{E52B2BE1-3D47-4545-9A60-33AC4C1D19F0}.Debug - (서버용)|Win32.ActiveCfg = Debug - (서버용)|Win32
		{E52B2BE1-3D47-4545-9A60-33AC4C1D19F0}.Debug - (서버용)|Win32.Build.0 = Debug - (서버용)|Win32
		{E52B2BE1-3D47-4545-9A60-33AC4C1D19F0}.Debug|Win32.ActiveCfg = Debug|Win32
		{E52B2BE1-3D47-4545-9A60-33AC4C1D19F0}.Debug|Win32.Build.0 = Debug|Win32
		{E52B2BE1-3D47-4545-9A60-33AC4C1D19F0}.Release - (AccountDB)|Win32.ActiveCfg = Release - (서버용)|Win32
		{E52B2BE1-3D47-4545-9A60-33AC4C1D19F0}.Release - (AccountDB)|Win32.Build.0 = Release - (서버용)|Win32
		{E52B2BE1-3D47-4545-9A60-33AC4C1D19F0}.Release - (ServerTest)|Win32.ActiveCfg = Release - (서버용)|Win32
		{E52B2BE1-3D47-4545-9A60-33AC4C1D19F0}.Release - (ServerTest)|Win32.Build.0 = Release - (서버용)|Win32
		{E52B2BE1-3D47-4545-9A60-33AC4C1D19F0}.Release - (서버용)|Win32.ActiveCfg = Release - (서버용)|Win32
		{E52B2BE1-3D47-4545-9A60-33AC4C1D19F0}.Release - (서버용)|Win32.Build.0 = Release - (서버용)|Win32
		{E52B2BE1-3D47-4545-9A60-33AC4C1D19F0}.Release|Win32.ActiveCfg = Release|Win32
		{E52B2BE1-3D47-4545-9A60-33AC4C1D19F0}.Release|Win32.Build.0 = Release|Win32
		{3334CB45-C4F2-46BB-9C0F-7EA4771BA93F}.Debug - (AccountDB)|Win32.ActiveCfg = Debug|Win32
		{3334CB45-C4F2-46BB-9C0F-7EA4771BA93F}.Debug - (AccountDB)|Win32.Build.0 = Debug|Win32
		{3334CB45-C4F2-46BB-9C0F-7EA4771BA93F}.Debug - (ServerTest)|Win32.ActiveCfg = Debug|Win32
		{3334CB45-C4F2-46BB-9C0F-7EA4771BA93F}.Debug - (ServerTest)|Win32.Build.0 = Debug|Win32
		{3334CB45-C4F2-46BB-9C0F-7EA4771BA93F}.Debug - (서버용)|Win32.ActiveCfg = Debug|Win32
		{3334CB45-C4F2-46BB-9C0F-7EA4771BA93F}.Debug - (서버용)|Win32.Build.0 = Debug|Win32
		{3334CB45-C4F2-46BB-9C0F-7EA4771BA93F}.Debug|Win32.ActiveCfg = Debug|Win32
		{3334CB45-C4F2-46BB-9C0F-7EA4771BA93F}.Debug|Win32.Build.0 = Debug|Win32
		{3334CB45-C4F2-46BB-9C0F-7EA4771BA93F}.Release - (AccountDB)|Win32.ActiveCfg = Release|Win32
		{3334CB45-C4F2-46BB-9C0F-7EA4771BA93F}.Release - (AccountDB)|Win32.Build.0 = Release|Win32
		{3334CB45-C4F2-46BB-9C0F-7EA4771BA93F}.Release - (ServerTest)|Win32.ActiveCfg = Release|Win32
		{3334CB45-C4F2-46BB-9C0F-7EA4771BA93F}.Release - (ServerTest)|Win32.Build.0 = Release|Win32
		{3334CB45-C4F2-46BB-9C0F-7EA4771BA93F}.Release - (서버용)|Win32.ActiveCfg = Release - (서버용)|Win32
		{3334CB45-C4F2-46BB-9C0F-7EA4771BA93F}.Release - (서버용)|Win32.Build.0 = Release - (서버용)|Win32
		{3334CB45-C4F2-46BB-9C0F-7EA4771BA93F}.Release|Win32.ActiveCfg = Release|Win32
		{3334CB45-C4F2-46BB-9C0F-7EA4771BA93F}.Release|Win32.Build.0 = Release|Win32
	EndGlobalSection
	GlobalSection(SolutionProperties) = preSolution
		HideSolutionNode = FALSE
	EndGlobalSection
	GlobalSection(NestedProjects) = preSolution
		{C40CA432-21FF-43EA-A604-452AE6C3430B} = {58EF66A4-519B-425C-849E-FB5F76C03B0B}
		{4BD86D36-3934-4E26-8037-B83FE9BF1B3E} = {58EF66A4-519B-425C-849E-FB5F76C03B0B}
		{57794230-74A2-472B-AFA0-C34EE220D65E} = {58EF66A4-519B-425C-849E-FB5F76C03B0B}
		{D22B9E03-B0C1-4EA8-B6CC-2D24933745E2} = {58EF66A4-519B-425C-849E-FB5F76C03B0B}
		{F222182E-EF6B-4ADC-904B-062AA2511B3D} = {58EF66A4-519B-425C-849E-FB5F76C03B0B}
		{16D89532-B0BA-4FBC-BA5A-7A333029743A} = {58EF66A4-519B-425C-849E-FB5F76C03B0B}
		{42B49CD9-48ED-4FF4-8435-44FC609ABAF6} = {58EF66A4-519B-425C-849E-FB5F76C03B0B}
		{8D706D6B-9ED3-4EDA-9664-347BCB28A659} = {58EF66A4-519B-425C-849E-FB5F76C03B0B}
		{E52B2BE1-3D47-4545-9A60-33AC4C1D19F0} = {58EF66A4-519B-425C-849E-FB5F76C03B0B}
		{2CB4D251-76AE-40CD-B710-AE2A593D337D} = {58EF66A4-519B-425C-849E-FB5F76C03B0B}
		{3334CB45-C4F2-46BB-9C0F-7EA4771BA93F} = {58EF66A4-519B-425C-849E-FB5F76C03B0B}
		{B50AC77A-A090-41C8-9F05-F21E8E2037B2} = {7F74EB06-7CB5-440F-8892-4974A2AC7F61}
		{11FC2CBB-8F66-4093-B89F-1B9F8FCE40D4} = {7F74EB06-7CB5-440F-8892-4974A2AC7F61}
		{7BE27DB6-15AB-458E-B3DD-E783F8BB6242} = {7F74EB06-7CB5-440F-8892-4974A2AC7F61}
		{3319D3F6-576D-450D-B145-8C6855E0E0F4} = {7F74EB06-7CB5-440F-8892-4974A2AC7F61}
		{9358FB10-50CB-4804-B499-048028D8CEC2} = {7F74EB06-7CB5-440F-8892-4974A2AC7F61}
		{CED33BA3-4BB1-4576-99FF-C8B102D5904B} = {68C707AC-22B0-4EF7-BFBC-747A9011B8F0}
		{1D728FC9-D945-4B2D-B5F1-E48BBAF503EB} = {175F762B-2554-4E5E-B2BA-7396A88AE8C6}
	EndGlobalSection
	GlobalSection(DPCodeReviewSolutionGUID) = preSolution
		DPCodeReviewSolutionGUID = {00000000-0000-0000-0000-000000000000}
	EndGlobalSection
EndGlobal
