Microsoft Visual Studio Solution File, Format Version 8.00
Project("{8BC9CEB8-8B4A-11D0-8D11-00A0C91BC942}") = "GameClient", "GameClient.vcproj", "{AAB34E69-2025-46CC-ABDB-166A1DC3B514}"
	ProjectSection(ProjectDependencies) = postProject
		{D22B9E03-B0C1-4EA8-B6CC-2D24933745E2} = {D22B9E03-B0C1-4EA8-B6CC-2D24933745E2}
		{5D9F0612-9C47-4E0A-A0BB-657BDF2CCAE0} = {5D9F0612-9C47-4E0A-A0BB-657BDF2CCAE0}
		{F222182E-EF6B-4ADC-904B-062AA2511B3D} = {F222182E-EF6B-4ADC-904B-062AA2511B3D}
		{57794230-74A2-472B-AFA0-C34EE220D65E} = {57794230-74A2-472B-AFA0-C34EE220D65E}
		{16D89532-B0BA-4FBC-BA5A-7A333029743A} = {16D89532-B0BA-4FBC-BA5A-7A333029743A}
		{C40CA432-21FF-43EA-A604-452AE6C3430B} = {C40CA432-21FF-43EA-A604-452AE6C3430B}
		{598FC532-BF4B-447C-84FA-FC69318B051A} = {598FC532-BF4B-447C-84FA-FC69318B051A}
		{4BD86D36-3934-4E26-8037-B83FE9BF1B3E} = {4BD86D36-3934-4E26-8037-B83FE9BF1B3E}
		{C6ABF34E-E821-4DCB-BF35-CBE46ADD480C} = {C6ABF34E-E821-4DCB-BF35-CBE46ADD480C}
		{83C3E14F-C1F2-4BCD-86BE-256DE18C4A9A} = {83C3E14F-C1F2-4BCD-86BE-256DE18C4A9A}
		{CBDE2F5A-05D7-443D-87BE-F72F43A2D727} = {CBDE2F5A-05D7-443D-87BE-F72F43A2D727}
		{FA0BE464-D3BA-4488-BAE5-A526E24F3522} = {FA0BE464-D3BA-4488-BAE5-A526E24F3522}
		{8D706D6B-9ED3-4EDA-9664-347BCB28A659} = {8D706D6B-9ED3-4EDA-9664-347BCB28A659}
		{CFEDBE6F-2D70-4B68-B8B7-158AFC105418} = {CFEDBE6F-2D70-4B68-B8B7-158AFC105418}
		{37181A93-2C0D-48BD-8C4C-375787DDA760} = {37181A93-2C0D-48BD-8C4C-375787DDA760}
		{E4A6D6AE-1746-4149-B027-54DA9DCCFAE9} = {E4A6D6AE-1746-4149-B027-54DA9DCCFAE9}
		{58614BB7-FBA0-4432-9D1B-CD2962D811FE} = {58614BB7-FBA0-4432-9D1B-CD2962D811FE}
		{997A04D7-4B1A-4945-874D-8325E18DF572} = {997A04D7-4B1A-4945-874D-8325E18DF572}
		{42B49CD9-48ED-4FF4-8435-44FC609ABAF6} = {42B49CD9-48ED-4FF4-8435-44FC609ABAF6}
		{174F41DF-B440-4B19-A2CC-883ACEFFF1C4} = {174F41DF-B440-4B19-A2CC-883ACEFFF1C4}
		{FB4A96FD-50B3-4655-9438-DCFC5D36D254} = {FB4A96FD-50B3-4655-9438-DCFC5D36D254}
	EndProjectSection
EndProject
Project("{8BC9CEB8-8B4A-11D0-8D11-00A0C91BC942}") = "ProgramCommon", "..\..\ProgramCommon\ProgramCommon.vcproj", "{4BD86D36-3934-4E26-8037-B83FE9BF1B3E}"
	ProjectSection(ProjectDependencies) = postProject
	EndProjectSection
EndProject
Project("{8BC9CEB8-8B4A-11D0-8D11-00A0C91BC942}") = "Utility", "..\..\Utility\Utility.vcproj", "{C40CA432-21FF-43EA-A604-452AE6C3430B}"
	ProjectSection(ProjectDependencies) = postProject
	EndProjectSection
EndProject
Project("{8BC9CEB8-8B4A-11D0-8D11-00A0C91BC942}") = "Lua_library", "..\Lua_library\Lua_library.vcproj", "{37181A93-2C0D-48BD-8C4C-375787DDA760}"
	ProjectSection(ProjectDependencies) = postProject
	EndProjectSection
EndProject
Project("{8BC9CEB8-8B4A-11D0-8D11-00A0C91BC942}") = "SolarQuest", "..\..\SolarQuest\SolarQuest.vcproj", "{57794230-74A2-472B-AFA0-C34EE220D65E}"
	ProjectSection(ProjectDependencies) = postProject
	EndProjectSection
EndProject
Project("{8BC9CEB8-8B4A-11D0-8D11-00A0C91BC942}") = "AreaConquest", "..\..\AreaConquest\AreaConquest.vcproj", "{CFEDBE6F-2D70-4B68-B8B7-158AFC105418}"
	ProjectSection(ProjectDependencies) = postProject
	EndProjectSection
EndProject
Project("{8BC9CEB8-8B4A-11D0-8D11-00A0C91BC942}") = "RankingLib", "..\..\RankingLib\RankingLib.vcproj", "{D22B9E03-B0C1-4EA8-B6CC-2D24933745E2}"
	ProjectSection(ProjectDependencies) = postProject
	EndProjectSection
EndProject
Project("{8BC9CEB8-8B4A-11D0-8D11-00A0C91BC942}") = "SolarShop", "..\..\SolarShop\SolarShop.vcproj", "{F222182E-EF6B-4ADC-904B-062AA2511B3D}"
	ProjectSection(ProjectDependencies) = postProject
	EndProjectSection
EndProject
Project("{8BC9CEB8-8B4A-11D0-8D11-00A0C91BC942}") = "SolarClientNetwork", "..\SolarClientNetwork\SolarClientNetwork.vcproj", "{FB4A96FD-50B3-4655-9438-DCFC5D36D254}"
	ProjectSection(ProjectDependencies) = postProject
		{5D9F0612-9C47-4E0A-A0BB-657BDF2CCAE0} = {5D9F0612-9C47-4E0A-A0BB-657BDF2CCAE0}
		{C40CA432-21FF-43EA-A604-452AE6C3430B} = {C40CA432-21FF-43EA-A604-452AE6C3430B}
	EndProjectSection
EndProject
Project("{8BC9CEB8-8B4A-11D0-8D11-00A0C91BC942}") = "SolarTrigger", "..\..\SolarTrigger\SolarTrigger.vcproj", "{16D89532-B0BA-4FBC-BA5A-7A333029743A}"
	ProjectSection(ProjectDependencies) = postProject
	EndProjectSection
EndProject
Project("{8BC9CEB8-8B4A-11D0-8D11-00A0C91BC942}") = "PartyLib", "..\..\PartyLib\PartyLib.vcproj", "{8D706D6B-9ED3-4EDA-9664-347BCB28A659}"
	ProjectSection(ProjectDependencies) = postProject
		{C40CA432-21FF-43EA-A604-452AE6C3430B} = {C40CA432-21FF-43EA-A604-452AE6C3430B}
	EndProjectSection
EndProject
Project("{8BC9CEB8-8B4A-11D0-8D11-00A0C91BC942}") = "SolarSlot", "..\..\SolarSlot\SolarSlot.vcproj", "{42B49CD9-48ED-4FF4-8435-44FC609ABAF6}"
	ProjectSection(ProjectDependencies) = postProject
	EndProjectSection
EndProject
Project("{8BC9CEB8-8B4A-11D0-8D11-00A0C91BC942}") = "gameShieldLib", "..\FrostShieldLib\gameShieldLib.vcproj", "{5D9F0612-9C47-4E0A-A0BB-657BDF2CCAE0}"
	ProjectSection(ProjectDependencies) = postProject
	EndProjectSection
EndProject
Project("{8BC9CEB8-8B4A-11D0-8D11-00A0C91BC942}") = "ProgramCommonLibForEngine", "..\..\..\SunEngine\trunk\code\programcommon\ProgramCommonLibForEngine.vcproj", "{C6ABF34E-E821-4DCB-BF35-CBE46ADD480C}"
	ProjectSection(ProjectDependencies) = postProject
	EndProjectSection
EndProject
Project("{8BC9CEB8-8B4A-11D0-8D11-00A0C91BC942}") = "3dfileaccess", "..\..\..\SunEngine\trunk\code\client\3dengine\3dfileaccess\3dfileaccess.vcproj", "{83C3E14F-C1F2-4BCD-86BE-256DE18C4A9A}"
	ProjectSection(ProjectDependencies) = postProject
		{C6ABF34E-E821-4DCB-BF35-CBE46ADD480C} = {C6ABF34E-E821-4DCB-BF35-CBE46ADD480C}
		{58614BB7-FBA0-4432-9D1B-CD2962D811FE} = {58614BB7-FBA0-4432-9D1B-CD2962D811FE}
	EndProjectSection
EndProject
Project("{8BC9CEB8-8B4A-11D0-8D11-00A0C91BC942}") = "3dframework", "..\..\..\SunEngine\trunk\code\client\3dengine\3dframework\3dframework.vcproj", "{FA0BE464-D3BA-4488-BAE5-A526E24F3522}"
	ProjectSection(ProjectDependencies) = postProject
		{C6ABF34E-E821-4DCB-BF35-CBE46ADD480C} = {C6ABF34E-E821-4DCB-BF35-CBE46ADD480C}
		{E4A6D6AE-1746-4149-B027-54DA9DCCFAE9} = {E4A6D6AE-1746-4149-B027-54DA9DCCFAE9}
	EndProjectSection
EndProject
Project("{8BC9CEB8-8B4A-11D0-8D11-00A0C91BC942}") = "3DRenderer", "..\..\..\SunEngine\trunk\code\client\3dengine\3drenderer\3DRenderer.vcproj", "{E4A6D6AE-1746-4149-B027-54DA9DCCFAE9}"
	ProjectSection(ProjectDependencies) = postProject
		{C6ABF34E-E821-4DCB-BF35-CBE46ADD480C} = {C6ABF34E-E821-4DCB-BF35-CBE46ADD480C}
		{174F41DF-B440-4B19-A2CC-883ACEFFF1C4} = {174F41DF-B440-4B19-A2CC-883ACEFFF1C4}
	EndProjectSection
EndProject
Project("{8BC9CEB8-8B4A-11D0-8D11-00A0C91BC942}") = "3DTerrain", "..\..\..\SunEngine\trunk\code\client\3dengine\3dterrain\3DTerrain.vcproj", "{997A04D7-4B1A-4945-874D-8325E18DF572}"
	ProjectSection(ProjectDependencies) = postProject
		{C6ABF34E-E821-4DCB-BF35-CBE46ADD480C} = {C6ABF34E-E821-4DCB-BF35-CBE46ADD480C}
		{83C3E14F-C1F2-4BCD-86BE-256DE18C4A9A} = {83C3E14F-C1F2-4BCD-86BE-256DE18C4A9A}
	EndProjectSection
EndProject
Project("{8BC9CEB8-8B4A-11D0-8D11-00A0C91BC942}") = "common", "..\..\..\SunEngine\trunk\code\client\3dengine\common\common3d.vcproj", "{58614BB7-FBA0-4432-9D1B-CD2962D811FE}"
	ProjectSection(ProjectDependencies) = postProject
		{C6ABF34E-E821-4DCB-BF35-CBE46ADD480C} = {C6ABF34E-E821-4DCB-BF35-CBE46ADD480C}
	EndProjectSection
EndProject
Project("{8BC9CEB8-8B4A-11D0-8D11-00A0C91BC942}") = "effect", "..\..\..\SunEngine\trunk\code\client\3dengine\effect\effect.vcproj", "{174F41DF-B440-4B19-A2CC-883ACEFFF1C4}"
	ProjectSection(ProjectDependencies) = postProject
		{C6ABF34E-E821-4DCB-BF35-CBE46ADD480C} = {C6ABF34E-E821-4DCB-BF35-CBE46ADD480C}
		{83C3E14F-C1F2-4BCD-86BE-256DE18C4A9A} = {83C3E14F-C1F2-4BCD-86BE-256DE18C4A9A}
	EndProjectSection
EndProject
Project("{8BC9CEB8-8B4A-11D0-8D11-00A0C91BC942}") = "ControlsDLL", "..\..\..\SunEngine\trunk\code\client\3dengine\interface\ControlsDLL.vcproj", "{598FC532-BF4B-447C-84FA-FC69318B051A}"
	ProjectSection(ProjectDependencies) = postProject
		{C6ABF34E-E821-4DCB-BF35-CBE46ADD480C} = {C6ABF34E-E821-4DCB-BF35-CBE46ADD480C}
		{58614BB7-FBA0-4432-9D1B-CD2962D811FE} = {58614BB7-FBA0-4432-9D1B-CD2962D811FE}
	EndProjectSection
EndProject
Project("{8BC9CEB8-8B4A-11D0-8D11-00A0C91BC942}") = "wzSound", "..\..\..\SunEngine\trunk\code\client\wzSound\wzSound.vcproj", "{CBDE2F5A-05D7-443D-87BE-F72F43A2D727}"
	ProjectSection(ProjectDependencies) = postProject
	EndProjectSection
EndProject
Global
	GlobalSection(SolutionConfiguration) = preSolution
		Debug = Debug
		Debug - (서버용) = Debug - (서버용)
		Engine_Debug = Engine_Debug
		Performance Debug = Performance Debug
		Performance Release = Performance Release
		Prerelease = Prerelease
		Release = Release
		Release - (서버용) = Release - (서버용)
		Release - 유저 배포 버전 = Release - 유저 배포 버전
		Release - 유저 배포 버전 ( 덤프 남김 ) = Release - 유저 배포 버전 ( 덤프 남김 )
		Release - ForHackShield = Release - ForHackShield
		ServerDebug = ServerDebug
		ServerPreRelease = ServerPreRelease
		ServerRelease = ServerRelease
	EndGlobalSection
	GlobalSection(ProjectDependencies) = postSolution
	EndGlobalSection
	GlobalSection(ProjectConfiguration) = postSolution
		{AAB34E69-2025-46CC-ABDB-166A1DC3B514}.Debug.ActiveCfg = Debug|Win32
		{AAB34E69-2025-46CC-ABDB-166A1DC3B514}.Debug.Build.0 = Debug|Win32
		{AAB34E69-2025-46CC-ABDB-166A1DC3B514}.Debug - (서버용).ActiveCfg = Debug|Win32
		{AAB34E69-2025-46CC-ABDB-166A1DC3B514}.Engine_Debug.ActiveCfg = Engine_Debug|Win32
		{AAB34E69-2025-46CC-ABDB-166A1DC3B514}.Engine_Debug.Build.0 = Engine_Debug|Win32
		{AAB34E69-2025-46CC-ABDB-166A1DC3B514}.Performance Debug.ActiveCfg = Performance Debug|Win32
		{AAB34E69-2025-46CC-ABDB-166A1DC3B514}.Performance Debug.Build.0 = Performance Debug|Win32
		{AAB34E69-2025-46CC-ABDB-166A1DC3B514}.Performance Release.ActiveCfg = Performance Release|Win32
		{AAB34E69-2025-46CC-ABDB-166A1DC3B514}.Performance Release.Build.0 = Performance Release|Win32
		{AAB34E69-2025-46CC-ABDB-166A1DC3B514}.Prerelease.ActiveCfg = Prerelease|Win32
		{AAB34E69-2025-46CC-ABDB-166A1DC3B514}.Prerelease.Build.0 = Prerelease|Win32
		{AAB34E69-2025-46CC-ABDB-166A1DC3B514}.Release.ActiveCfg = Release|Win32
		{AAB34E69-2025-46CC-ABDB-166A1DC3B514}.Release.Build.0 = Release|Win32
		{AAB34E69-2025-46CC-ABDB-166A1DC3B514}.Release - (서버용).ActiveCfg = Release - 유저 배포 버전 ( 덤프 남김 )|Win32
		{AAB34E69-2025-46CC-ABDB-166A1DC3B514}.Release - 유저 배포 버전.ActiveCfg = Release - 유저 배포 버전|Win32
		{AAB34E69-2025-46CC-ABDB-166A1DC3B514}.Release - 유저 배포 버전.Build.0 = Release - 유저 배포 버전|Win32
		{AAB34E69-2025-46CC-ABDB-166A1DC3B514}.Release - 유저 배포 버전 ( 덤프 남김 ).ActiveCfg = Release - 유저 배포 버전 ( 덤프 남김 )|Win32
		{AAB34E69-2025-46CC-ABDB-166A1DC3B514}.Release - 유저 배포 버전 ( 덤프 남김 ).Build.0 = Release - 유저 배포 버전 ( 덤프 남김 )|Win32
		{AAB34E69-2025-46CC-ABDB-166A1DC3B514}.Release - ForHackShield.ActiveCfg = Release - 유저 배포 버전 ( 덤프 남김 )|Win32
		{AAB34E69-2025-46CC-ABDB-166A1DC3B514}.ServerDebug.ActiveCfg = Debug|Win32
		{AAB34E69-2025-46CC-ABDB-166A1DC3B514}.ServerDebug.Build.0 = Debug|Win32
		{AAB34E69-2025-46CC-ABDB-166A1DC3B514}.ServerPreRelease.ActiveCfg = Release|Win32
		{AAB34E69-2025-46CC-ABDB-166A1DC3B514}.ServerPreRelease.Build.0 = Release|Win32
		{AAB34E69-2025-46CC-ABDB-166A1DC3B514}.ServerRelease.ActiveCfg = Release|Win32
		{AAB34E69-2025-46CC-ABDB-166A1DC3B514}.ServerRelease.Build.0 = Release|Win32
		{4BD86D36-3934-4E26-8037-B83FE9BF1B3E}.Debug.ActiveCfg = Debug|Win32
		{4BD86D36-3934-4E26-8037-B83FE9BF1B3E}.Debug.Build.0 = Debug|Win32
		{4BD86D36-3934-4E26-8037-B83FE9BF1B3E}.Debug - (서버용).ActiveCfg = Debug - (서버용)|Win32
		{4BD86D36-3934-4E26-8037-B83FE9BF1B3E}.Engine_Debug.ActiveCfg = Debug|Win32
		{4BD86D36-3934-4E26-8037-B83FE9BF1B3E}.Engine_Debug.Build.0 = Debug|Win32
		{4BD86D36-3934-4E26-8037-B83FE9BF1B3E}.Performance Debug.ActiveCfg = Debug|Win32
		{4BD86D36-3934-4E26-8037-B83FE9BF1B3E}.Performance Debug.Build.0 = Debug|Win32
		{4BD86D36-3934-4E26-8037-B83FE9BF1B3E}.Performance Release.ActiveCfg = Performance Release|Win32
		{4BD86D36-3934-4E26-8037-B83FE9BF1B3E}.Performance Release.Build.0 = Performance Release|Win32
		{4BD86D36-3934-4E26-8037-B83FE9BF1B3E}.Prerelease.ActiveCfg = Release|Win32
		{4BD86D36-3934-4E26-8037-B83FE9BF1B3E}.Release.ActiveCfg = Release|Win32
		{4BD86D36-3934-4E26-8037-B83FE9BF1B3E}.Release.Build.0 = Release|Win32
		{4BD86D36-3934-4E26-8037-B83FE9BF1B3E}.Release - (서버용).ActiveCfg = Release - (서버용)|Win32
		{4BD86D36-3934-4E26-8037-B83FE9BF1B3E}.Release - 유저 배포 버전.ActiveCfg = Release - ForHackShield|Win32
		{4BD86D36-3934-4E26-8037-B83FE9BF1B3E}.Release - 유저 배포 버전.Build.0 = Release - ForHackShield|Win32
		{4BD86D36-3934-4E26-8037-B83FE9BF1B3E}.Release - 유저 배포 버전 ( 덤프 남김 ).ActiveCfg = Release|Win32
		{4BD86D36-3934-4E26-8037-B83FE9BF1B3E}.Release - 유저 배포 버전 ( 덤프 남김 ).Build.0 = Release|Win32
		{4BD86D36-3934-4E26-8037-B83FE9BF1B3E}.Release - ForHackShield.ActiveCfg = Release - ForHackShield|Win32
		{4BD86D36-3934-4E26-8037-B83FE9BF1B3E}.ServerDebug.ActiveCfg = Debug|Win32
		{4BD86D36-3934-4E26-8037-B83FE9BF1B3E}.ServerDebug.Build.0 = Debug|Win32
		{4BD86D36-3934-4E26-8037-B83FE9BF1B3E}.ServerPreRelease.ActiveCfg = Release|Win32
		{4BD86D36-3934-4E26-8037-B83FE9BF1B3E}.ServerPreRelease.Build.0 = Release|Win32
		{4BD86D36-3934-4E26-8037-B83FE9BF1B3E}.ServerRelease.ActiveCfg = Release|Win32
		{4BD86D36-3934-4E26-8037-B83FE9BF1B3E}.ServerRelease.Build.0 = Release|Win32
		{C40CA432-21FF-43EA-A604-452AE6C3430B}.Debug.ActiveCfg = Debug|Win32
		{C40CA432-21FF-43EA-A604-452AE6C3430B}.Debug.Build.0 = Debug|Win32
		{C40CA432-21FF-43EA-A604-452AE6C3430B}.Debug - (서버용).ActiveCfg = Debug|Win32
		{C40CA432-21FF-43EA-A604-452AE6C3430B}.Engine_Debug.ActiveCfg = Debug|Win32
		{C40CA432-21FF-43EA-A604-452AE6C3430B}.Engine_Debug.Build.0 = Debug|Win32
		{C40CA432-21FF-43EA-A604-452AE6C3430B}.Performance Debug.ActiveCfg = Debug|Win32
		{C40CA432-21FF-43EA-A604-452AE6C3430B}.Performance Debug.Build.0 = Debug|Win32
		{C40CA432-21FF-43EA-A604-452AE6C3430B}.Performance Release.ActiveCfg = Performance Release|Win32
		{C40CA432-21FF-43EA-A604-452AE6C3430B}.Performance Release.Build.0 = Performance Release|Win32
		{C40CA432-21FF-43EA-A604-452AE6C3430B}.Prerelease.ActiveCfg = Release|Win32
		{C40CA432-21FF-43EA-A604-452AE6C3430B}.Release.ActiveCfg = Release|Win32
		{C40CA432-21FF-43EA-A604-452AE6C3430B}.Release.Build.0 = Release|Win32
		{C40CA432-21FF-43EA-A604-452AE6C3430B}.Release - (서버용).ActiveCfg = Release - 유저 배포 버전 ( 덤프 남김 )|Win32
		{C40CA432-21FF-43EA-A604-452AE6C3430B}.Release - 유저 배포 버전.ActiveCfg = Release - 유저 배포 버전|Win32
		{C40CA432-21FF-43EA-A604-452AE6C3430B}.Release - 유저 배포 버전.Build.0 = Release - 유저 배포 버전|Win32
		{C40CA432-21FF-43EA-A604-452AE6C3430B}.Release - 유저 배포 버전 ( 덤프 남김 ).ActiveCfg = Release - 유저 배포 버전 ( 덤프 남김 )|Win32
		{C40CA432-21FF-43EA-A604-452AE6C3430B}.Release - 유저 배포 버전 ( 덤프 남김 ).Build.0 = Release - 유저 배포 버전 ( 덤프 남김 )|Win32
		{C40CA432-21FF-43EA-A604-452AE6C3430B}.Release - ForHackShield.ActiveCfg = Release - (서버용)|Win32
		{C40CA432-21FF-43EA-A604-452AE6C3430B}.ServerDebug.ActiveCfg = Debug|Win32
		{C40CA432-21FF-43EA-A604-452AE6C3430B}.ServerDebug.Build.0 = Debug|Win32
		{C40CA432-21FF-43EA-A604-452AE6C3430B}.ServerPreRelease.ActiveCfg = Release|Win32
		{C40CA432-21FF-43EA-A604-452AE6C3430B}.ServerPreRelease.Build.0 = Release|Win32
		{C40CA432-21FF-43EA-A604-452AE6C3430B}.ServerRelease.ActiveCfg = Release|Win32
		{C40CA432-21FF-43EA-A604-452AE6C3430B}.ServerRelease.Build.0 = Release|Win32
		{37181A93-2C0D-48BD-8C4C-375787DDA760}.Debug.ActiveCfg = Debug|Win32
		{37181A93-2C0D-48BD-8C4C-375787DDA760}.Debug.Build.0 = Debug|Win32
		{37181A93-2C0D-48BD-8C4C-375787DDA760}.Debug - (서버용).ActiveCfg = Debug|Win32
		{37181A93-2C0D-48BD-8C4C-375787DDA760}.Engine_Debug.ActiveCfg = Debug|Win32
		{37181A93-2C0D-48BD-8C4C-375787DDA760}.Engine_Debug.Build.0 = Debug|Win32
		{37181A93-2C0D-48BD-8C4C-375787DDA760}.Performance Debug.ActiveCfg = Debug|Win32
		{37181A93-2C0D-48BD-8C4C-375787DDA760}.Performance Debug.Build.0 = Debug|Win32
		{37181A93-2C0D-48BD-8C4C-375787DDA760}.Performance Release.ActiveCfg = Release|Win32
		{37181A93-2C0D-48BD-8C4C-375787DDA760}.Performance Release.Build.0 = Release|Win32
		{37181A93-2C0D-48BD-8C4C-375787DDA760}.Prerelease.ActiveCfg = Release|Win32
		{37181A93-2C0D-48BD-8C4C-375787DDA760}.Release.ActiveCfg = Release|Win32
		{37181A93-2C0D-48BD-8C4C-375787DDA760}.Release.Build.0 = Release|Win32
		{37181A93-2C0D-48BD-8C4C-375787DDA760}.Release - (서버용).ActiveCfg = Release|Win32
		{37181A93-2C0D-48BD-8C4C-375787DDA760}.Release - 유저 배포 버전.ActiveCfg = Release|Win32
		{37181A93-2C0D-48BD-8C4C-375787DDA760}.Release - 유저 배포 버전.Build.0 = Release|Win32
		{37181A93-2C0D-48BD-8C4C-375787DDA760}.Release - 유저 배포 버전 ( 덤프 남김 ).ActiveCfg = Release|Win32
		{37181A93-2C0D-48BD-8C4C-375787DDA760}.Release - 유저 배포 버전 ( 덤프 남김 ).Build.0 = Release|Win32
		{37181A93-2C0D-48BD-8C4C-375787DDA760}.Release - ForHackShield.ActiveCfg = Release|Win32
		{37181A93-2C0D-48BD-8C4C-375787DDA760}.ServerDebug.ActiveCfg = Debug|Win32
		{37181A93-2C0D-48BD-8C4C-375787DDA760}.ServerDebug.Build.0 = Debug|Win32
		{37181A93-2C0D-48BD-8C4C-375787DDA760}.ServerPreRelease.ActiveCfg = Release|Win32
		{37181A93-2C0D-48BD-8C4C-375787DDA760}.ServerPreRelease.Build.0 = Release|Win32
		{37181A93-2C0D-48BD-8C4C-375787DDA760}.ServerRelease.ActiveCfg = Release|Win32
		{37181A93-2C0D-48BD-8C4C-375787DDA760}.ServerRelease.Build.0 = Release|Win32
		{57794230-74A2-472B-AFA0-C34EE220D65E}.Debug.ActiveCfg = Debug|Win32
		{57794230-74A2-472B-AFA0-C34EE220D65E}.Debug.Build.0 = Debug|Win32
		{57794230-74A2-472B-AFA0-C34EE220D65E}.Debug - (서버용).ActiveCfg = Debug - (서버용)|Win32
		{57794230-74A2-472B-AFA0-C34EE220D65E}.Engine_Debug.ActiveCfg = Debug|Win32
		{57794230-74A2-472B-AFA0-C34EE220D65E}.Engine_Debug.Build.0 = Debug|Win32
		{57794230-74A2-472B-AFA0-C34EE220D65E}.Performance Debug.ActiveCfg = Debug|Win32
		{57794230-74A2-472B-AFA0-C34EE220D65E}.Performance Debug.Build.0 = Debug|Win32
		{57794230-74A2-472B-AFA0-C34EE220D65E}.Performance Release.ActiveCfg = Release|Win32
		{57794230-74A2-472B-AFA0-C34EE220D65E}.Performance Release.Build.0 = Release|Win32
		{57794230-74A2-472B-AFA0-C34EE220D65E}.Prerelease.ActiveCfg = Release|Win32
		{57794230-74A2-472B-AFA0-C34EE220D65E}.Release.ActiveCfg = Release|Win32
		{57794230-74A2-472B-AFA0-C34EE220D65E}.Release.Build.0 = Release|Win32
		{57794230-74A2-472B-AFA0-C34EE220D65E}.Release - (서버용).ActiveCfg = Release - (서버용)|Win32
		{57794230-74A2-472B-AFA0-C34EE220D65E}.Release - 유저 배포 버전.ActiveCfg = Release|Win32
		{57794230-74A2-472B-AFA0-C34EE220D65E}.Release - 유저 배포 버전.Build.0 = Release|Win32
		{57794230-74A2-472B-AFA0-C34EE220D65E}.Release - 유저 배포 버전 ( 덤프 남김 ).ActiveCfg = Release|Win32
		{57794230-74A2-472B-AFA0-C34EE220D65E}.Release - 유저 배포 버전 ( 덤프 남김 ).Build.0 = Release|Win32
		{57794230-74A2-472B-AFA0-C34EE220D65E}.Release - ForHackShield.ActiveCfg = Release - (서버용)|Win32
		{57794230-74A2-472B-AFA0-C34EE220D65E}.ServerDebug.ActiveCfg = Debug|Win32
		{57794230-74A2-472B-AFA0-C34EE220D65E}.ServerDebug.Build.0 = Debug|Win32
		{57794230-74A2-472B-AFA0-C34EE220D65E}.ServerPreRelease.ActiveCfg = Release|Win32
		{57794230-74A2-472B-AFA0-C34EE220D65E}.ServerPreRelease.Build.0 = Release|Win32
		{57794230-74A2-472B-AFA0-C34EE220D65E}.ServerRelease.ActiveCfg = Release|Win32
		{57794230-74A2-472B-AFA0-C34EE220D65E}.ServerRelease.Build.0 = Release|Win32
		{CFEDBE6F-2D70-4B68-B8B7-158AFC105418}.Debug.ActiveCfg = Debug|Win32
		{CFEDBE6F-2D70-4B68-B8B7-158AFC105418}.Debug.Build.0 = Debug|Win32
		{CFEDBE6F-2D70-4B68-B8B7-158AFC105418}.Debug - (서버용).ActiveCfg = Debug - (서버용)|Win32
		{CFEDBE6F-2D70-4B68-B8B7-158AFC105418}.Engine_Debug.ActiveCfg = Debug|Win32
		{CFEDBE6F-2D70-4B68-B8B7-158AFC105418}.Engine_Debug.Build.0 = Debug|Win32
		{CFEDBE6F-2D70-4B68-B8B7-158AFC105418}.Performance Debug.ActiveCfg = Debug|Win32
		{CFEDBE6F-2D70-4B68-B8B7-158AFC105418}.Performance Debug.Build.0 = Debug|Win32
		{CFEDBE6F-2D70-4B68-B8B7-158AFC105418}.Performance Release.ActiveCfg = Release|Win32
		{CFEDBE6F-2D70-4B68-B8B7-158AFC105418}.Performance Release.Build.0 = Release|Win32
		{CFEDBE6F-2D70-4B68-B8B7-158AFC105418}.Prerelease.ActiveCfg = Release|Win32
		{CFEDBE6F-2D70-4B68-B8B7-158AFC105418}.Release.ActiveCfg = Release|Win32
		{CFEDBE6F-2D70-4B68-B8B7-158AFC105418}.Release.Build.0 = Release|Win32
		{CFEDBE6F-2D70-4B68-B8B7-158AFC105418}.Release - (서버용).ActiveCfg = Release - (서버용)|Win32
		{CFEDBE6F-2D70-4B68-B8B7-158AFC105418}.Release - 유저 배포 버전.ActiveCfg = Release|Win32
		{CFEDBE6F-2D70-4B68-B8B7-158AFC105418}.Release - 유저 배포 버전.Build.0 = Release|Win32
		{CFEDBE6F-2D70-4B68-B8B7-158AFC105418}.Release - 유저 배포 버전 ( 덤프 남김 ).ActiveCfg = Release|Win32
		{CFEDBE6F-2D70-4B68-B8B7-158AFC105418}.Release - 유저 배포 버전 ( 덤프 남김 ).Build.0 = Release|Win32
		{CFEDBE6F-2D70-4B68-B8B7-158AFC105418}.Release - ForHackShield.ActiveCfg = Release - (서버용)|Win32
		{CFEDBE6F-2D70-4B68-B8B7-158AFC105418}.ServerDebug.ActiveCfg = Debug|Win32
		{CFEDBE6F-2D70-4B68-B8B7-158AFC105418}.ServerDebug.Build.0 = Debug|Win32
		{CFEDBE6F-2D70-4B68-B8B7-158AFC105418}.ServerPreRelease.ActiveCfg = Release|Win32
		{CFEDBE6F-2D70-4B68-B8B7-158AFC105418}.ServerPreRelease.Build.0 = Release|Win32
		{CFEDBE6F-2D70-4B68-B8B7-158AFC105418}.ServerRelease.ActiveCfg = Release|Win32
		{CFEDBE6F-2D70-4B68-B8B7-158AFC105418}.ServerRelease.Build.0 = Release|Win32
		{D22B9E03-B0C1-4EA8-B6CC-2D24933745E2}.Debug.ActiveCfg = Debug|Win32
		{D22B9E03-B0C1-4EA8-B6CC-2D24933745E2}.Debug.Build.0 = Debug|Win32
		{D22B9E03-B0C1-4EA8-B6CC-2D24933745E2}.Debug - (서버용).ActiveCfg = Debug - (서버용)|Win32
		{D22B9E03-B0C1-4EA8-B6CC-2D24933745E2}.Engine_Debug.ActiveCfg = Debug|Win32
		{D22B9E03-B0C1-4EA8-B6CC-2D24933745E2}.Engine_Debug.Build.0 = Debug|Win32
		{D22B9E03-B0C1-4EA8-B6CC-2D24933745E2}.Performance Debug.ActiveCfg = Debug|Win32
		{D22B9E03-B0C1-4EA8-B6CC-2D24933745E2}.Performance Debug.Build.0 = Debug|Win32
		{D22B9E03-B0C1-4EA8-B6CC-2D24933745E2}.Performance Release.ActiveCfg = Release|Win32
		{D22B9E03-B0C1-4EA8-B6CC-2D24933745E2}.Performance Release.Build.0 = Release|Win32
		{D22B9E03-B0C1-4EA8-B6CC-2D24933745E2}.Prerelease.ActiveCfg = Release|Win32
		{D22B9E03-B0C1-4EA8-B6CC-2D24933745E2}.Release.ActiveCfg = Release|Win32
		{D22B9E03-B0C1-4EA8-B6CC-2D24933745E2}.Release.Build.0 = Release|Win32
		{D22B9E03-B0C1-4EA8-B6CC-2D24933745E2}.Release - (서버용).ActiveCfg = Release - (서버용)|Win32
		{D22B9E03-B0C1-4EA8-B6CC-2D24933745E2}.Release - 유저 배포 버전.ActiveCfg = Release|Win32
		{D22B9E03-B0C1-4EA8-B6CC-2D24933745E2}.Release - 유저 배포 버전.Build.0 = Release|Win32
		{D22B9E03-B0C1-4EA8-B6CC-2D24933745E2}.Release - 유저 배포 버전 ( 덤프 남김 ).ActiveCfg = Release|Win32
		{D22B9E03-B0C1-4EA8-B6CC-2D24933745E2}.Release - 유저 배포 버전 ( 덤프 남김 ).Build.0 = Release|Win32
		{D22B9E03-B0C1-4EA8-B6CC-2D24933745E2}.Release - ForHackShield.ActiveCfg = Release - (서버용)|Win32
		{D22B9E03-B0C1-4EA8-B6CC-2D24933745E2}.ServerDebug.ActiveCfg = Debug|Win32
		{D22B9E03-B0C1-4EA8-B6CC-2D24933745E2}.ServerDebug.Build.0 = Debug|Win32
		{D22B9E03-B0C1-4EA8-B6CC-2D24933745E2}.ServerPreRelease.ActiveCfg = Release|Win32
		{D22B9E03-B0C1-4EA8-B6CC-2D24933745E2}.ServerPreRelease.Build.0 = Release|Win32
		{D22B9E03-B0C1-4EA8-B6CC-2D24933745E2}.ServerRelease.ActiveCfg = Release|Win32
		{D22B9E03-B0C1-4EA8-B6CC-2D24933745E2}.ServerRelease.Build.0 = Release|Win32
		{F222182E-EF6B-4ADC-904B-062AA2511B3D}.Debug.ActiveCfg = Debug|Win32
		{F222182E-EF6B-4ADC-904B-062AA2511B3D}.Debug.Build.0 = Debug|Win32
		{F222182E-EF6B-4ADC-904B-062AA2511B3D}.Debug - (서버용).ActiveCfg = Debug|Win32
		{F222182E-EF6B-4ADC-904B-062AA2511B3D}.Engine_Debug.ActiveCfg = Debug|Win32
		{F222182E-EF6B-4ADC-904B-062AA2511B3D}.Engine_Debug.Build.0 = Debug|Win32
		{F222182E-EF6B-4ADC-904B-062AA2511B3D}.Performance Debug.ActiveCfg = Debug|Win32
		{F222182E-EF6B-4ADC-904B-062AA2511B3D}.Performance Debug.Build.0 = Debug|Win32
		{F222182E-EF6B-4ADC-904B-062AA2511B3D}.Performance Release.ActiveCfg = Release|Win32
		{F222182E-EF6B-4ADC-904B-062AA2511B3D}.Performance Release.Build.0 = Release|Win32
		{F222182E-EF6B-4ADC-904B-062AA2511B3D}.Prerelease.ActiveCfg = Release|Win32
		{F222182E-EF6B-4ADC-904B-062AA2511B3D}.Release.ActiveCfg = Release|Win32
		{F222182E-EF6B-4ADC-904B-062AA2511B3D}.Release.Build.0 = Release|Win32
		{F222182E-EF6B-4ADC-904B-062AA2511B3D}.Release - (서버용).ActiveCfg = Release|Win32
		{F222182E-EF6B-4ADC-904B-062AA2511B3D}.Release - 유저 배포 버전.ActiveCfg = Release|Win32
		{F222182E-EF6B-4ADC-904B-062AA2511B3D}.Release - 유저 배포 버전.Build.0 = Release|Win32
		{F222182E-EF6B-4ADC-904B-062AA2511B3D}.Release - 유저 배포 버전 ( 덤프 남김 ).ActiveCfg = Release|Win32
		{F222182E-EF6B-4ADC-904B-062AA2511B3D}.Release - 유저 배포 버전 ( 덤프 남김 ).Build.0 = Release|Win32
		{F222182E-EF6B-4ADC-904B-062AA2511B3D}.Release - ForHackShield.ActiveCfg = Release - (서버용)|Win32
		{F222182E-EF6B-4ADC-904B-062AA2511B3D}.ServerDebug.ActiveCfg = Debug|Win32
		{F222182E-EF6B-4ADC-904B-062AA2511B3D}.ServerDebug.Build.0 = Debug|Win32
		{F222182E-EF6B-4ADC-904B-062AA2511B3D}.ServerPreRelease.ActiveCfg = Release|Win32
		{F222182E-EF6B-4ADC-904B-062AA2511B3D}.ServerPreRelease.Build.0 = Release|Win32
		{F222182E-EF6B-4ADC-904B-062AA2511B3D}.ServerRelease.ActiveCfg = Release|Win32
		{F222182E-EF6B-4ADC-904B-062AA2511B3D}.ServerRelease.Build.0 = Release|Win32
		{FB4A96FD-50B3-4655-9438-DCFC5D36D254}.Debug.ActiveCfg = Debug|Win32
		{FB4A96FD-50B3-4655-9438-DCFC5D36D254}.Debug.Build.0 = Debug|Win32
		{FB4A96FD-50B3-4655-9438-DCFC5D36D254}.Debug - (서버용).ActiveCfg = Debug|Win32
		{FB4A96FD-50B3-4655-9438-DCFC5D36D254}.Debug - (서버용).Build.0 = Debug|Win32
		{FB4A96FD-50B3-4655-9438-DCFC5D36D254}.Engine_Debug.ActiveCfg = Debug|Win32
		{FB4A96FD-50B3-4655-9438-DCFC5D36D254}.Engine_Debug.Build.0 = Debug|Win32
		{FB4A96FD-50B3-4655-9438-DCFC5D36D254}.Performance Debug.ActiveCfg = Performance Release|Win32
		{FB4A96FD-50B3-4655-9438-DCFC5D36D254}.Performance Debug.Build.0 = Performance Release|Win32
		{FB4A96FD-50B3-4655-9438-DCFC5D36D254}.Performance Release.ActiveCfg = Performance Release|Win32
		{FB4A96FD-50B3-4655-9438-DCFC5D36D254}.Performance Release.Build.0 = Performance Release|Win32
		{FB4A96FD-50B3-4655-9438-DCFC5D36D254}.Prerelease.ActiveCfg = Release|Win32
		{FB4A96FD-50B3-4655-9438-DCFC5D36D254}.Prerelease.Build.0 = Release|Win32
		{FB4A96FD-50B3-4655-9438-DCFC5D36D254}.Release.ActiveCfg = Release|Win32
		{FB4A96FD-50B3-4655-9438-DCFC5D36D254}.Release.Build.0 = Release|Win32
		{FB4A96FD-50B3-4655-9438-DCFC5D36D254}.Release - (서버용).ActiveCfg = Release - 유저 배포 버전 ( 덤프 남김 )|Win32
		{FB4A96FD-50B3-4655-9438-DCFC5D36D254}.Release - (서버용).Build.0 = Release - 유저 배포 버전 ( 덤프 남김 )|Win32
		{FB4A96FD-50B3-4655-9438-DCFC5D36D254}.Release - 유저 배포 버전.ActiveCfg = Release|Win32
		{FB4A96FD-50B3-4655-9438-DCFC5D36D254}.Release - 유저 배포 버전.Build.0 = Release|Win32
		{FB4A96FD-50B3-4655-9438-DCFC5D36D254}.Release - 유저 배포 버전 ( 덤프 남김 ).ActiveCfg = Release|Win32
		{FB4A96FD-50B3-4655-9438-DCFC5D36D254}.Release - 유저 배포 버전 ( 덤프 남김 ).Build.0 = Release|Win32
		{FB4A96FD-50B3-4655-9438-DCFC5D36D254}.Release - ForHackShield.ActiveCfg = Release - 유저 배포 버전 ( 덤프 남김 )|Win32
		{FB4A96FD-50B3-4655-9438-DCFC5D36D254}.ServerDebug.ActiveCfg = Debug|Win32
		{FB4A96FD-50B3-4655-9438-DCFC5D36D254}.ServerDebug.Build.0 = Debug|Win32
		{FB4A96FD-50B3-4655-9438-DCFC5D36D254}.ServerPreRelease.ActiveCfg = Release|Win32
		{FB4A96FD-50B3-4655-9438-DCFC5D36D254}.ServerPreRelease.Build.0 = Release|Win32
		{FB4A96FD-50B3-4655-9438-DCFC5D36D254}.ServerRelease.ActiveCfg = Release|Win32
		{FB4A96FD-50B3-4655-9438-DCFC5D36D254}.ServerRelease.Build.0 = Release|Win32
		{16D89532-B0BA-4FBC-BA5A-7A333029743A}.Debug.ActiveCfg = Debug|Win32
		{16D89532-B0BA-4FBC-BA5A-7A333029743A}.Debug.Build.0 = Debug|Win32
		{16D89532-B0BA-4FBC-BA5A-7A333029743A}.Debug - (서버용).ActiveCfg = Debug - (서버용)|Win32
		{16D89532-B0BA-4FBC-BA5A-7A333029743A}.Debug - (서버용).Build.0 = Debug - (서버용)|Win32
		{16D89532-B0BA-4FBC-BA5A-7A333029743A}.Engine_Debug.ActiveCfg = Debug|Win32
		{16D89532-B0BA-4FBC-BA5A-7A333029743A}.Engine_Debug.Build.0 = Debug|Win32
		{16D89532-B0BA-4FBC-BA5A-7A333029743A}.Performance Debug.ActiveCfg = Debug|Win32
		{16D89532-B0BA-4FBC-BA5A-7A333029743A}.Performance Debug.Build.0 = Debug|Win32
		{16D89532-B0BA-4FBC-BA5A-7A333029743A}.Performance Release.ActiveCfg = Release|Win32
		{16D89532-B0BA-4FBC-BA5A-7A333029743A}.Performance Release.Build.0 = Release|Win32
		{16D89532-B0BA-4FBC-BA5A-7A333029743A}.Prerelease.ActiveCfg = Release|Win32
		{16D89532-B0BA-4FBC-BA5A-7A333029743A}.Prerelease.Build.0 = Release|Win32
		{16D89532-B0BA-4FBC-BA5A-7A333029743A}.Release.ActiveCfg = Release|Win32
		{16D89532-B0BA-4FBC-BA5A-7A333029743A}.Release.Build.0 = Release|Win32
		{16D89532-B0BA-4FBC-BA5A-7A333029743A}.Release - (서버용).ActiveCfg = Release - (서버용)|Win32
		{16D89532-B0BA-4FBC-BA5A-7A333029743A}.Release - (서버용).Build.0 = Release - (서버용)|Win32
		{16D89532-B0BA-4FBC-BA5A-7A333029743A}.Release - 유저 배포 버전.ActiveCfg = Release|Win32
		{16D89532-B0BA-4FBC-BA5A-7A333029743A}.Release - 유저 배포 버전.Build.0 = Release|Win32
		{16D89532-B0BA-4FBC-BA5A-7A333029743A}.Release - 유저 배포 버전 ( 덤프 남김 ).ActiveCfg = Release|Win32
		{16D89532-B0BA-4FBC-BA5A-7A333029743A}.Release - 유저 배포 버전 ( 덤프 남김 ).Build.0 = Release|Win32
		{16D89532-B0BA-4FBC-BA5A-7A333029743A}.Release - ForHackShield.ActiveCfg = Release - (서버용)|Win32
		{16D89532-B0BA-4FBC-BA5A-7A333029743A}.ServerDebug.ActiveCfg = Debug|Win32
		{16D89532-B0BA-4FBC-BA5A-7A333029743A}.ServerDebug.Build.0 = Debug|Win32
		{16D89532-B0BA-4FBC-BA5A-7A333029743A}.ServerPreRelease.ActiveCfg = Release|Win32
		{16D89532-B0BA-4FBC-BA5A-7A333029743A}.ServerPreRelease.Build.0 = Release|Win32
		{16D89532-B0BA-4FBC-BA5A-7A333029743A}.ServerRelease.ActiveCfg = Release|Win32
		{16D89532-B0BA-4FBC-BA5A-7A333029743A}.ServerRelease.Build.0 = Release|Win32
		{8D706D6B-9ED3-4EDA-9664-347BCB28A659}.Debug.ActiveCfg = Debug|Win32
		{8D706D6B-9ED3-4EDA-9664-347BCB28A659}.Debug.Build.0 = Debug|Win32
		{8D706D6B-9ED3-4EDA-9664-347BCB28A659}.Debug - (서버용).ActiveCfg = Debug|Win32
		{8D706D6B-9ED3-4EDA-9664-347BCB28A659}.Debug - (서버용).Build.0 = Debug|Win32
		{8D706D6B-9ED3-4EDA-9664-347BCB28A659}.Engine_Debug.ActiveCfg = Debug|Win32
		{8D706D6B-9ED3-4EDA-9664-347BCB28A659}.Engine_Debug.Build.0 = Debug|Win32
		{8D706D6B-9ED3-4EDA-9664-347BCB28A659}.Performance Debug.ActiveCfg = Debug|Win32
		{8D706D6B-9ED3-4EDA-9664-347BCB28A659}.Performance Debug.Build.0 = Debug|Win32
		{8D706D6B-9ED3-4EDA-9664-347BCB28A659}.Performance Release.ActiveCfg = Release|Win32
		{8D706D6B-9ED3-4EDA-9664-347BCB28A659}.Performance Release.Build.0 = Release|Win32
		{8D706D6B-9ED3-4EDA-9664-347BCB28A659}.Prerelease.ActiveCfg = Release|Win32
		{8D706D6B-9ED3-4EDA-9664-347BCB28A659}.Prerelease.Build.0 = Release|Win32
		{8D706D6B-9ED3-4EDA-9664-347BCB28A659}.Release.ActiveCfg = Release|Win32
		{8D706D6B-9ED3-4EDA-9664-347BCB28A659}.Release.Build.0 = Release|Win32
		{8D706D6B-9ED3-4EDA-9664-347BCB28A659}.Release - (서버용).ActiveCfg = Release|Win32
		{8D706D6B-9ED3-4EDA-9664-347BCB28A659}.Release - (서버용).Build.0 = Release|Win32
		{8D706D6B-9ED3-4EDA-9664-347BCB28A659}.Release - 유저 배포 버전.ActiveCfg = Release|Win32
		{8D706D6B-9ED3-4EDA-9664-347BCB28A659}.Release - 유저 배포 버전.Build.0 = Release|Win32
		{8D706D6B-9ED3-4EDA-9664-347BCB28A659}.Release - 유저 배포 버전 ( 덤프 남김 ).ActiveCfg = Release|Win32
		{8D706D6B-9ED3-4EDA-9664-347BCB28A659}.Release - 유저 배포 버전 ( 덤프 남김 ).Build.0 = Release|Win32
		{8D706D6B-9ED3-4EDA-9664-347BCB28A659}.Release - ForHackShield.ActiveCfg = Release|Win32
		{8D706D6B-9ED3-4EDA-9664-347BCB28A659}.ServerDebug.ActiveCfg = Debug|Win32
		{8D706D6B-9ED3-4EDA-9664-347BCB28A659}.ServerDebug.Build.0 = Debug|Win32
		{8D706D6B-9ED3-4EDA-9664-347BCB28A659}.ServerPreRelease.ActiveCfg = Release|Win32
		{8D706D6B-9ED3-4EDA-9664-347BCB28A659}.ServerPreRelease.Build.0 = Release|Win32
		{8D706D6B-9ED3-4EDA-9664-347BCB28A659}.ServerRelease.ActiveCfg = Release|Win32
		{8D706D6B-9ED3-4EDA-9664-347BCB28A659}.ServerRelease.Build.0 = Release|Win32
		{42B49CD9-48ED-4FF4-8435-44FC609ABAF6}.Debug.ActiveCfg = Debug|Win32
		{42B49CD9-48ED-4FF4-8435-44FC609ABAF6}.Debug.Build.0 = Debug|Win32
		{42B49CD9-48ED-4FF4-8435-44FC609ABAF6}.Debug - (서버용).ActiveCfg = Debug - (서버용)|Win32
		{42B49CD9-48ED-4FF4-8435-44FC609ABAF6}.Debug - (서버용).Build.0 = Debug - (서버용)|Win32
		{42B49CD9-48ED-4FF4-8435-44FC609ABAF6}.Engine_Debug.ActiveCfg = Engine_Debug|Win32
		{42B49CD9-48ED-4FF4-8435-44FC609ABAF6}.Performance Debug.ActiveCfg = Debug|Win32
		{42B49CD9-48ED-4FF4-8435-44FC609ABAF6}.Performance Debug.Build.0 = Debug|Win32
		{42B49CD9-48ED-4FF4-8435-44FC609ABAF6}.Performance Release.ActiveCfg = Release|Win32
		{42B49CD9-48ED-4FF4-8435-44FC609ABAF6}.Performance Release.Build.0 = Release|Win32
		{42B49CD9-48ED-4FF4-8435-44FC609ABAF6}.Prerelease.ActiveCfg = Release|Win32
		{42B49CD9-48ED-4FF4-8435-44FC609ABAF6}.Prerelease.Build.0 = Release|Win32
		{42B49CD9-48ED-4FF4-8435-44FC609ABAF6}.Release.ActiveCfg = Release|Win32
		{42B49CD9-48ED-4FF4-8435-44FC609ABAF6}.Release.Build.0 = Release|Win32
		{42B49CD9-48ED-4FF4-8435-44FC609ABAF6}.Release - (서버용).ActiveCfg = Release - (서버용)|Win32
		{42B49CD9-48ED-4FF4-8435-44FC609ABAF6}.Release - (서버용).Build.0 = Release - (서버용)|Win32
		{42B49CD9-48ED-4FF4-8435-44FC609ABAF6}.Release - 유저 배포 버전.ActiveCfg = Release|Win32
		{42B49CD9-48ED-4FF4-8435-44FC609ABAF6}.Release - 유저 배포 버전.Build.0 = Release|Win32
		{42B49CD9-48ED-4FF4-8435-44FC609ABAF6}.Release - 유저 배포 버전 ( 덤프 남김 ).ActiveCfg = Release|Win32
		{42B49CD9-48ED-4FF4-8435-44FC609ABAF6}.Release - 유저 배포 버전 ( 덤프 남김 ).Build.0 = Release|Win32
		{42B49CD9-48ED-4FF4-8435-44FC609ABAF6}.Release - ForHackShield.ActiveCfg = Release - (서버용)|Win32
		{42B49CD9-48ED-4FF4-8435-44FC609ABAF6}.ServerDebug.ActiveCfg = Debug|Win32
		{42B49CD9-48ED-4FF4-8435-44FC609ABAF6}.ServerDebug.Build.0 = Debug|Win32
		{42B49CD9-48ED-4FF4-8435-44FC609ABAF6}.ServerPreRelease.ActiveCfg = Release|Win32
		{42B49CD9-48ED-4FF4-8435-44FC609ABAF6}.ServerPreRelease.Build.0 = Release|Win32
		{42B49CD9-48ED-4FF4-8435-44FC609ABAF6}.ServerRelease.ActiveCfg = Release|Win32
		{42B49CD9-48ED-4FF4-8435-44FC609ABAF6}.ServerRelease.Build.0 = Release|Win32
		{5D9F0612-9C47-4E0A-A0BB-657BDF2CCAE0}.Debug.ActiveCfg = Debug|Win32
		{5D9F0612-9C47-4E0A-A0BB-657BDF2CCAE0}.Debug.Build.0 = Debug|Win32
		{5D9F0612-9C47-4E0A-A0BB-657BDF2CCAE0}.Debug - (서버용).ActiveCfg = Debug|Win32
		{5D9F0612-9C47-4E0A-A0BB-657BDF2CCAE0}.Debug - (서버용).Build.0 = Debug|Win32
		{5D9F0612-9C47-4E0A-A0BB-657BDF2CCAE0}.Engine_Debug.ActiveCfg = Debug|Win32
		{5D9F0612-9C47-4E0A-A0BB-657BDF2CCAE0}.Engine_Debug.Build.0 = Debug|Win32
		{5D9F0612-9C47-4E0A-A0BB-657BDF2CCAE0}.Performance Debug.ActiveCfg = Debug|Win32
		{5D9F0612-9C47-4E0A-A0BB-657BDF2CCAE0}.Performance Debug.Build.0 = Debug|Win32
		{5D9F0612-9C47-4E0A-A0BB-657BDF2CCAE0}.Performance Release.ActiveCfg = Release|Win32
		{5D9F0612-9C47-4E0A-A0BB-657BDF2CCAE0}.Performance Release.Build.0 = Release|Win32
		{5D9F0612-9C47-4E0A-A0BB-657BDF2CCAE0}.Prerelease.ActiveCfg = Debug|Win32
		{5D9F0612-9C47-4E0A-A0BB-657BDF2CCAE0}.Prerelease.Build.0 = Debug|Win32
		{5D9F0612-9C47-4E0A-A0BB-657BDF2CCAE0}.Release.ActiveCfg = Release|Win32
		{5D9F0612-9C47-4E0A-A0BB-657BDF2CCAE0}.Release.Build.0 = Release|Win32
		{5D9F0612-9C47-4E0A-A0BB-657BDF2CCAE0}.Release - (서버용).ActiveCfg = Release|Win32
		{5D9F0612-9C47-4E0A-A0BB-657BDF2CCAE0}.Release - (서버용).Build.0 = Release|Win32
		{5D9F0612-9C47-4E0A-A0BB-657BDF2CCAE0}.Release - 유저 배포 버전.ActiveCfg = Release|Win32
		{5D9F0612-9C47-4E0A-A0BB-657BDF2CCAE0}.Release - 유저 배포 버전.Build.0 = Release|Win32
		{5D9F0612-9C47-4E0A-A0BB-657BDF2CCAE0}.Release - 유저 배포 버전 ( 덤프 남김 ).ActiveCfg = Release|Win32
		{5D9F0612-9C47-4E0A-A0BB-657BDF2CCAE0}.Release - 유저 배포 버전 ( 덤프 남김 ).Build.0 = Release|Win32
		{5D9F0612-9C47-4E0A-A0BB-657BDF2CCAE0}.Release - ForHackShield.ActiveCfg = Release|Win32
		{5D9F0612-9C47-4E0A-A0BB-657BDF2CCAE0}.Release - ForHackShield.Build.0 = Release|Win32
		{5D9F0612-9C47-4E0A-A0BB-657BDF2CCAE0}.ServerDebug.ActiveCfg = Debug|Win32
		{5D9F0612-9C47-4E0A-A0BB-657BDF2CCAE0}.ServerDebug.Build.0 = Debug|Win32
		{5D9F0612-9C47-4E0A-A0BB-657BDF2CCAE0}.ServerPreRelease.ActiveCfg = Release|Win32
		{5D9F0612-9C47-4E0A-A0BB-657BDF2CCAE0}.ServerPreRelease.Build.0 = Release|Win32
		{5D9F0612-9C47-4E0A-A0BB-657BDF2CCAE0}.ServerRelease.ActiveCfg = Release|Win32
		{5D9F0612-9C47-4E0A-A0BB-657BDF2CCAE0}.ServerRelease.Build.0 = Release|Win32
		{C6ABF34E-E821-4DCB-BF35-CBE46ADD480C}.Debug.ActiveCfg = Debug|Win32
		{C6ABF34E-E821-4DCB-BF35-CBE46ADD480C}.Debug.Build.0 = Debug|Win32
		{C6ABF34E-E821-4DCB-BF35-CBE46ADD480C}.Debug - (서버용).ActiveCfg = Debug|Win32
		{C6ABF34E-E821-4DCB-BF35-CBE46ADD480C}.Debug - (서버용).Build.0 = Debug|Win32
		{C6ABF34E-E821-4DCB-BF35-CBE46ADD480C}.Engine_Debug.ActiveCfg = Debug|Win32
		{C6ABF34E-E821-4DCB-BF35-CBE46ADD480C}.Engine_Debug.Build.0 = Debug|Win32
		{C6ABF34E-E821-4DCB-BF35-CBE46ADD480C}.Performance Debug.ActiveCfg = Debug|Win32
		{C6ABF34E-E821-4DCB-BF35-CBE46ADD480C}.Performance Debug.Build.0 = Debug|Win32
		{C6ABF34E-E821-4DCB-BF35-CBE46ADD480C}.Performance Release.ActiveCfg = Release|Win32
		{C6ABF34E-E821-4DCB-BF35-CBE46ADD480C}.Performance Release.Build.0 = Release|Win32
		{C6ABF34E-E821-4DCB-BF35-CBE46ADD480C}.Prerelease.ActiveCfg = PreRelease|Win32
		{C6ABF34E-E821-4DCB-BF35-CBE46ADD480C}.Prerelease.Build.0 = PreRelease|Win32
		{C6ABF34E-E821-4DCB-BF35-CBE46ADD480C}.Release.ActiveCfg = Release|Win32
		{C6ABF34E-E821-4DCB-BF35-CBE46ADD480C}.Release.Build.0 = Release|Win32
		{C6ABF34E-E821-4DCB-BF35-CBE46ADD480C}.Release - (서버용).ActiveCfg = Release|Win32
		{C6ABF34E-E821-4DCB-BF35-CBE46ADD480C}.Release - (서버용).Build.0 = Release|Win32
		{C6ABF34E-E821-4DCB-BF35-CBE46ADD480C}.Release - 유저 배포 버전.ActiveCfg = Release|Win32
		{C6ABF34E-E821-4DCB-BF35-CBE46ADD480C}.Release - 유저 배포 버전.Build.0 = Release|Win32
		{C6ABF34E-E821-4DCB-BF35-CBE46ADD480C}.Release - 유저 배포 버전 ( 덤프 남김 ).ActiveCfg = Release|Win32
		{C6ABF34E-E821-4DCB-BF35-CBE46ADD480C}.Release - 유저 배포 버전 ( 덤프 남김 ).Build.0 = Release|Win32
		{C6ABF34E-E821-4DCB-BF35-CBE46ADD480C}.Release - ForHackShield.ActiveCfg = Release|Win32
		{C6ABF34E-E821-4DCB-BF35-CBE46ADD480C}.Release - ForHackShield.Build.0 = Release|Win32
		{C6ABF34E-E821-4DCB-BF35-CBE46ADD480C}.ServerDebug.ActiveCfg = Debug|Win32
		{C6ABF34E-E821-4DCB-BF35-CBE46ADD480C}.ServerDebug.Build.0 = Debug|Win32
		{C6ABF34E-E821-4DCB-BF35-CBE46ADD480C}.ServerPreRelease.ActiveCfg = PreRelease|Win32
		{C6ABF34E-E821-4DCB-BF35-CBE46ADD480C}.ServerPreRelease.Build.0 = PreRelease|Win32
		{C6ABF34E-E821-4DCB-BF35-CBE46ADD480C}.ServerRelease.ActiveCfg = Release|Win32
		{C6ABF34E-E821-4DCB-BF35-CBE46ADD480C}.ServerRelease.Build.0 = Release|Win32
		{83C3E14F-C1F2-4BCD-86BE-256DE18C4A9A}.Debug.ActiveCfg = Debug|Win32
		{83C3E14F-C1F2-4BCD-86BE-256DE18C4A9A}.Debug.Build.0 = Debug|Win32
		{83C3E14F-C1F2-4BCD-86BE-256DE18C4A9A}.Debug - (서버용).ActiveCfg = Debug|Win32
		{83C3E14F-C1F2-4BCD-86BE-256DE18C4A9A}.Debug - (서버용).Build.0 = Debug|Win32
		{83C3E14F-C1F2-4BCD-86BE-256DE18C4A9A}.Engine_Debug.ActiveCfg = Debug|Win32
		{83C3E14F-C1F2-4BCD-86BE-256DE18C4A9A}.Engine_Debug.Build.0 = Debug|Win32
		{83C3E14F-C1F2-4BCD-86BE-256DE18C4A9A}.Performance Debug.ActiveCfg = Debug|Win32
		{83C3E14F-C1F2-4BCD-86BE-256DE18C4A9A}.Performance Debug.Build.0 = Debug|Win32
		{83C3E14F-C1F2-4BCD-86BE-256DE18C4A9A}.Performance Release.ActiveCfg = Release|Win32
		{83C3E14F-C1F2-4BCD-86BE-256DE18C4A9A}.Performance Release.Build.0 = Release|Win32
		{83C3E14F-C1F2-4BCD-86BE-256DE18C4A9A}.Prerelease.ActiveCfg = PreRelease|Win32
		{83C3E14F-C1F2-4BCD-86BE-256DE18C4A9A}.Prerelease.Build.0 = PreRelease|Win32
		{83C3E14F-C1F2-4BCD-86BE-256DE18C4A9A}.Release.ActiveCfg = Release|Win32
		{83C3E14F-C1F2-4BCD-86BE-256DE18C4A9A}.Release.Build.0 = Release|Win32
		{83C3E14F-C1F2-4BCD-86BE-256DE18C4A9A}.Release - (서버용).ActiveCfg = Release|Win32
		{83C3E14F-C1F2-4BCD-86BE-256DE18C4A9A}.Release - (서버용).Build.0 = Release|Win32
		{83C3E14F-C1F2-4BCD-86BE-256DE18C4A9A}.Release - 유저 배포 버전.ActiveCfg = Release|Win32
		{83C3E14F-C1F2-4BCD-86BE-256DE18C4A9A}.Release - 유저 배포 버전.Build.0 = Release|Win32
		{83C3E14F-C1F2-4BCD-86BE-256DE18C4A9A}.Release - 유저 배포 버전 ( 덤프 남김 ).ActiveCfg = Release|Win32
		{83C3E14F-C1F2-4BCD-86BE-256DE18C4A9A}.Release - 유저 배포 버전 ( 덤프 남김 ).Build.0 = Release|Win32
		{83C3E14F-C1F2-4BCD-86BE-256DE18C4A9A}.Release - ForHackShield.ActiveCfg = Release|Win32
		{83C3E14F-C1F2-4BCD-86BE-256DE18C4A9A}.Release - ForHackShield.Build.0 = Release|Win32
		{83C3E14F-C1F2-4BCD-86BE-256DE18C4A9A}.ServerDebug.ActiveCfg = Debug|Win32
		{83C3E14F-C1F2-4BCD-86BE-256DE18C4A9A}.ServerDebug.Build.0 = Debug|Win32
		{83C3E14F-C1F2-4BCD-86BE-256DE18C4A9A}.ServerPreRelease.ActiveCfg = PreRelease|Win32
		{83C3E14F-C1F2-4BCD-86BE-256DE18C4A9A}.ServerPreRelease.Build.0 = PreRelease|Win32
		{83C3E14F-C1F2-4BCD-86BE-256DE18C4A9A}.ServerRelease.ActiveCfg = Release|Win32
		{83C3E14F-C1F2-4BCD-86BE-256DE18C4A9A}.ServerRelease.Build.0 = Release|Win32
		{FA0BE464-D3BA-4488-BAE5-A526E24F3522}.Debug.ActiveCfg = Debug|Win32
		{FA0BE464-D3BA-4488-BAE5-A526E24F3522}.Debug.Build.0 = Debug|Win32
		{FA0BE464-D3BA-4488-BAE5-A526E24F3522}.Debug - (서버용).ActiveCfg = Debug|Win32
		{FA0BE464-D3BA-4488-BAE5-A526E24F3522}.Debug - (서버용).Build.0 = Debug|Win32
		{FA0BE464-D3BA-4488-BAE5-A526E24F3522}.Engine_Debug.ActiveCfg = Debug|Win32
		{FA0BE464-D3BA-4488-BAE5-A526E24F3522}.Engine_Debug.Build.0 = Debug|Win32
		{FA0BE464-D3BA-4488-BAE5-A526E24F3522}.Performance Debug.ActiveCfg = Debug|Win32
		{FA0BE464-D3BA-4488-BAE5-A526E24F3522}.Performance Debug.Build.0 = Debug|Win32
		{FA0BE464-D3BA-4488-BAE5-A526E24F3522}.Performance Release.ActiveCfg = Release|Win32
		{FA0BE464-D3BA-4488-BAE5-A526E24F3522}.Performance Release.Build.0 = Release|Win32
		{FA0BE464-D3BA-4488-BAE5-A526E24F3522}.Prerelease.ActiveCfg = PreRelease|Win32
		{FA0BE464-D3BA-4488-BAE5-A526E24F3522}.Prerelease.Build.0 = PreRelease|Win32
		{FA0BE464-D3BA-4488-BAE5-A526E24F3522}.Release.ActiveCfg = Release|Win32
		{FA0BE464-D3BA-4488-BAE5-A526E24F3522}.Release.Build.0 = Release|Win32
		{FA0BE464-D3BA-4488-BAE5-A526E24F3522}.Release - (서버용).ActiveCfg = Release|Win32
		{FA0BE464-D3BA-4488-BAE5-A526E24F3522}.Release - (서버용).Build.0 = Release|Win32
		{FA0BE464-D3BA-4488-BAE5-A526E24F3522}.Release - 유저 배포 버전.ActiveCfg = Release|Win32
		{FA0BE464-D3BA-4488-BAE5-A526E24F3522}.Release - 유저 배포 버전.Build.0 = Release|Win32
		{FA0BE464-D3BA-4488-BAE5-A526E24F3522}.Release - 유저 배포 버전 ( 덤프 남김 ).ActiveCfg = Release|Win32
		{FA0BE464-D3BA-4488-BAE5-A526E24F3522}.Release - 유저 배포 버전 ( 덤프 남김 ).Build.0 = Release|Win32
		{FA0BE464-D3BA-4488-BAE5-A526E24F3522}.Release - ForHackShield.ActiveCfg = Release|Win32
		{FA0BE464-D3BA-4488-BAE5-A526E24F3522}.Release - ForHackShield.Build.0 = Release|Win32
		{FA0BE464-D3BA-4488-BAE5-A526E24F3522}.ServerDebug.ActiveCfg = Debug|Win32
		{FA0BE464-D3BA-4488-BAE5-A526E24F3522}.ServerDebug.Build.0 = Debug|Win32
		{FA0BE464-D3BA-4488-BAE5-A526E24F3522}.ServerPreRelease.ActiveCfg = PreRelease|Win32
		{FA0BE464-D3BA-4488-BAE5-A526E24F3522}.ServerPreRelease.Build.0 = PreRelease|Win32
		{FA0BE464-D3BA-4488-BAE5-A526E24F3522}.ServerRelease.ActiveCfg = Release|Win32
		{FA0BE464-D3BA-4488-BAE5-A526E24F3522}.ServerRelease.Build.0 = Release|Win32
		{E4A6D6AE-1746-4149-B027-54DA9DCCFAE9}.Debug.ActiveCfg = Debug|Win32
		{E4A6D6AE-1746-4149-B027-54DA9DCCFAE9}.Debug.Build.0 = Debug|Win32
		{E4A6D6AE-1746-4149-B027-54DA9DCCFAE9}.Debug - (서버용).ActiveCfg = Debug|Win32
		{E4A6D6AE-1746-4149-B027-54DA9DCCFAE9}.Debug - (서버용).Build.0 = Debug|Win32
		{E4A6D6AE-1746-4149-B027-54DA9DCCFAE9}.Engine_Debug.ActiveCfg = Debug|Win32
		{E4A6D6AE-1746-4149-B027-54DA9DCCFAE9}.Engine_Debug.Build.0 = Debug|Win32
		{E4A6D6AE-1746-4149-B027-54DA9DCCFAE9}.Performance Debug.ActiveCfg = Debug|Win32
		{E4A6D6AE-1746-4149-B027-54DA9DCCFAE9}.Performance Debug.Build.0 = Debug|Win32
		{E4A6D6AE-1746-4149-B027-54DA9DCCFAE9}.Performance Release.ActiveCfg = Release|Win32
		{E4A6D6AE-1746-4149-B027-54DA9DCCFAE9}.Performance Release.Build.0 = Release|Win32
		{E4A6D6AE-1746-4149-B027-54DA9DCCFAE9}.Prerelease.ActiveCfg = PreRelease|Win32
		{E4A6D6AE-1746-4149-B027-54DA9DCCFAE9}.Prerelease.Build.0 = PreRelease|Win32
		{E4A6D6AE-1746-4149-B027-54DA9DCCFAE9}.Release.ActiveCfg = Release|Win32
		{E4A6D6AE-1746-4149-B027-54DA9DCCFAE9}.Release.Build.0 = Release|Win32
		{E4A6D6AE-1746-4149-B027-54DA9DCCFAE9}.Release - (서버용).ActiveCfg = Release|Win32
		{E4A6D6AE-1746-4149-B027-54DA9DCCFAE9}.Release - (서버용).Build.0 = Release|Win32
		{E4A6D6AE-1746-4149-B027-54DA9DCCFAE9}.Release - 유저 배포 버전.ActiveCfg = Release|Win32
		{E4A6D6AE-1746-4149-B027-54DA9DCCFAE9}.Release - 유저 배포 버전.Build.0 = Release|Win32
		{E4A6D6AE-1746-4149-B027-54DA9DCCFAE9}.Release - 유저 배포 버전 ( 덤프 남김 ).ActiveCfg = Release|Win32
		{E4A6D6AE-1746-4149-B027-54DA9DCCFAE9}.Release - 유저 배포 버전 ( 덤프 남김 ).Build.0 = Release|Win32
		{E4A6D6AE-1746-4149-B027-54DA9DCCFAE9}.Release - ForHackShield.ActiveCfg = Release|Win32
		{E4A6D6AE-1746-4149-B027-54DA9DCCFAE9}.Release - ForHackShield.Build.0 = Release|Win32
		{E4A6D6AE-1746-4149-B027-54DA9DCCFAE9}.ServerDebug.ActiveCfg = Debug|Win32
		{E4A6D6AE-1746-4149-B027-54DA9DCCFAE9}.ServerDebug.Build.0 = Debug|Win32
		{E4A6D6AE-1746-4149-B027-54DA9DCCFAE9}.ServerPreRelease.ActiveCfg = PreRelease|Win32
		{E4A6D6AE-1746-4149-B027-54DA9DCCFAE9}.ServerPreRelease.Build.0 = PreRelease|Win32
		{E4A6D6AE-1746-4149-B027-54DA9DCCFAE9}.ServerRelease.ActiveCfg = Release|Win32
		{E4A6D6AE-1746-4149-B027-54DA9DCCFAE9}.ServerRelease.Build.0 = Release|Win32
		{997A04D7-4B1A-4945-874D-8325E18DF572}.Debug.ActiveCfg = Debug|Win32
		{997A04D7-4B1A-4945-874D-8325E18DF572}.Debug.Build.0 = Debug|Win32
		{997A04D7-4B1A-4945-874D-8325E18DF572}.Debug - (서버용).ActiveCfg = Debug|Win32
		{997A04D7-4B1A-4945-874D-8325E18DF572}.Debug - (서버용).Build.0 = Debug|Win32
		{997A04D7-4B1A-4945-874D-8325E18DF572}.Engine_Debug.ActiveCfg = Debug|Win32
		{997A04D7-4B1A-4945-874D-8325E18DF572}.Engine_Debug.Build.0 = Debug|Win32
		{997A04D7-4B1A-4945-874D-8325E18DF572}.Performance Debug.ActiveCfg = Debug|Win32
		{997A04D7-4B1A-4945-874D-8325E18DF572}.Performance Debug.Build.0 = Debug|Win32
		{997A04D7-4B1A-4945-874D-8325E18DF572}.Performance Release.ActiveCfg = Release|Win32
		{997A04D7-4B1A-4945-874D-8325E18DF572}.Performance Release.Build.0 = Release|Win32
		{997A04D7-4B1A-4945-874D-8325E18DF572}.Prerelease.ActiveCfg = PreRelease|Win32
		{997A04D7-4B1A-4945-874D-8325E18DF572}.Prerelease.Build.0 = PreRelease|Win32
		{997A04D7-4B1A-4945-874D-8325E18DF572}.Release.ActiveCfg = Release|Win32
		{997A04D7-4B1A-4945-874D-8325E18DF572}.Release.Build.0 = Release|Win32
		{997A04D7-4B1A-4945-874D-8325E18DF572}.Release - (서버용).ActiveCfg = Release|Win32
		{997A04D7-4B1A-4945-874D-8325E18DF572}.Release - (서버용).Build.0 = Release|Win32
		{997A04D7-4B1A-4945-874D-8325E18DF572}.Release - 유저 배포 버전.ActiveCfg = Release|Win32
		{997A04D7-4B1A-4945-874D-8325E18DF572}.Release - 유저 배포 버전.Build.0 = Release|Win32
		{997A04D7-4B1A-4945-874D-8325E18DF572}.Release - 유저 배포 버전 ( 덤프 남김 ).ActiveCfg = Release|Win32
		{997A04D7-4B1A-4945-874D-8325E18DF572}.Release - 유저 배포 버전 ( 덤프 남김 ).Build.0 = Release|Win32
		{997A04D7-4B1A-4945-874D-8325E18DF572}.Release - ForHackShield.ActiveCfg = Release|Win32
		{997A04D7-4B1A-4945-874D-8325E18DF572}.Release - ForHackShield.Build.0 = Release|Win32
		{997A04D7-4B1A-4945-874D-8325E18DF572}.ServerDebug.ActiveCfg = ServerDebug|Win32
		{997A04D7-4B1A-4945-874D-8325E18DF572}.ServerDebug.Build.0 = ServerDebug|Win32
		{997A04D7-4B1A-4945-874D-8325E18DF572}.ServerPreRelease.ActiveCfg = ServerPreRelease|Win32
		{997A04D7-4B1A-4945-874D-8325E18DF572}.ServerPreRelease.Build.0 = ServerPreRelease|Win32
		{997A04D7-4B1A-4945-874D-8325E18DF572}.ServerRelease.ActiveCfg = ServerRelease|Win32
		{997A04D7-4B1A-4945-874D-8325E18DF572}.ServerRelease.Build.0 = ServerRelease|Win32
		{58614BB7-FBA0-4432-9D1B-CD2962D811FE}.Debug.ActiveCfg = Debug|Win32
		{58614BB7-FBA0-4432-9D1B-CD2962D811FE}.Debug.Build.0 = Debug|Win32
		{58614BB7-FBA0-4432-9D1B-CD2962D811FE}.Debug - (서버용).ActiveCfg = Debug|Win32
		{58614BB7-FBA0-4432-9D1B-CD2962D811FE}.Debug - (서버용).Build.0 = Debug|Win32
		{58614BB7-FBA0-4432-9D1B-CD2962D811FE}.Engine_Debug.ActiveCfg = Debug|Win32
		{58614BB7-FBA0-4432-9D1B-CD2962D811FE}.Engine_Debug.Build.0 = Debug|Win32
		{58614BB7-FBA0-4432-9D1B-CD2962D811FE}.Performance Debug.ActiveCfg = Debug|Win32
		{58614BB7-FBA0-4432-9D1B-CD2962D811FE}.Performance Debug.Build.0 = Debug|Win32
		{58614BB7-FBA0-4432-9D1B-CD2962D811FE}.Performance Release.ActiveCfg = Release|Win32
		{58614BB7-FBA0-4432-9D1B-CD2962D811FE}.Performance Release.Build.0 = Release|Win32
		{58614BB7-FBA0-4432-9D1B-CD2962D811FE}.Prerelease.ActiveCfg = PreRelease|Win32
		{58614BB7-FBA0-4432-9D1B-CD2962D811FE}.Prerelease.Build.0 = PreRelease|Win32
		{58614BB7-FBA0-4432-9D1B-CD2962D811FE}.Release.ActiveCfg = Release|Win32
		{58614BB7-FBA0-4432-9D1B-CD2962D811FE}.Release.Build.0 = Release|Win32
		{58614BB7-FBA0-4432-9D1B-CD2962D811FE}.Release - (서버용).ActiveCfg = Release|Win32
		{58614BB7-FBA0-4432-9D1B-CD2962D811FE}.Release - (서버용).Build.0 = Release|Win32
		{58614BB7-FBA0-4432-9D1B-CD2962D811FE}.Release - 유저 배포 버전.ActiveCfg = Release|Win32
		{58614BB7-FBA0-4432-9D1B-CD2962D811FE}.Release - 유저 배포 버전.Build.0 = Release|Win32
		{58614BB7-FBA0-4432-9D1B-CD2962D811FE}.Release - 유저 배포 버전 ( 덤프 남김 ).ActiveCfg = Release|Win32
		{58614BB7-FBA0-4432-9D1B-CD2962D811FE}.Release - 유저 배포 버전 ( 덤프 남김 ).Build.0 = Release|Win32
		{58614BB7-FBA0-4432-9D1B-CD2962D811FE}.Release - ForHackShield.ActiveCfg = Release|Win32
		{58614BB7-FBA0-4432-9D1B-CD2962D811FE}.Release - ForHackShield.Build.0 = Release|Win32
		{58614BB7-FBA0-4432-9D1B-CD2962D811FE}.ServerDebug.ActiveCfg = Debug|Win32
		{58614BB7-FBA0-4432-9D1B-CD2962D811FE}.ServerDebug.Build.0 = Debug|Win32
		{58614BB7-FBA0-4432-9D1B-CD2962D811FE}.ServerPreRelease.ActiveCfg = PreRelease|Win32
		{58614BB7-FBA0-4432-9D1B-CD2962D811FE}.ServerPreRelease.Build.0 = PreRelease|Win32
		{58614BB7-FBA0-4432-9D1B-CD2962D811FE}.ServerRelease.ActiveCfg = Release|Win32
		{58614BB7-FBA0-4432-9D1B-CD2962D811FE}.ServerRelease.Build.0 = Release|Win32
		{174F41DF-B440-4B19-A2CC-883ACEFFF1C4}.Debug.ActiveCfg = Debug|Win32
		{174F41DF-B440-4B19-A2CC-883ACEFFF1C4}.Debug.Build.0 = Debug|Win32
		{174F41DF-B440-4B19-A2CC-883ACEFFF1C4}.Debug - (서버용).ActiveCfg = Debug|Win32
		{174F41DF-B440-4B19-A2CC-883ACEFFF1C4}.Debug - (서버용).Build.0 = Debug|Win32
		{174F41DF-B440-4B19-A2CC-883ACEFFF1C4}.Engine_Debug.ActiveCfg = Debug|Win32
		{174F41DF-B440-4B19-A2CC-883ACEFFF1C4}.Engine_Debug.Build.0 = Debug|Win32
		{174F41DF-B440-4B19-A2CC-883ACEFFF1C4}.Performance Debug.ActiveCfg = Debug|Win32
		{174F41DF-B440-4B19-A2CC-883ACEFFF1C4}.Performance Debug.Build.0 = Debug|Win32
		{174F41DF-B440-4B19-A2CC-883ACEFFF1C4}.Performance Release.ActiveCfg = Release|Win32
		{174F41DF-B440-4B19-A2CC-883ACEFFF1C4}.Performance Release.Build.0 = Release|Win32
		{174F41DF-B440-4B19-A2CC-883ACEFFF1C4}.Prerelease.ActiveCfg = PreRelease|Win32
		{174F41DF-B440-4B19-A2CC-883ACEFFF1C4}.Prerelease.Build.0 = PreRelease|Win32
		{174F41DF-B440-4B19-A2CC-883ACEFFF1C4}.Release.ActiveCfg = Release|Win32
		{174F41DF-B440-4B19-A2CC-883ACEFFF1C4}.Release.Build.0 = Release|Win32
		{174F41DF-B440-4B19-A2CC-883ACEFFF1C4}.Release - (서버용).ActiveCfg = Release|Win32
		{174F41DF-B440-4B19-A2CC-883ACEFFF1C4}.Release - (서버용).Build.0 = Release|Win32
		{174F41DF-B440-4B19-A2CC-883ACEFFF1C4}.Release - 유저 배포 버전.ActiveCfg = Release|Win32
		{174F41DF-B440-4B19-A2CC-883ACEFFF1C4}.Release - 유저 배포 버전.Build.0 = Release|Win32
		{174F41DF-B440-4B19-A2CC-883ACEFFF1C4}.Release - 유저 배포 버전 ( 덤프 남김 ).ActiveCfg = Release|Win32
		{174F41DF-B440-4B19-A2CC-883ACEFFF1C4}.Release - 유저 배포 버전 ( 덤프 남김 ).Build.0 = Release|Win32
		{174F41DF-B440-4B19-A2CC-883ACEFFF1C4}.Release - ForHackShield.ActiveCfg = Release|Win32
		{174F41DF-B440-4B19-A2CC-883ACEFFF1C4}.Release - ForHackShield.Build.0 = Release|Win32
		{174F41DF-B440-4B19-A2CC-883ACEFFF1C4}.ServerDebug.ActiveCfg = Debug|Win32
		{174F41DF-B440-4B19-A2CC-883ACEFFF1C4}.ServerDebug.Build.0 = Debug|Win32
		{174F41DF-B440-4B19-A2CC-883ACEFFF1C4}.ServerPreRelease.ActiveCfg = PreRelease|Win32
		{174F41DF-B440-4B19-A2CC-883ACEFFF1C4}.ServerPreRelease.Build.0 = PreRelease|Win32
		{174F41DF-B440-4B19-A2CC-883ACEFFF1C4}.ServerRelease.ActiveCfg = Release|Win32
		{174F41DF-B440-4B19-A2CC-883ACEFFF1C4}.ServerRelease.Build.0 = Release|Win32
		{598FC532-BF4B-447C-84FA-FC69318B051A}.Debug.ActiveCfg = Debug|Win32
		{598FC532-BF4B-447C-84FA-FC69318B051A}.Debug.Build.0 = Debug|Win32
		{598FC532-BF4B-447C-84FA-FC69318B051A}.Debug - (서버용).ActiveCfg = Debug|Win32
		{598FC532-BF4B-447C-84FA-FC69318B051A}.Debug - (서버용).Build.0 = Debug|Win32
		{598FC532-BF4B-447C-84FA-FC69318B051A}.Engine_Debug.ActiveCfg = Debug|Win32
		{598FC532-BF4B-447C-84FA-FC69318B051A}.Engine_Debug.Build.0 = Debug|Win32
		{598FC532-BF4B-447C-84FA-FC69318B051A}.Performance Debug.ActiveCfg = Debug|Win32
		{598FC532-BF4B-447C-84FA-FC69318B051A}.Performance Debug.Build.0 = Debug|Win32
		{598FC532-BF4B-447C-84FA-FC69318B051A}.Performance Release.ActiveCfg = Release|Win32
		{598FC532-BF4B-447C-84FA-FC69318B051A}.Performance Release.Build.0 = Release|Win32
		{598FC532-BF4B-447C-84FA-FC69318B051A}.Prerelease.ActiveCfg = PreRelease|Win32
		{598FC532-BF4B-447C-84FA-FC69318B051A}.Prerelease.Build.0 = PreRelease|Win32
		{598FC532-BF4B-447C-84FA-FC69318B051A}.Release.ActiveCfg = Release|Win32
		{598FC532-BF4B-447C-84FA-FC69318B051A}.Release.Build.0 = Release|Win32
		{598FC532-BF4B-447C-84FA-FC69318B051A}.Release - (서버용).ActiveCfg = Release|Win32
		{598FC532-BF4B-447C-84FA-FC69318B051A}.Release - (서버용).Build.0 = Release|Win32
		{598FC532-BF4B-447C-84FA-FC69318B051A}.Release - 유저 배포 버전.ActiveCfg = Release|Win32
		{598FC532-BF4B-447C-84FA-FC69318B051A}.Release - 유저 배포 버전.Build.0 = Release|Win32
		{598FC532-BF4B-447C-84FA-FC69318B051A}.Release - 유저 배포 버전 ( 덤프 남김 ).ActiveCfg = Release|Win32
		{598FC532-BF4B-447C-84FA-FC69318B051A}.Release - 유저 배포 버전 ( 덤프 남김 ).Build.0 = Release|Win32
		{598FC532-BF4B-447C-84FA-FC69318B051A}.Release - ForHackShield.ActiveCfg = Release|Win32
		{598FC532-BF4B-447C-84FA-FC69318B051A}.Release - ForHackShield.Build.0 = Release|Win32
		{598FC532-BF4B-447C-84FA-FC69318B051A}.ServerDebug.ActiveCfg = Debug|Win32
		{598FC532-BF4B-447C-84FA-FC69318B051A}.ServerDebug.Build.0 = Debug|Win32
		{598FC532-BF4B-447C-84FA-FC69318B051A}.ServerPreRelease.ActiveCfg = PreRelease|Win32
		{598FC532-BF4B-447C-84FA-FC69318B051A}.ServerPreRelease.Build.0 = PreRelease|Win32
		{598FC532-BF4B-447C-84FA-FC69318B051A}.ServerRelease.ActiveCfg = Release|Win32
		{598FC532-BF4B-447C-84FA-FC69318B051A}.ServerRelease.Build.0 = Release|Win32
		{CBDE2F5A-05D7-443D-87BE-F72F43A2D727}.Debug.ActiveCfg = Debug|Win32
		{CBDE2F5A-05D7-443D-87BE-F72F43A2D727}.Debug.Build.0 = Debug|Win32
		{CBDE2F5A-05D7-443D-87BE-F72F43A2D727}.Debug - (서버용).ActiveCfg = Debug|Win32
		{CBDE2F5A-05D7-443D-87BE-F72F43A2D727}.Debug - (서버용).Build.0 = Debug|Win32
		{CBDE2F5A-05D7-443D-87BE-F72F43A2D727}.Engine_Debug.ActiveCfg = Debug|Win32
		{CBDE2F5A-05D7-443D-87BE-F72F43A2D727}.Engine_Debug.Build.0 = Debug|Win32
		{CBDE2F5A-05D7-443D-87BE-F72F43A2D727}.Performance Debug.ActiveCfg = Debug|Win32
		{CBDE2F5A-05D7-443D-87BE-F72F43A2D727}.Performance Debug.Build.0 = Debug|Win32
		{CBDE2F5A-05D7-443D-87BE-F72F43A2D727}.Performance Release.ActiveCfg = Release|Win32
		{CBDE2F5A-05D7-443D-87BE-F72F43A2D727}.Performance Release.Build.0 = Release|Win32
		{CBDE2F5A-05D7-443D-87BE-F72F43A2D727}.Prerelease.ActiveCfg = Release|Win32
		{CBDE2F5A-05D7-443D-87BE-F72F43A2D727}.Prerelease.Build.0 = Release|Win32
		{CBDE2F5A-05D7-443D-87BE-F72F43A2D727}.Release.ActiveCfg = Release|Win32
		{CBDE2F5A-05D7-443D-87BE-F72F43A2D727}.Release.Build.0 = Release|Win32
		{CBDE2F5A-05D7-443D-87BE-F72F43A2D727}.Release - (서버용).ActiveCfg = Release|Win32
		{CBDE2F5A-05D7-443D-87BE-F72F43A2D727}.Release - (서버용).Build.0 = Release|Win32
		{CBDE2F5A-05D7-443D-87BE-F72F43A2D727}.Release - 유저 배포 버전.ActiveCfg = Release|Win32
		{CBDE2F5A-05D7-443D-87BE-F72F43A2D727}.Release - 유저 배포 버전.Build.0 = Release|Win32
		{CBDE2F5A-05D7-443D-87BE-F72F43A2D727}.Release - 유저 배포 버전 ( 덤프 남김 ).ActiveCfg = Release|Win32
		{CBDE2F5A-05D7-443D-87BE-F72F43A2D727}.Release - 유저 배포 버전 ( 덤프 남김 ).Build.0 = Release|Win32
		{CBDE2F5A-05D7-443D-87BE-F72F43A2D727}.Release - ForHackShield.ActiveCfg = Release|Win32
		{CBDE2F5A-05D7-443D-87BE-F72F43A2D727}.Release - ForHackShield.Build.0 = Release|Win32
		{CBDE2F5A-05D7-443D-87BE-F72F43A2D727}.ServerDebug.ActiveCfg = Debug|Win32
		{CBDE2F5A-05D7-443D-87BE-F72F43A2D727}.ServerDebug.Build.0 = Debug|Win32
		{CBDE2F5A-05D7-443D-87BE-F72F43A2D727}.ServerPreRelease.ActiveCfg = Release|Win32
		{CBDE2F5A-05D7-443D-87BE-F72F43A2D727}.ServerPreRelease.Build.0 = Release|Win32
		{CBDE2F5A-05D7-443D-87BE-F72F43A2D727}.ServerRelease.ActiveCfg = Release|Win32
		{CBDE2F5A-05D7-443D-87BE-F72F43A2D727}.ServerRelease.Build.0 = Release|Win32
	EndGlobalSection
	GlobalSection(ExtensibilityGlobals) = postSolution
	EndGlobalSection
	GlobalSection(ExtensibilityAddIns) = postSolution
	EndGlobalSection
	GlobalSection(DPCodeReviewSolutionGUID) = preSolution
		DPCodeReviewSolutionGUID = {00000000-0000-0000-0000-000000000000}
	EndGlobalSection
EndGlobal
