Microsoft Visual Studio Solution File, Format Version 10.00
# Visual Studio 2008
Project("{8BC9CEB8-8B4A-11D0-8D11-00A0C91BC942}") = "GameClient", "GameClient.vcproj", "{AAB34E69-2025-46CC-ABDB-166A1DC3B514}"
	ProjectSection(ProjectDependencies) = postProject
		{D22B9E03-B0C1-4EA8-B6CC-2D24933745E2} = {D22B9E03-B0C1-4EA8-B6CC-2D24933745E2}
		{F222182E-EF6B-4ADC-904B-062AA2511B3D} = {F222182E-EF6B-4ADC-904B-062AA2511B3D}
		{57794230-74A2-472B-AFA0-C34EE220D65E} = {57794230-74A2-472B-AFA0-C34EE220D65E}
		{16D89532-B0BA-4FBC-BA5A-7A333029743A} = {16D89532-B0BA-4FBC-BA5A-7A333029743A}
		{C40CA432-21FF-43EA-A604-452AE6C3430B} = {C40CA432-21FF-43EA-A604-452AE6C3430B}
		{4BD86D36-3934-4E26-8037-B83FE9BF1B3E} = {4BD86D36-3934-4E26-8037-B83FE9BF1B3E}
		{8D706D6B-9ED3-4EDA-9664-347BCB28A659} = {8D706D6B-9ED3-4EDA-9664-347BCB28A659}
		{42B49CD9-48ED-4FF4-8435-44FC609ABAF6} = {42B49CD9-48ED-4FF4-8435-44FC609ABAF6}
		{E52B2BE1-3D47-4545-9A60-33AC4C1D19F0} = {E52B2BE1-3D47-4545-9A60-33AC4C1D19F0}
		{FB4A96FD-50B3-4655-9438-DCFC5D36D254} = {FB4A96FD-50B3-4655-9438-DCFC5D36D254}
	EndProjectSection
EndProject
Project("{8BC9CEB8-8B4A-11D0-8D11-00A0C91BC942}") = "ProgramCommon", "..\..\ProgramCommon\ProgramCommon.vcproj", "{4BD86D36-3934-4E26-8037-B83FE9BF1B3E}"
EndProject
Project("{8BC9CEB8-8B4A-11D0-8D11-00A0C91BC942}") = "Utility", "..\..\Utility\Utility.vcproj", "{C40CA432-21FF-43EA-A604-452AE6C3430B}"
EndProject
Project("{8BC9CEB8-8B4A-11D0-8D11-00A0C91BC942}") = "SolarQuest", "..\..\SolarQuest\SolarQuest.vcproj", "{57794230-74A2-472B-AFA0-C34EE220D65E}"
EndProject
Project("{8BC9CEB8-8B4A-11D0-8D11-00A0C91BC942}") = "RankingLib", "..\..\RankingLib\RankingLib.vcproj", "{D22B9E03-B0C1-4EA8-B6CC-2D24933745E2}"
EndProject
Project("{8BC9CEB8-8B4A-11D0-8D11-00A0C91BC942}") = "SolarShop", "..\..\SolarShop\SolarShop.vcproj", "{F222182E-EF6B-4ADC-904B-062AA2511B3D}"
EndProject
Project("{8BC9CEB8-8B4A-11D0-8D11-00A0C91BC942}") = "SolarClientNetwork", "..\SolarClientNetwork\SolarClientNetwork.vcproj", "{FB4A96FD-50B3-4655-9438-DCFC5D36D254}"
	ProjectSection(ProjectDependencies) = postProject
		{5D9F0612-9C47-4E0A-A0BB-657BDF2CCAE0} = {5D9F0612-9C47-4E0A-A0BB-657BDF2CCAE0}
		{C40CA432-21FF-43EA-A604-452AE6C3430B} = {C40CA432-21FF-43EA-A604-452AE6C3430B}
	EndProjectSection
EndProject
Project("{8BC9CEB8-8B4A-11D0-8D11-00A0C91BC942}") = "SolarTrigger", "..\..\SolarTrigger\SolarTrigger.vcproj", "{16D89532-B0BA-4FBC-BA5A-7A333029743A}"
EndProject
Project("{8BC9CEB8-8B4A-11D0-8D11-00A0C91BC942}") = "PartyLib", "..\..\PartyLib\PartyLib.vcproj", "{8D706D6B-9ED3-4EDA-9664-347BCB28A659}"
	ProjectSection(ProjectDependencies) = postProject
		{C40CA432-21FF-43EA-A604-452AE6C3430B} = {C40CA432-21FF-43EA-A604-452AE6C3430B}
	EndProjectSection
EndProject
Project("{8BC9CEB8-8B4A-11D0-8D11-00A0C91BC942}") = "SolarSlot", "..\..\SolarSlot\SolarSlot.vcproj", "{42B49CD9-48ED-4FF4-8435-44FC609ABAF6}"
EndProject
Project("{8BC9CEB8-8B4A-11D0-8D11-00A0C91BC942}") = "gameShieldLib", "..\FrostShieldLib\gameShieldLib.vcproj", "{5D9F0612-9C47-4E0A-A0BB-657BDF2CCAE0}"
EndProject
Project("{8BC9CEB8-8B4A-11D0-8D11-00A0C91BC942}") = "Achievement", "..\..\Achievement\Achievement.vcproj", "{E52B2BE1-3D47-4545-9A60-33AC4C1D19F0}"
EndProject
Global
	GlobalSection(SolutionConfigurationPlatforms) = preSolution
		Debug - (서버용)|Win32 = Debug - (서버용)|Win32
		Debug - (???)|Win32 = Debug - (???)|Win32
		Debug|Win32 = Debug|Win32
		Engine_Debug|Win32 = Engine_Debug|Win32
		Performance Debug|Win32 = Performance Debug|Win32
		Performance Release|Win32 = Performance Release|Win32
		Prerelease|Win32 = Prerelease|Win32
		Release - (서버용)|Win32 = Release - (서버용)|Win32
		Release - (???)|Win32 = Release - (???)|Win32
		Release - 유저 배포 버전 ( 덤프 남김 )|Win32 = Release - 유저 배포 버전 ( 덤프 남김 )|Win32
		Release - 유저 배포 버전|Win32 = Release - 유저 배포 버전|Win32
		Release - ?? ?? ?? ( ?? ?? )|Win32 = Release - ?? ?? ?? ( ?? ?? )|Win32
		Release - ?? ?? ??|Win32 = Release - ?? ?? ??|Win32
		Release|Win32 = Release|Win32
	EndGlobalSection
	GlobalSection(ProjectConfigurationPlatforms) = postSolution
		{AAB34E69-2025-46CC-ABDB-166A1DC3B514}.Debug - (서버용)|Win32.ActiveCfg = Debug|Win32
		{AAB34E69-2025-46CC-ABDB-166A1DC3B514}.Debug - (???)|Win32.ActiveCfg = Debug|Win32
		{AAB34E69-2025-46CC-ABDB-166A1DC3B514}.Debug - (???)|Win32.Build.0 = Debug|Win32
		{AAB34E69-2025-46CC-ABDB-166A1DC3B514}.Debug|Win32.ActiveCfg = Debug|Win32
		{AAB34E69-2025-46CC-ABDB-166A1DC3B514}.Debug|Win32.Build.0 = Debug|Win32
		{AAB34E69-2025-46CC-ABDB-166A1DC3B514}.Engine_Debug|Win32.ActiveCfg = Engine_Debug|Win32
		{AAB34E69-2025-46CC-ABDB-166A1DC3B514}.Engine_Debug|Win32.Build.0 = Engine_Debug|Win32
		{AAB34E69-2025-46CC-ABDB-166A1DC3B514}.Performance Debug|Win32.ActiveCfg = Performance Debug|Win32
		{AAB34E69-2025-46CC-ABDB-166A1DC3B514}.Performance Debug|Win32.Build.0 = Performance Debug|Win32
		{AAB34E69-2025-46CC-ABDB-166A1DC3B514}.Performance Release|Win32.ActiveCfg = Performance Release|Win32
		{AAB34E69-2025-46CC-ABDB-166A1DC3B514}.Performance Release|Win32.Build.0 = Performance Release|Win32
		{AAB34E69-2025-46CC-ABDB-166A1DC3B514}.Prerelease|Win32.ActiveCfg = Prerelease|Win32
		{AAB34E69-2025-46CC-ABDB-166A1DC3B514}.Prerelease|Win32.Build.0 = Prerelease|Win32
		{AAB34E69-2025-46CC-ABDB-166A1DC3B514}.Release - (서버용)|Win32.ActiveCfg = Release - 유저 배포 버전 ( 덤프 남김 )|Win32
		{AAB34E69-2025-46CC-ABDB-166A1DC3B514}.Release - (???)|Win32.ActiveCfg = Release - 유저 배포 버전|Win32
		{AAB34E69-2025-46CC-ABDB-166A1DC3B514}.Release - (???)|Win32.Build.0 = Release - 유저 배포 버전|Win32
		{AAB34E69-2025-46CC-ABDB-166A1DC3B514}.Release - 유저 배포 버전 ( 덤프 남김 )|Win32.ActiveCfg = Release - 유저 배포 버전 ( 덤프 남김 )|Win32
		{AAB34E69-2025-46CC-ABDB-166A1DC3B514}.Release - 유저 배포 버전 ( 덤프 남김 )|Win32.Build.0 = Release - 유저 배포 버전 ( 덤프 남김 )|Win32
		{AAB34E69-2025-46CC-ABDB-166A1DC3B514}.Release - 유저 배포 버전|Win32.ActiveCfg = Release - 유저 배포 버전|Win32
		{AAB34E69-2025-46CC-ABDB-166A1DC3B514}.Release - 유저 배포 버전|Win32.Build.0 = Release - 유저 배포 버전|Win32
		{AAB34E69-2025-46CC-ABDB-166A1DC3B514}.Release - ?? ?? ?? ( ?? ?? )|Win32.ActiveCfg = Release - ?? ?? ?? ( ?? ?? )|Win32
		{AAB34E69-2025-46CC-ABDB-166A1DC3B514}.Release - ?? ?? ?? ( ?? ?? )|Win32.Build.0 = Release - ?? ?? ?? ( ?? ?? )|Win32
		{AAB34E69-2025-46CC-ABDB-166A1DC3B514}.Release - ?? ?? ??|Win32.ActiveCfg = Release - ?? ?? ??|Win32
		{AAB34E69-2025-46CC-ABDB-166A1DC3B514}.Release - ?? ?? ??|Win32.Build.0 = Release - ?? ?? ??|Win32
		{AAB34E69-2025-46CC-ABDB-166A1DC3B514}.Release|Win32.ActiveCfg = Release|Win32
		{AAB34E69-2025-46CC-ABDB-166A1DC3B514}.Release|Win32.Build.0 = Release|Win32
		{4BD86D36-3934-4E26-8037-B83FE9BF1B3E}.Debug - (서버용)|Win32.ActiveCfg = Debug - (서버용)|Win32
		{4BD86D36-3934-4E26-8037-B83FE9BF1B3E}.Debug - (???)|Win32.ActiveCfg = Debug - (???)|Win32
		{4BD86D36-3934-4E26-8037-B83FE9BF1B3E}.Debug - (???)|Win32.Build.0 = Debug - (???)|Win32
		{4BD86D36-3934-4E26-8037-B83FE9BF1B3E}.Debug|Win32.ActiveCfg = Debug|Win32
		{4BD86D36-3934-4E26-8037-B83FE9BF1B3E}.Debug|Win32.Build.0 = Debug|Win32
		{4BD86D36-3934-4E26-8037-B83FE9BF1B3E}.Engine_Debug|Win32.ActiveCfg = Debug|Win32
		{4BD86D36-3934-4E26-8037-B83FE9BF1B3E}.Engine_Debug|Win32.Build.0 = Debug|Win32
		{4BD86D36-3934-4E26-8037-B83FE9BF1B3E}.Performance Debug|Win32.ActiveCfg = Debug|Win32
		{4BD86D36-3934-4E26-8037-B83FE9BF1B3E}.Performance Debug|Win32.Build.0 = Debug|Win32
		{4BD86D36-3934-4E26-8037-B83FE9BF1B3E}.Performance Release|Win32.ActiveCfg = Performance Release|Win32
		{4BD86D36-3934-4E26-8037-B83FE9BF1B3E}.Performance Release|Win32.Build.0 = Performance Release|Win32
		{4BD86D36-3934-4E26-8037-B83FE9BF1B3E}.Prerelease|Win32.ActiveCfg = Release|Win32
		{4BD86D36-3934-4E26-8037-B83FE9BF1B3E}.Release - (서버용)|Win32.ActiveCfg = Release - (서버용)|Win32
		{4BD86D36-3934-4E26-8037-B83FE9BF1B3E}.Release - (???)|Win32.ActiveCfg = Release - (???)|Win32
		{4BD86D36-3934-4E26-8037-B83FE9BF1B3E}.Release - (???)|Win32.Build.0 = Release - (???)|Win32
		{4BD86D36-3934-4E26-8037-B83FE9BF1B3E}.Release - 유저 배포 버전 ( 덤프 남김 )|Win32.ActiveCfg = Release|Win32
		{4BD86D36-3934-4E26-8037-B83FE9BF1B3E}.Release - 유저 배포 버전 ( 덤프 남김 )|Win32.Build.0 = Release|Win32
		{4BD86D36-3934-4E26-8037-B83FE9BF1B3E}.Release - 유저 배포 버전|Win32.ActiveCfg = Release - 유저 배포 버전|Win32
		{4BD86D36-3934-4E26-8037-B83FE9BF1B3E}.Release - 유저 배포 버전|Win32.Build.0 = Release - 유저 배포 버전|Win32
		{4BD86D36-3934-4E26-8037-B83FE9BF1B3E}.Release - ?? ?? ?? ( ?? ?? )|Win32.ActiveCfg = Release - ?? ?? ?? ( ?? ?? )|Win32
		{4BD86D36-3934-4E26-8037-B83FE9BF1B3E}.Release - ?? ?? ?? ( ?? ?? )|Win32.Build.0 = Release - ?? ?? ?? ( ?? ?? )|Win32
		{4BD86D36-3934-4E26-8037-B83FE9BF1B3E}.Release - ?? ?? ??|Win32.ActiveCfg = Release - ?? ?? ??|Win32
		{4BD86D36-3934-4E26-8037-B83FE9BF1B3E}.Release - ?? ?? ??|Win32.Build.0 = Release - ?? ?? ??|Win32
		{4BD86D36-3934-4E26-8037-B83FE9BF1B3E}.Release|Win32.ActiveCfg = Release|Win32
		{4BD86D36-3934-4E26-8037-B83FE9BF1B3E}.Release|Win32.Build.0 = Release|Win32
		{C40CA432-21FF-43EA-A604-452AE6C3430B}.Debug - (서버용)|Win32.ActiveCfg = Debug|Win32
		{C40CA432-21FF-43EA-A604-452AE6C3430B}.Debug - (???)|Win32.ActiveCfg = Debug - (???)|Win32
		{C40CA432-21FF-43EA-A604-452AE6C3430B}.Debug - (???)|Win32.Build.0 = Debug - (???)|Win32
		{C40CA432-21FF-43EA-A604-452AE6C3430B}.Debug|Win32.ActiveCfg = Debug|Win32
		{C40CA432-21FF-43EA-A604-452AE6C3430B}.Debug|Win32.Build.0 = Debug|Win32
		{C40CA432-21FF-43EA-A604-452AE6C3430B}.Engine_Debug|Win32.ActiveCfg = Debug|Win32
		{C40CA432-21FF-43EA-A604-452AE6C3430B}.Engine_Debug|Win32.Build.0 = Debug|Win32
		{C40CA432-21FF-43EA-A604-452AE6C3430B}.Performance Debug|Win32.ActiveCfg = Debug|Win32
		{C40CA432-21FF-43EA-A604-452AE6C3430B}.Performance Debug|Win32.Build.0 = Debug|Win32
		{C40CA432-21FF-43EA-A604-452AE6C3430B}.Performance Release|Win32.ActiveCfg = Performance Release|Win32
		{C40CA432-21FF-43EA-A604-452AE6C3430B}.Performance Release|Win32.Build.0 = Performance Release|Win32
		{C40CA432-21FF-43EA-A604-452AE6C3430B}.Prerelease|Win32.ActiveCfg = Release|Win32
		{C40CA432-21FF-43EA-A604-452AE6C3430B}.Release - (서버용)|Win32.ActiveCfg = Release - 유저 배포 버전 ( 덤프 남김 )|Win32
		{C40CA432-21FF-43EA-A604-452AE6C3430B}.Release - (???)|Win32.ActiveCfg = Release - (???)|Win32
		{C40CA432-21FF-43EA-A604-452AE6C3430B}.Release - (???)|Win32.Build.0 = Release - (???)|Win32
		{C40CA432-21FF-43EA-A604-452AE6C3430B}.Release - 유저 배포 버전 ( 덤프 남김 )|Win32.ActiveCfg = Release - 유저 배포 버전 ( 덤프 남김 )|Win32
		{C40CA432-21FF-43EA-A604-452AE6C3430B}.Release - 유저 배포 버전 ( 덤프 남김 )|Win32.Build.0 = Release - 유저 배포 버전 ( 덤프 남김 )|Win32
		{C40CA432-21FF-43EA-A604-452AE6C3430B}.Release - 유저 배포 버전|Win32.ActiveCfg = Release - 유저 배포 버전|Win32
		{C40CA432-21FF-43EA-A604-452AE6C3430B}.Release - 유저 배포 버전|Win32.Build.0 = Release - 유저 배포 버전|Win32
		{C40CA432-21FF-43EA-A604-452AE6C3430B}.Release - ?? ?? ?? ( ?? ?? )|Win32.ActiveCfg = Release - ?? ?? ?? ( ?? ?? )|Win32
		{C40CA432-21FF-43EA-A604-452AE6C3430B}.Release - ?? ?? ?? ( ?? ?? )|Win32.Build.0 = Release - ?? ?? ?? ( ?? ?? )|Win32
		{C40CA432-21FF-43EA-A604-452AE6C3430B}.Release - ?? ?? ??|Win32.ActiveCfg = Release - ?? ?? ??|Win32
		{C40CA432-21FF-43EA-A604-452AE6C3430B}.Release - ?? ?? ??|Win32.Build.0 = Release - ?? ?? ??|Win32
		{C40CA432-21FF-43EA-A604-452AE6C3430B}.Release|Win32.ActiveCfg = Release|Win32
		{C40CA432-21FF-43EA-A604-452AE6C3430B}.Release|Win32.Build.0 = Release|Win32
		{57794230-74A2-472B-AFA0-C34EE220D65E}.Debug - (서버용)|Win32.ActiveCfg = Debug - (서버용)|Win32
		{57794230-74A2-472B-AFA0-C34EE220D65E}.Debug - (???)|Win32.ActiveCfg = Debug - (???)|Win32
		{57794230-74A2-472B-AFA0-C34EE220D65E}.Debug - (???)|Win32.Build.0 = Debug - (???)|Win32
		{57794230-74A2-472B-AFA0-C34EE220D65E}.Debug|Win32.ActiveCfg = Debug|Win32
		{57794230-74A2-472B-AFA0-C34EE220D65E}.Debug|Win32.Build.0 = Debug|Win32
		{57794230-74A2-472B-AFA0-C34EE220D65E}.Engine_Debug|Win32.ActiveCfg = Debug|Win32
		{57794230-74A2-472B-AFA0-C34EE220D65E}.Engine_Debug|Win32.Build.0 = Debug|Win32
		{57794230-74A2-472B-AFA0-C34EE220D65E}.Performance Debug|Win32.ActiveCfg = Debug|Win32
		{57794230-74A2-472B-AFA0-C34EE220D65E}.Performance Debug|Win32.Build.0 = Debug|Win32
		{57794230-74A2-472B-AFA0-C34EE220D65E}.Performance Release|Win32.ActiveCfg = Release|Win32
		{57794230-74A2-472B-AFA0-C34EE220D65E}.Performance Release|Win32.Build.0 = Release|Win32
		{57794230-74A2-472B-AFA0-C34EE220D65E}.Prerelease|Win32.ActiveCfg = Release|Win32
		{57794230-74A2-472B-AFA0-C34EE220D65E}.Release - (서버용)|Win32.ActiveCfg = Release - (서버용)|Win32
		{57794230-74A2-472B-AFA0-C34EE220D65E}.Release - (???)|Win32.ActiveCfg = Release - (???)|Win32
		{57794230-74A2-472B-AFA0-C34EE220D65E}.Release - (???)|Win32.Build.0 = Release - (???)|Win32
		{57794230-74A2-472B-AFA0-C34EE220D65E}.Release - 유저 배포 버전 ( 덤프 남김 )|Win32.ActiveCfg = Release|Win32
		{57794230-74A2-472B-AFA0-C34EE220D65E}.Release - 유저 배포 버전 ( 덤프 남김 )|Win32.Build.0 = Release|Win32
		{57794230-74A2-472B-AFA0-C34EE220D65E}.Release - 유저 배포 버전|Win32.ActiveCfg = Release|Win32
		{57794230-74A2-472B-AFA0-C34EE220D65E}.Release - 유저 배포 버전|Win32.Build.0 = Release|Win32
		{57794230-74A2-472B-AFA0-C34EE220D65E}.Release - ?? ?? ?? ( ?? ?? )|Win32.ActiveCfg = Release - (서버용)|Win32
		{57794230-74A2-472B-AFA0-C34EE220D65E}.Release - ?? ?? ?? ( ?? ?? )|Win32.Build.0 = Release - (서버용)|Win32
		{57794230-74A2-472B-AFA0-C34EE220D65E}.Release - ?? ?? ??|Win32.ActiveCfg = Release - (서버용)|Win32
		{57794230-74A2-472B-AFA0-C34EE220D65E}.Release - ?? ?? ??|Win32.Build.0 = Release - (서버용)|Win32
		{57794230-74A2-472B-AFA0-C34EE220D65E}.Release|Win32.ActiveCfg = Release|Win32
		{57794230-74A2-472B-AFA0-C34EE220D65E}.Release|Win32.Build.0 = Release|Win32
		{D22B9E03-B0C1-4EA8-B6CC-2D24933745E2}.Debug - (서버용)|Win32.ActiveCfg = Debug - (서버용)|Win32
		{D22B9E03-B0C1-4EA8-B6CC-2D24933745E2}.Debug - (???)|Win32.ActiveCfg = Debug - (???)|Win32
		{D22B9E03-B0C1-4EA8-B6CC-2D24933745E2}.Debug - (???)|Win32.Build.0 = Debug - (???)|Win32
		{D22B9E03-B0C1-4EA8-B6CC-2D24933745E2}.Debug|Win32.ActiveCfg = Debug|Win32
		{D22B9E03-B0C1-4EA8-B6CC-2D24933745E2}.Debug|Win32.Build.0 = Debug|Win32
		{D22B9E03-B0C1-4EA8-B6CC-2D24933745E2}.Engine_Debug|Win32.ActiveCfg = Debug|Win32
		{D22B9E03-B0C1-4EA8-B6CC-2D24933745E2}.Engine_Debug|Win32.Build.0 = Debug|Win32
		{D22B9E03-B0C1-4EA8-B6CC-2D24933745E2}.Performance Debug|Win32.ActiveCfg = Debug|Win32
		{D22B9E03-B0C1-4EA8-B6CC-2D24933745E2}.Performance Debug|Win32.Build.0 = Debug|Win32
		{D22B9E03-B0C1-4EA8-B6CC-2D24933745E2}.Performance Release|Win32.ActiveCfg = Release|Win32
		{D22B9E03-B0C1-4EA8-B6CC-2D24933745E2}.Performance Release|Win32.Build.0 = Release|Win32
		{D22B9E03-B0C1-4EA8-B6CC-2D24933745E2}.Prerelease|Win32.ActiveCfg = Release|Win32
		{D22B9E03-B0C1-4EA8-B6CC-2D24933745E2}.Release - (서버용)|Win32.ActiveCfg = Release - (서버용)|Win32
		{D22B9E03-B0C1-4EA8-B6CC-2D24933745E2}.Release - (???)|Win32.ActiveCfg = Release - (???)|Win32
		{D22B9E03-B0C1-4EA8-B6CC-2D24933745E2}.Release - (???)|Win32.Build.0 = Release - (???)|Win32
		{D22B9E03-B0C1-4EA8-B6CC-2D24933745E2}.Release - 유저 배포 버전 ( 덤프 남김 )|Win32.ActiveCfg = Release|Win32
		{D22B9E03-B0C1-4EA8-B6CC-2D24933745E2}.Release - 유저 배포 버전 ( 덤프 남김 )|Win32.Build.0 = Release|Win32
		{D22B9E03-B0C1-4EA8-B6CC-2D24933745E2}.Release - 유저 배포 버전|Win32.ActiveCfg = Release|Win32
		{D22B9E03-B0C1-4EA8-B6CC-2D24933745E2}.Release - 유저 배포 버전|Win32.Build.0 = Release|Win32
		{D22B9E03-B0C1-4EA8-B6CC-2D24933745E2}.Release - ?? ?? ?? ( ?? ?? )|Win32.ActiveCfg = Release - (서버용)|Win32
		{D22B9E03-B0C1-4EA8-B6CC-2D24933745E2}.Release - ?? ?? ?? ( ?? ?? )|Win32.Build.0 = Release - (서버용)|Win32
		{D22B9E03-B0C1-4EA8-B6CC-2D24933745E2}.Release - ?? ?? ??|Win32.ActiveCfg = Release - (서버용)|Win32
		{D22B9E03-B0C1-4EA8-B6CC-2D24933745E2}.Release - ?? ?? ??|Win32.Build.0 = Release - (서버용)|Win32
		{D22B9E03-B0C1-4EA8-B6CC-2D24933745E2}.Release|Win32.ActiveCfg = Release|Win32
		{D22B9E03-B0C1-4EA8-B6CC-2D24933745E2}.Release|Win32.Build.0 = Release|Win32
		{F222182E-EF6B-4ADC-904B-062AA2511B3D}.Debug - (서버용)|Win32.ActiveCfg = Debug|Win32
		{F222182E-EF6B-4ADC-904B-062AA2511B3D}.Debug - (???)|Win32.ActiveCfg = Debug - (???)|Win32
		{F222182E-EF6B-4ADC-904B-062AA2511B3D}.Debug - (???)|Win32.Build.0 = Debug - (???)|Win32
		{F222182E-EF6B-4ADC-904B-062AA2511B3D}.Debug|Win32.ActiveCfg = Debug|Win32
		{F222182E-EF6B-4ADC-904B-062AA2511B3D}.Debug|Win32.Build.0 = Debug|Win32
		{F222182E-EF6B-4ADC-904B-062AA2511B3D}.Engine_Debug|Win32.ActiveCfg = Debug|Win32
		{F222182E-EF6B-4ADC-904B-062AA2511B3D}.Engine_Debug|Win32.Build.0 = Debug|Win32
		{F222182E-EF6B-4ADC-904B-062AA2511B3D}.Performance Debug|Win32.ActiveCfg = Debug|Win32
		{F222182E-EF6B-4ADC-904B-062AA2511B3D}.Performance Debug|Win32.Build.0 = Debug|Win32
		{F222182E-EF6B-4ADC-904B-062AA2511B3D}.Performance Release|Win32.ActiveCfg = Release|Win32
		{F222182E-EF6B-4ADC-904B-062AA2511B3D}.Performance Release|Win32.Build.0 = Release|Win32
		{F222182E-EF6B-4ADC-904B-062AA2511B3D}.Prerelease|Win32.ActiveCfg = Release|Win32
		{F222182E-EF6B-4ADC-904B-062AA2511B3D}.Release - (서버용)|Win32.ActiveCfg = Release|Win32
		{F222182E-EF6B-4ADC-904B-062AA2511B3D}.Release - (???)|Win32.ActiveCfg = Release - (???)|Win32
		{F222182E-EF6B-4ADC-904B-062AA2511B3D}.Release - (???)|Win32.Build.0 = Release - (???)|Win32
		{F222182E-EF6B-4ADC-904B-062AA2511B3D}.Release - 유저 배포 버전 ( 덤프 남김 )|Win32.ActiveCfg = Release|Win32
		{F222182E-EF6B-4ADC-904B-062AA2511B3D}.Release - 유저 배포 버전 ( 덤프 남김 )|Win32.Build.0 = Release|Win32
		{F222182E-EF6B-4ADC-904B-062AA2511B3D}.Release - 유저 배포 버전|Win32.ActiveCfg = Release|Win32
		{F222182E-EF6B-4ADC-904B-062AA2511B3D}.Release - 유저 배포 버전|Win32.Build.0 = Release|Win32
		{F222182E-EF6B-4ADC-904B-062AA2511B3D}.Release - ?? ?? ?? ( ?? ?? )|Win32.ActiveCfg = Release - (???)|Win32
		{F222182E-EF6B-4ADC-904B-062AA2511B3D}.Release - ?? ?? ?? ( ?? ?? )|Win32.Build.0 = Release - (???)|Win32
		{F222182E-EF6B-4ADC-904B-062AA2511B3D}.Release - ?? ?? ??|Win32.ActiveCfg = Release - (???)|Win32
		{F222182E-EF6B-4ADC-904B-062AA2511B3D}.Release - ?? ?? ??|Win32.Build.0 = Release - (???)|Win32
		{F222182E-EF6B-4ADC-904B-062AA2511B3D}.Release|Win32.ActiveCfg = Release|Win32
		{F222182E-EF6B-4ADC-904B-062AA2511B3D}.Release|Win32.Build.0 = Release|Win32
		{FB4A96FD-50B3-4655-9438-DCFC5D36D254}.Debug - (서버용)|Win32.ActiveCfg = Debug|Win32
		{FB4A96FD-50B3-4655-9438-DCFC5D36D254}.Debug - (서버용)|Win32.Build.0 = Debug|Win32
		{FB4A96FD-50B3-4655-9438-DCFC5D36D254}.Debug - (???)|Win32.ActiveCfg = Debug|Win32
		{FB4A96FD-50B3-4655-9438-DCFC5D36D254}.Debug - (???)|Win32.Build.0 = Debug|Win32
		{FB4A96FD-50B3-4655-9438-DCFC5D36D254}.Debug|Win32.ActiveCfg = Debug|Win32
		{FB4A96FD-50B3-4655-9438-DCFC5D36D254}.Debug|Win32.Build.0 = Debug|Win32
		{FB4A96FD-50B3-4655-9438-DCFC5D36D254}.Engine_Debug|Win32.ActiveCfg = Debug|Win32
		{FB4A96FD-50B3-4655-9438-DCFC5D36D254}.Engine_Debug|Win32.Build.0 = Debug|Win32
		{FB4A96FD-50B3-4655-9438-DCFC5D36D254}.Performance Debug|Win32.ActiveCfg = Performance Release|Win32
		{FB4A96FD-50B3-4655-9438-DCFC5D36D254}.Performance Debug|Win32.Build.0 = Performance Release|Win32
		{FB4A96FD-50B3-4655-9438-DCFC5D36D254}.Performance Release|Win32.ActiveCfg = Performance Release|Win32
		{FB4A96FD-50B3-4655-9438-DCFC5D36D254}.Performance Release|Win32.Build.0 = Performance Release|Win32
		{FB4A96FD-50B3-4655-9438-DCFC5D36D254}.Prerelease|Win32.ActiveCfg = Release|Win32
		{FB4A96FD-50B3-4655-9438-DCFC5D36D254}.Prerelease|Win32.Build.0 = Release|Win32
		{FB4A96FD-50B3-4655-9438-DCFC5D36D254}.Release - (서버용)|Win32.ActiveCfg = Release - 유저 배포 버전 ( 덤프 남김 )|Win32
		{FB4A96FD-50B3-4655-9438-DCFC5D36D254}.Release - (서버용)|Win32.Build.0 = Release - 유저 배포 버전 ( 덤프 남김 )|Win32
		{FB4A96FD-50B3-4655-9438-DCFC5D36D254}.Release - (???)|Win32.ActiveCfg = Release - 유저 배포 버전 ( 덤프 남김 )|Win32
		{FB4A96FD-50B3-4655-9438-DCFC5D36D254}.Release - (???)|Win32.Build.0 = Release - 유저 배포 버전 ( 덤프 남김 )|Win32
		{FB4A96FD-50B3-4655-9438-DCFC5D36D254}.Release - 유저 배포 버전 ( 덤프 남김 )|Win32.ActiveCfg = Release|Win32
		{FB4A96FD-50B3-4655-9438-DCFC5D36D254}.Release - 유저 배포 버전 ( 덤프 남김 )|Win32.Build.0 = Release|Win32
		{FB4A96FD-50B3-4655-9438-DCFC5D36D254}.Release - 유저 배포 버전|Win32.ActiveCfg = Release|Win32
		{FB4A96FD-50B3-4655-9438-DCFC5D36D254}.Release - 유저 배포 버전|Win32.Build.0 = Release|Win32
		{FB4A96FD-50B3-4655-9438-DCFC5D36D254}.Release - ?? ?? ?? ( ?? ?? )|Win32.ActiveCfg = Release - ?? ?? ?? ( ?? ?? )|Win32
		{FB4A96FD-50B3-4655-9438-DCFC5D36D254}.Release - ?? ?? ?? ( ?? ?? )|Win32.Build.0 = Release - ?? ?? ?? ( ?? ?? )|Win32
		{FB4A96FD-50B3-4655-9438-DCFC5D36D254}.Release - ?? ?? ??|Win32.ActiveCfg = Release - ?? ?? ??|Win32
		{FB4A96FD-50B3-4655-9438-DCFC5D36D254}.Release - ?? ?? ??|Win32.Build.0 = Release - ?? ?? ??|Win32
		{FB4A96FD-50B3-4655-9438-DCFC5D36D254}.Release|Win32.ActiveCfg = Release|Win32
		{FB4A96FD-50B3-4655-9438-DCFC5D36D254}.Release|Win32.Build.0 = Release|Win32
		{16D89532-B0BA-4FBC-BA5A-7A333029743A}.Debug - (서버용)|Win32.ActiveCfg = Debug - (서버용)|Win32
		{16D89532-B0BA-4FBC-BA5A-7A333029743A}.Debug - (서버용)|Win32.Build.0 = Debug - (서버용)|Win32
		{16D89532-B0BA-4FBC-BA5A-7A333029743A}.Debug - (???)|Win32.ActiveCfg = Debug - (???)|Win32
		{16D89532-B0BA-4FBC-BA5A-7A333029743A}.Debug - (???)|Win32.Build.0 = Debug - (???)|Win32
		{16D89532-B0BA-4FBC-BA5A-7A333029743A}.Debug|Win32.ActiveCfg = Debug|Win32
		{16D89532-B0BA-4FBC-BA5A-7A333029743A}.Debug|Win32.Build.0 = Debug|Win32
		{16D89532-B0BA-4FBC-BA5A-7A333029743A}.Engine_Debug|Win32.ActiveCfg = Debug|Win32
		{16D89532-B0BA-4FBC-BA5A-7A333029743A}.Engine_Debug|Win32.Build.0 = Debug|Win32
		{16D89532-B0BA-4FBC-BA5A-7A333029743A}.Performance Debug|Win32.ActiveCfg = Debug|Win32
		{16D89532-B0BA-4FBC-BA5A-7A333029743A}.Performance Debug|Win32.Build.0 = Debug|Win32
		{16D89532-B0BA-4FBC-BA5A-7A333029743A}.Performance Release|Win32.ActiveCfg = Release|Win32
		{16D89532-B0BA-4FBC-BA5A-7A333029743A}.Performance Release|Win32.Build.0 = Release|Win32
		{16D89532-B0BA-4FBC-BA5A-7A333029743A}.Prerelease|Win32.ActiveCfg = Release|Win32
		{16D89532-B0BA-4FBC-BA5A-7A333029743A}.Prerelease|Win32.Build.0 = Release|Win32
		{16D89532-B0BA-4FBC-BA5A-7A333029743A}.Release - (서버용)|Win32.ActiveCfg = Release - (서버용)|Win32
		{16D89532-B0BA-4FBC-BA5A-7A333029743A}.Release - (서버용)|Win32.Build.0 = Release - (서버용)|Win32
		{16D89532-B0BA-4FBC-BA5A-7A333029743A}.Release - (???)|Win32.ActiveCfg = Release - (???)|Win32
		{16D89532-B0BA-4FBC-BA5A-7A333029743A}.Release - (???)|Win32.Build.0 = Release - (???)|Win32
		{16D89532-B0BA-4FBC-BA5A-7A333029743A}.Release - 유저 배포 버전 ( 덤프 남김 )|Win32.ActiveCfg = Release|Win32
		{16D89532-B0BA-4FBC-BA5A-7A333029743A}.Release - 유저 배포 버전 ( 덤프 남김 )|Win32.Build.0 = Release|Win32
		{16D89532-B0BA-4FBC-BA5A-7A333029743A}.Release - 유저 배포 버전|Win32.ActiveCfg = Release|Win32
		{16D89532-B0BA-4FBC-BA5A-7A333029743A}.Release - 유저 배포 버전|Win32.Build.0 = Release|Win32
		{16D89532-B0BA-4FBC-BA5A-7A333029743A}.Release - ?? ?? ?? ( ?? ?? )|Win32.ActiveCfg = Release - (서버용)|Win32
		{16D89532-B0BA-4FBC-BA5A-7A333029743A}.Release - ?? ?? ?? ( ?? ?? )|Win32.Build.0 = Release - (서버용)|Win32
		{16D89532-B0BA-4FBC-BA5A-7A333029743A}.Release - ?? ?? ??|Win32.ActiveCfg = Release - (서버용)|Win32
		{16D89532-B0BA-4FBC-BA5A-7A333029743A}.Release - ?? ?? ??|Win32.Build.0 = Release - (서버용)|Win32
		{16D89532-B0BA-4FBC-BA5A-7A333029743A}.Release|Win32.ActiveCfg = Release|Win32
		{16D89532-B0BA-4FBC-BA5A-7A333029743A}.Release|Win32.Build.0 = Release|Win32
		{8D706D6B-9ED3-4EDA-9664-347BCB28A659}.Debug - (서버용)|Win32.ActiveCfg = Debug|Win32
		{8D706D6B-9ED3-4EDA-9664-347BCB28A659}.Debug - (서버용)|Win32.Build.0 = Debug|Win32
		{8D706D6B-9ED3-4EDA-9664-347BCB28A659}.Debug - (???)|Win32.ActiveCfg = Debug - (???)|Win32
		{8D706D6B-9ED3-4EDA-9664-347BCB28A659}.Debug - (???)|Win32.Build.0 = Debug - (???)|Win32
		{8D706D6B-9ED3-4EDA-9664-347BCB28A659}.Debug|Win32.ActiveCfg = Debug|Win32
		{8D706D6B-9ED3-4EDA-9664-347BCB28A659}.Debug|Win32.Build.0 = Debug|Win32
		{8D706D6B-9ED3-4EDA-9664-347BCB28A659}.Engine_Debug|Win32.ActiveCfg = Debug|Win32
		{8D706D6B-9ED3-4EDA-9664-347BCB28A659}.Engine_Debug|Win32.Build.0 = Debug|Win32
		{8D706D6B-9ED3-4EDA-9664-347BCB28A659}.Performance Debug|Win32.ActiveCfg = Debug|Win32
		{8D706D6B-9ED3-4EDA-9664-347BCB28A659}.Performance Debug|Win32.Build.0 = Debug|Win32
		{8D706D6B-9ED3-4EDA-9664-347BCB28A659}.Performance Release|Win32.ActiveCfg = Release|Win32
		{8D706D6B-9ED3-4EDA-9664-347BCB28A659}.Performance Release|Win32.Build.0 = Release|Win32
		{8D706D6B-9ED3-4EDA-9664-347BCB28A659}.Prerelease|Win32.ActiveCfg = Release|Win32
		{8D706D6B-9ED3-4EDA-9664-347BCB28A659}.Prerelease|Win32.Build.0 = Release|Win32
		{8D706D6B-9ED3-4EDA-9664-347BCB28A659}.Release - (서버용)|Win32.ActiveCfg = Release|Win32
		{8D706D6B-9ED3-4EDA-9664-347BCB28A659}.Release - (서버용)|Win32.Build.0 = Release|Win32
		{8D706D6B-9ED3-4EDA-9664-347BCB28A659}.Release - (???)|Win32.ActiveCfg = Release - (???)|Win32
		{8D706D6B-9ED3-4EDA-9664-347BCB28A659}.Release - (???)|Win32.Build.0 = Release - (???)|Win32
		{8D706D6B-9ED3-4EDA-9664-347BCB28A659}.Release - 유저 배포 버전 ( 덤프 남김 )|Win32.ActiveCfg = Release|Win32
		{8D706D6B-9ED3-4EDA-9664-347BCB28A659}.Release - 유저 배포 버전 ( 덤프 남김 )|Win32.Build.0 = Release|Win32
		{8D706D6B-9ED3-4EDA-9664-347BCB28A659}.Release - 유저 배포 버전|Win32.ActiveCfg = Release|Win32
		{8D706D6B-9ED3-4EDA-9664-347BCB28A659}.Release - 유저 배포 버전|Win32.Build.0 = Release|Win32
		{8D706D6B-9ED3-4EDA-9664-347BCB28A659}.Release - ?? ?? ?? ( ?? ?? )|Win32.ActiveCfg = Release - (???)|Win32
		{8D706D6B-9ED3-4EDA-9664-347BCB28A659}.Release - ?? ?? ?? ( ?? ?? )|Win32.Build.0 = Release - (???)|Win32
		{8D706D6B-9ED3-4EDA-9664-347BCB28A659}.Release - ?? ?? ??|Win32.ActiveCfg = Release - (???)|Win32
		{8D706D6B-9ED3-4EDA-9664-347BCB28A659}.Release - ?? ?? ??|Win32.Build.0 = Release - (???)|Win32
		{8D706D6B-9ED3-4EDA-9664-347BCB28A659}.Release|Win32.ActiveCfg = Release|Win32
		{8D706D6B-9ED3-4EDA-9664-347BCB28A659}.Release|Win32.Build.0 = Release|Win32
		{42B49CD9-48ED-4FF4-8435-44FC609ABAF6}.Debug - (서버용)|Win32.ActiveCfg = Debug - (서버용)|Win32
		{42B49CD9-48ED-4FF4-8435-44FC609ABAF6}.Debug - (서버용)|Win32.Build.0 = Debug - (서버용)|Win32
		{42B49CD9-48ED-4FF4-8435-44FC609ABAF6}.Debug - (???)|Win32.ActiveCfg = Debug - (???)|Win32
		{42B49CD9-48ED-4FF4-8435-44FC609ABAF6}.Debug - (???)|Win32.Build.0 = Debug - (???)|Win32
		{42B49CD9-48ED-4FF4-8435-44FC609ABAF6}.Debug|Win32.ActiveCfg = Debug|Win32
		{42B49CD9-48ED-4FF4-8435-44FC609ABAF6}.Debug|Win32.Build.0 = Debug|Win32
		{42B49CD9-48ED-4FF4-8435-44FC609ABAF6}.Engine_Debug|Win32.ActiveCfg = Engine_Debug|Win32
		{42B49CD9-48ED-4FF4-8435-44FC609ABAF6}.Performance Debug|Win32.ActiveCfg = Debug|Win32
		{42B49CD9-48ED-4FF4-8435-44FC609ABAF6}.Performance Debug|Win32.Build.0 = Debug|Win32
		{42B49CD9-48ED-4FF4-8435-44FC609ABAF6}.Performance Release|Win32.ActiveCfg = Release|Win32
		{42B49CD9-48ED-4FF4-8435-44FC609ABAF6}.Performance Release|Win32.Build.0 = Release|Win32
		{42B49CD9-48ED-4FF4-8435-44FC609ABAF6}.Prerelease|Win32.ActiveCfg = Release|Win32
		{42B49CD9-48ED-4FF4-8435-44FC609ABAF6}.Prerelease|Win32.Build.0 = Release|Win32
		{42B49CD9-48ED-4FF4-8435-44FC609ABAF6}.Release - (서버용)|Win32.ActiveCfg = Release - (서버용)|Win32
		{42B49CD9-48ED-4FF4-8435-44FC609ABAF6}.Release - (서버용)|Win32.Build.0 = Release - (서버용)|Win32
		{42B49CD9-48ED-4FF4-8435-44FC609ABAF6}.Release - (???)|Win32.ActiveCfg = Release - (???)|Win32
		{42B49CD9-48ED-4FF4-8435-44FC609ABAF6}.Release - (???)|Win32.Build.0 = Release - (???)|Win32
		{42B49CD9-48ED-4FF4-8435-44FC609ABAF6}.Release - 유저 배포 버전 ( 덤프 남김 )|Win32.ActiveCfg = Release|Win32
		{42B49CD9-48ED-4FF4-8435-44FC609ABAF6}.Release - 유저 배포 버전 ( 덤프 남김 )|Win32.Build.0 = Release|Win32
		{42B49CD9-48ED-4FF4-8435-44FC609ABAF6}.Release - 유저 배포 버전|Win32.ActiveCfg = Release|Win32
		{42B49CD9-48ED-4FF4-8435-44FC609ABAF6}.Release - 유저 배포 버전|Win32.Build.0 = Release|Win32
		{42B49CD9-48ED-4FF4-8435-44FC609ABAF6}.Release - ?? ?? ?? ( ?? ?? )|Win32.ActiveCfg = Release - (서버용)|Win32
		{42B49CD9-48ED-4FF4-8435-44FC609ABAF6}.Release - ?? ?? ?? ( ?? ?? )|Win32.Build.0 = Release - (서버용)|Win32
		{42B49CD9-48ED-4FF4-8435-44FC609ABAF6}.Release - ?? ?? ??|Win32.ActiveCfg = Release - (서버용)|Win32
		{42B49CD9-48ED-4FF4-8435-44FC609ABAF6}.Release - ?? ?? ??|Win32.Build.0 = Release - (서버용)|Win32
		{42B49CD9-48ED-4FF4-8435-44FC609ABAF6}.Release|Win32.ActiveCfg = Release|Win32
		{42B49CD9-48ED-4FF4-8435-44FC609ABAF6}.Release|Win32.Build.0 = Release|Win32
		{5D9F0612-9C47-4E0A-A0BB-657BDF2CCAE0}.Debug - (서버용)|Win32.ActiveCfg = Release|Win32
		{5D9F0612-9C47-4E0A-A0BB-657BDF2CCAE0}.Debug - (서버용)|Win32.Build.0 = Release|Win32
		{5D9F0612-9C47-4E0A-A0BB-657BDF2CCAE0}.Debug - (???)|Win32.ActiveCfg = Debug|Win32
		{5D9F0612-9C47-4E0A-A0BB-657BDF2CCAE0}.Debug - (???)|Win32.Build.0 = Debug|Win32
		{5D9F0612-9C47-4E0A-A0BB-657BDF2CCAE0}.Debug|Win32.ActiveCfg = Debug|Win32
		{5D9F0612-9C47-4E0A-A0BB-657BDF2CCAE0}.Debug|Win32.Build.0 = Debug|Win32
		{5D9F0612-9C47-4E0A-A0BB-657BDF2CCAE0}.Engine_Debug|Win32.ActiveCfg = Debug|Win32
		{5D9F0612-9C47-4E0A-A0BB-657BDF2CCAE0}.Engine_Debug|Win32.Build.0 = Debug|Win32
		{5D9F0612-9C47-4E0A-A0BB-657BDF2CCAE0}.Performance Debug|Win32.ActiveCfg = Debug|Win32
		{5D9F0612-9C47-4E0A-A0BB-657BDF2CCAE0}.Performance Debug|Win32.Build.0 = Debug|Win32
		{5D9F0612-9C47-4E0A-A0BB-657BDF2CCAE0}.Performance Release|Win32.ActiveCfg = Release|Win32
		{5D9F0612-9C47-4E0A-A0BB-657BDF2CCAE0}.Performance Release|Win32.Build.0 = Release|Win32
		{5D9F0612-9C47-4E0A-A0BB-657BDF2CCAE0}.Prerelease|Win32.ActiveCfg = Release|Win32
		{5D9F0612-9C47-4E0A-A0BB-657BDF2CCAE0}.Prerelease|Win32.Build.0 = Release|Win32
		{5D9F0612-9C47-4E0A-A0BB-657BDF2CCAE0}.Release - (서버용)|Win32.ActiveCfg = Release|Win32
		{5D9F0612-9C47-4E0A-A0BB-657BDF2CCAE0}.Release - (서버용)|Win32.Build.0 = Release|Win32
		{5D9F0612-9C47-4E0A-A0BB-657BDF2CCAE0}.Release - (???)|Win32.ActiveCfg = Release|Win32
		{5D9F0612-9C47-4E0A-A0BB-657BDF2CCAE0}.Release - (???)|Win32.Build.0 = Release|Win32
		{5D9F0612-9C47-4E0A-A0BB-657BDF2CCAE0}.Release - 유저 배포 버전 ( 덤프 남김 )|Win32.ActiveCfg = Release|Win32
		{5D9F0612-9C47-4E0A-A0BB-657BDF2CCAE0}.Release - 유저 배포 버전 ( 덤프 남김 )|Win32.Build.0 = Release|Win32
		{5D9F0612-9C47-4E0A-A0BB-657BDF2CCAE0}.Release - 유저 배포 버전|Win32.ActiveCfg = Release|Win32
		{5D9F0612-9C47-4E0A-A0BB-657BDF2CCAE0}.Release - 유저 배포 버전|Win32.Build.0 = Release|Win32
		{5D9F0612-9C47-4E0A-A0BB-657BDF2CCAE0}.Release - ?? ?? ?? ( ?? ?? )|Win32.ActiveCfg = Release|Win32
		{5D9F0612-9C47-4E0A-A0BB-657BDF2CCAE0}.Release - ?? ?? ?? ( ?? ?? )|Win32.Build.0 = Release|Win32
		{5D9F0612-9C47-4E0A-A0BB-657BDF2CCAE0}.Release - ?? ?? ??|Win32.ActiveCfg = Release|Win32
		{5D9F0612-9C47-4E0A-A0BB-657BDF2CCAE0}.Release - ?? ?? ??|Win32.Build.0 = Release|Win32
		{5D9F0612-9C47-4E0A-A0BB-657BDF2CCAE0}.Release|Win32.ActiveCfg = Release|Win32
		{5D9F0612-9C47-4E0A-A0BB-657BDF2CCAE0}.Release|Win32.Build.0 = Release|Win32
		{E52B2BE1-3D47-4545-9A60-33AC4C1D19F0}.Debug - (서버용)|Win32.ActiveCfg = Debug - (서버용)|Win32
		{E52B2BE1-3D47-4545-9A60-33AC4C1D19F0}.Debug - (서버용)|Win32.Build.0 = Debug - (서버용)|Win32
		{E52B2BE1-3D47-4545-9A60-33AC4C1D19F0}.Debug - (???)|Win32.ActiveCfg = Debug - (???)|Win32
		{E52B2BE1-3D47-4545-9A60-33AC4C1D19F0}.Debug - (???)|Win32.Build.0 = Debug - (???)|Win32
		{E52B2BE1-3D47-4545-9A60-33AC4C1D19F0}.Debug|Win32.ActiveCfg = Debug|Win32
		{E52B2BE1-3D47-4545-9A60-33AC4C1D19F0}.Debug|Win32.Build.0 = Debug|Win32
		{E52B2BE1-3D47-4545-9A60-33AC4C1D19F0}.Engine_Debug|Win32.ActiveCfg = Debug|Win32
		{E52B2BE1-3D47-4545-9A60-33AC4C1D19F0}.Engine_Debug|Win32.Build.0 = Debug|Win32
		{E52B2BE1-3D47-4545-9A60-33AC4C1D19F0}.Performance Debug|Win32.ActiveCfg = Debug|Win32
		{E52B2BE1-3D47-4545-9A60-33AC4C1D19F0}.Performance Debug|Win32.Build.0 = Debug|Win32
		{E52B2BE1-3D47-4545-9A60-33AC4C1D19F0}.Performance Release|Win32.ActiveCfg = Release|Win32
		{E52B2BE1-3D47-4545-9A60-33AC4C1D19F0}.Performance Release|Win32.Build.0 = Release|Win32
		{E52B2BE1-3D47-4545-9A60-33AC4C1D19F0}.Prerelease|Win32.ActiveCfg = Release|Win32
		{E52B2BE1-3D47-4545-9A60-33AC4C1D19F0}.Prerelease|Win32.Build.0 = Release|Win32
		{E52B2BE1-3D47-4545-9A60-33AC4C1D19F0}.Release - (서버용)|Win32.ActiveCfg = Release|Win32
		{E52B2BE1-3D47-4545-9A60-33AC4C1D19F0}.Release - (서버용)|Win32.Build.0 = Release|Win32
		{E52B2BE1-3D47-4545-9A60-33AC4C1D19F0}.Release - (???)|Win32.ActiveCfg = Release - (???)|Win32
		{E52B2BE1-3D47-4545-9A60-33AC4C1D19F0}.Release - (???)|Win32.Build.0 = Release - (???)|Win32
		{E52B2BE1-3D47-4545-9A60-33AC4C1D19F0}.Release - 유저 배포 버전 ( 덤프 남김 )|Win32.ActiveCfg = Release|Win32
		{E52B2BE1-3D47-4545-9A60-33AC4C1D19F0}.Release - 유저 배포 버전 ( 덤프 남김 )|Win32.Build.0 = Release|Win32
		{E52B2BE1-3D47-4545-9A60-33AC4C1D19F0}.Release - 유저 배포 버전|Win32.ActiveCfg = Release|Win32
		{E52B2BE1-3D47-4545-9A60-33AC4C1D19F0}.Release - 유저 배포 버전|Win32.Build.0 = Release|Win32
		{E52B2BE1-3D47-4545-9A60-33AC4C1D19F0}.Release - ?? ?? ?? ( ?? ?? )|Win32.ActiveCfg = Release - (???)|Win32
		{E52B2BE1-3D47-4545-9A60-33AC4C1D19F0}.Release - ?? ?? ?? ( ?? ?? )|Win32.Build.0 = Release - (???)|Win32
		{E52B2BE1-3D47-4545-9A60-33AC4C1D19F0}.Release - ?? ?? ??|Win32.ActiveCfg = Release - (???)|Win32
		{E52B2BE1-3D47-4545-9A60-33AC4C1D19F0}.Release - ?? ?? ??|Win32.Build.0 = Release - (???)|Win32
		{E52B2BE1-3D47-4545-9A60-33AC4C1D19F0}.Release|Win32.ActiveCfg = Release|Win32
		{E52B2BE1-3D47-4545-9A60-33AC4C1D19F0}.Release|Win32.Build.0 = Release|Win32
	EndGlobalSection
	GlobalSection(SolutionProperties) = preSolution
		HideSolutionNode = FALSE
	EndGlobalSection
	GlobalSection(DPCodeReviewSolutionGUID) = preSolution
		DPCodeReviewSolutionGUID = {00000000-0000-0000-0000-000000000000}
	EndGlobalSection
EndGlobal
