Microsoft Visual Studio Solution File, Format Version 10.00
# Visual Studio 2008
Project("{8BC9CEB8-8B4A-11D0-8D11-00A0C91BC942}") = "AuthAgent", "AuthAgent\AuthAgent.2008.vcproj", "{BBE81AA3-71A9-4B13-BC02-364AEC9CFF25}"
	ProjectSection(ProjectDependencies) = postProject
		{4B5E170D-EA2B-4018-B626-9E7F53A737C0} = {4B5E170D-EA2B-4018-B626-9E7F53A737C0}
		{C40CA432-21FF-43EA-A604-452AE6C3430B} = {C40CA432-21FF-43EA-A604-452AE6C3430B}
		{4BD86D36-3934-4E26-8037-B83FE9BF1B3E} = {4BD86D36-3934-4E26-8037-B83FE9BF1B3E}
		{ABF63E43-1C54-4124-B7C3-BEEE91F123F0} = {ABF63E43-1C54-4124-B7C3-BEEE91F123F0}
		{2CB4D251-76AE-40CD-B710-AE2A593D337D} = {2CB4D251-76AE-40CD-B710-AE2A593D337D}
		{B9A5515B-E1C7-4DAB-86F3-A6CC1B1E6E3C} = {B9A5515B-E1C7-4DAB-86F3-A6CC1B1E6E3C}
		{DC078BBB-CEFB-4020-845E-E8178777E6FD} = {DC078BBB-CEFB-4020-845E-E8178777E6FD}
		{7D2025D0-D8A3-47AC-9C24-CC7928567914} = {7D2025D0-D8A3-47AC-9C24-CC7928567914}
	EndProjectSection
EndProject
Project("{8BC9CEB8-8B4A-11D0-8D11-00A0C91BC942}") = "AuthServer", "AuthServer\AuthServer.2008.vcproj", "{9B77CF90-B685-4AE7-AB2F-78E7B387FC94}"
	ProjectSection(ProjectDependencies) = postProject
		{4B5E170D-EA2B-4018-B626-9E7F53A737C0} = {4B5E170D-EA2B-4018-B626-9E7F53A737C0}
		{C40CA432-21FF-43EA-A604-452AE6C3430B} = {C40CA432-21FF-43EA-A604-452AE6C3430B}
		{4BD86D36-3934-4E26-8037-B83FE9BF1B3E} = {4BD86D36-3934-4E26-8037-B83FE9BF1B3E}
		{ABF63E43-1C54-4124-B7C3-BEEE91F123F0} = {ABF63E43-1C54-4124-B7C3-BEEE91F123F0}
		{2CB4D251-76AE-40CD-B710-AE2A593D337D} = {2CB4D251-76AE-40CD-B710-AE2A593D337D}
		{B9A5515B-E1C7-4DAB-86F3-A6CC1B1E6E3C} = {B9A5515B-E1C7-4DAB-86F3-A6CC1B1E6E3C}
		{DC078BBB-CEFB-4020-845E-E8178777E6FD} = {DC078BBB-CEFB-4020-845E-E8178777E6FD}
		{7D2025D0-D8A3-47AC-9C24-CC7928567914} = {7D2025D0-D8A3-47AC-9C24-CC7928567914}
	EndProjectSection
EndProject
Project("{8BC9CEB8-8B4A-11D0-8D11-00A0C91BC942}") = "LoginFront", "LoginFront\LoginFront.2008.vcproj", "{4C9A0647-191F-4F19-B0DC-256F2F1543ED}"
	ProjectSection(ProjectDependencies) = postProject
		{4B5E170D-EA2B-4018-B626-9E7F53A737C0} = {4B5E170D-EA2B-4018-B626-9E7F53A737C0}
		{C40CA432-21FF-43EA-A604-452AE6C3430B} = {C40CA432-21FF-43EA-A604-452AE6C3430B}
		{4BD86D36-3934-4E26-8037-B83FE9BF1B3E} = {4BD86D36-3934-4E26-8037-B83FE9BF1B3E}
		{ABF63E43-1C54-4124-B7C3-BEEE91F123F0} = {ABF63E43-1C54-4124-B7C3-BEEE91F123F0}
		{2CB4D251-76AE-40CD-B710-AE2A593D337D} = {2CB4D251-76AE-40CD-B710-AE2A593D337D}
		{B9A5515B-E1C7-4DAB-86F3-A6CC1B1E6E3C} = {B9A5515B-E1C7-4DAB-86F3-A6CC1B1E6E3C}
		{DC078BBB-CEFB-4020-845E-E8178777E6FD} = {DC078BBB-CEFB-4020-845E-E8178777E6FD}
		{7D2025D0-D8A3-47AC-9C24-CC7928567914} = {7D2025D0-D8A3-47AC-9C24-CC7928567914}
	EndProjectSection
EndProject
Project("{8BC9CEB8-8B4A-11D0-8D11-00A0C91BC942}") = "MatrixLib", "MatrixLib\MatrixLib.2008.vcproj", "{ABF63E43-1C54-4124-B7C3-BEEE91F123F0}"
EndProject
Project("{8BC9CEB8-8B4A-11D0-8D11-00A0C91BC942}") = "WZ_MD5_MOD", "WZMD5\WZ_MD5_MOD.2008.vcproj", "{B9A5515B-E1C7-4DAB-86F3-A6CC1B1E6E3C}"
EndProject
Project("{8BC9CEB8-8B4A-11D0-8D11-00A0C91BC942}") = "eXtreme", "eXtreme\eXtreme.2008.vcproj", "{DC078BBB-CEFB-4020-845E-E8178777E6FD}"
EndProject
Project("{8BC9CEB8-8B4A-11D0-8D11-00A0C91BC942}") = "CryptLib", "CryptLib\CryptLib.2008.vcproj", "{4B5E170D-EA2B-4018-B626-9E7F53A737C0}"
EndProject
Project("{8BC9CEB8-8B4A-11D0-8D11-00A0C91BC942}") = "AuthCommon", "AuthCommon\AuthCommon.2008.vcproj", "{7D2025D0-D8A3-47AC-9C24-CC7928567914}"
EndProject
Project("{8BC9CEB8-8B4A-11D0-8D11-00A0C91BC942}") = "ProgramCommon", "..\..\ProgramCommon\ProgramCommon.2008.vcproj", "{4BD86D36-3934-4E26-8037-B83FE9BF1B3E}"
EndProject
Project("{8BC9CEB8-8B4A-11D0-8D11-00A0C91BC942}") = "Utility", "..\..\Utility\Utility.2008.vcproj", "{C40CA432-21FF-43EA-A604-452AE6C3430B}"
EndProject
Project("{8BC9CEB8-8B4A-11D0-8D11-00A0C91BC942}") = "Common", "..\Common\Common.2008.vcproj", "{2CB4D251-76AE-40CD-B710-AE2A593D337D}"
EndProject
Project("{8BC9CEB8-8B4A-11D0-8D11-00A0C91BC942}") = "SharedLib4Build", "..\SharedLib4Build\SharedLib4Build.2008.vcproj", "{1D728FC9-D945-4B2D-B5F1-E48BBAF503EB}"
EndProject
Global
	GlobalSection(SolutionConfigurationPlatforms) = preSolution
		Debug - (서버용)|Win32 = Debug - (서버용)|Win32
		Debug|Win32 = Debug|Win32
		Release - (서버용)|Win32 = Release - (서버용)|Win32
		Release|Win32 = Release|Win32
	EndGlobalSection
	GlobalSection(ProjectConfigurationPlatforms) = postSolution
		{BBE81AA3-71A9-4B13-BC02-364AEC9CFF25}.Debug - (서버용)|Win32.ActiveCfg = Debug|Win32
		{BBE81AA3-71A9-4B13-BC02-364AEC9CFF25}.Debug - (서버용)|Win32.Build.0 = Debug|Win32
		{BBE81AA3-71A9-4B13-BC02-364AEC9CFF25}.Debug|Win32.ActiveCfg = Debug|Win32
		{BBE81AA3-71A9-4B13-BC02-364AEC9CFF25}.Release - (서버용)|Win32.ActiveCfg = Release|Win32
		{BBE81AA3-71A9-4B13-BC02-364AEC9CFF25}.Release - (서버용)|Win32.Build.0 = Release|Win32
		{BBE81AA3-71A9-4B13-BC02-364AEC9CFF25}.Release|Win32.ActiveCfg = Release|Win32
		{9B77CF90-B685-4AE7-AB2F-78E7B387FC94}.Debug - (서버용)|Win32.ActiveCfg = Debug|Win32
		{9B77CF90-B685-4AE7-AB2F-78E7B387FC94}.Debug - (서버용)|Win32.Build.0 = Debug|Win32
		{9B77CF90-B685-4AE7-AB2F-78E7B387FC94}.Debug|Win32.ActiveCfg = Debug|Win32
		{9B77CF90-B685-4AE7-AB2F-78E7B387FC94}.Release - (서버용)|Win32.ActiveCfg = Release|Win32
		{9B77CF90-B685-4AE7-AB2F-78E7B387FC94}.Release - (서버용)|Win32.Build.0 = Release|Win32
		{9B77CF90-B685-4AE7-AB2F-78E7B387FC94}.Release|Win32.ActiveCfg = Release|Win32
		{4C9A0647-191F-4F19-B0DC-256F2F1543ED}.Debug - (서버용)|Win32.ActiveCfg = Debug|Win32
		{4C9A0647-191F-4F19-B0DC-256F2F1543ED}.Debug - (서버용)|Win32.Build.0 = Debug|Win32
		{4C9A0647-191F-4F19-B0DC-256F2F1543ED}.Debug|Win32.ActiveCfg = Debug|Win32
		{4C9A0647-191F-4F19-B0DC-256F2F1543ED}.Release - (서버용)|Win32.ActiveCfg = Release|Win32
		{4C9A0647-191F-4F19-B0DC-256F2F1543ED}.Release - (서버용)|Win32.Build.0 = Release|Win32
		{4C9A0647-191F-4F19-B0DC-256F2F1543ED}.Release|Win32.ActiveCfg = Release|Win32
		{ABF63E43-1C54-4124-B7C3-BEEE91F123F0}.Debug - (서버용)|Win32.ActiveCfg = Debug|Win32
		{ABF63E43-1C54-4124-B7C3-BEEE91F123F0}.Debug - (서버용)|Win32.Build.0 = Debug|Win32
		{ABF63E43-1C54-4124-B7C3-BEEE91F123F0}.Debug|Win32.ActiveCfg = Debug|Win32
		{ABF63E43-1C54-4124-B7C3-BEEE91F123F0}.Debug|Win32.Build.0 = Debug|Win32
		{ABF63E43-1C54-4124-B7C3-BEEE91F123F0}.Release - (서버용)|Win32.ActiveCfg = Release|Win32
		{ABF63E43-1C54-4124-B7C3-BEEE91F123F0}.Release - (서버용)|Win32.Build.0 = Release|Win32
		{ABF63E43-1C54-4124-B7C3-BEEE91F123F0}.Release|Win32.ActiveCfg = Release|Win32
		{ABF63E43-1C54-4124-B7C3-BEEE91F123F0}.Release|Win32.Build.0 = Release|Win32
		{B9A5515B-E1C7-4DAB-86F3-A6CC1B1E6E3C}.Debug - (서버용)|Win32.ActiveCfg = Debug|Win32
		{B9A5515B-E1C7-4DAB-86F3-A6CC1B1E6E3C}.Debug - (서버용)|Win32.Build.0 = Debug|Win32
		{B9A5515B-E1C7-4DAB-86F3-A6CC1B1E6E3C}.Debug|Win32.ActiveCfg = Debug|Win32
		{B9A5515B-E1C7-4DAB-86F3-A6CC1B1E6E3C}.Debug|Win32.Build.0 = Debug|Win32
		{B9A5515B-E1C7-4DAB-86F3-A6CC1B1E6E3C}.Release - (서버용)|Win32.ActiveCfg = Release|Win32
		{B9A5515B-E1C7-4DAB-86F3-A6CC1B1E6E3C}.Release - (서버용)|Win32.Build.0 = Release|Win32
		{B9A5515B-E1C7-4DAB-86F3-A6CC1B1E6E3C}.Release|Win32.ActiveCfg = Release|Win32
		{B9A5515B-E1C7-4DAB-86F3-A6CC1B1E6E3C}.Release|Win32.Build.0 = Release|Win32
		{DC078BBB-CEFB-4020-845E-E8178777E6FD}.Debug - (서버용)|Win32.ActiveCfg = Debug|Win32
		{DC078BBB-CEFB-4020-845E-E8178777E6FD}.Debug - (서버용)|Win32.Build.0 = Debug|Win32
		{DC078BBB-CEFB-4020-845E-E8178777E6FD}.Debug|Win32.ActiveCfg = Debug|Win32
		{DC078BBB-CEFB-4020-845E-E8178777E6FD}.Debug|Win32.Build.0 = Debug|Win32
		{DC078BBB-CEFB-4020-845E-E8178777E6FD}.Release - (서버용)|Win32.ActiveCfg = Release|Win32
		{DC078BBB-CEFB-4020-845E-E8178777E6FD}.Release - (서버용)|Win32.Build.0 = Release|Win32
		{DC078BBB-CEFB-4020-845E-E8178777E6FD}.Release|Win32.ActiveCfg = Release|Win32
		{DC078BBB-CEFB-4020-845E-E8178777E6FD}.Release|Win32.Build.0 = Release|Win32
		{4B5E170D-EA2B-4018-B626-9E7F53A737C0}.Debug - (서버용)|Win32.ActiveCfg = Debug|Win32
		{4B5E170D-EA2B-4018-B626-9E7F53A737C0}.Debug - (서버용)|Win32.Build.0 = Debug|Win32
		{4B5E170D-EA2B-4018-B626-9E7F53A737C0}.Debug|Win32.ActiveCfg = Debug|Win32
		{4B5E170D-EA2B-4018-B626-9E7F53A737C0}.Debug|Win32.Build.0 = Debug|Win32
		{4B5E170D-EA2B-4018-B626-9E7F53A737C0}.Release - (서버용)|Win32.ActiveCfg = Release|Win32
		{4B5E170D-EA2B-4018-B626-9E7F53A737C0}.Release - (서버용)|Win32.Build.0 = Release|Win32
		{4B5E170D-EA2B-4018-B626-9E7F53A737C0}.Release|Win32.ActiveCfg = Release|Win32
		{4B5E170D-EA2B-4018-B626-9E7F53A737C0}.Release|Win32.Build.0 = Release|Win32
		{7D2025D0-D8A3-47AC-9C24-CC7928567914}.Debug - (서버용)|Win32.ActiveCfg = Debug|Win32
		{7D2025D0-D8A3-47AC-9C24-CC7928567914}.Debug - (서버용)|Win32.Build.0 = Debug|Win32
		{7D2025D0-D8A3-47AC-9C24-CC7928567914}.Debug|Win32.ActiveCfg = Debug|Win32
		{7D2025D0-D8A3-47AC-9C24-CC7928567914}.Debug|Win32.Build.0 = Debug|Win32
		{7D2025D0-D8A3-47AC-9C24-CC7928567914}.Release - (서버용)|Win32.ActiveCfg = Release|Win32
		{7D2025D0-D8A3-47AC-9C24-CC7928567914}.Release - (서버용)|Win32.Build.0 = Release|Win32
		{7D2025D0-D8A3-47AC-9C24-CC7928567914}.Release|Win32.ActiveCfg = Release|Win32
		{7D2025D0-D8A3-47AC-9C24-CC7928567914}.Release|Win32.Build.0 = Release|Win32
		{4BD86D36-3934-4E26-8037-B83FE9BF1B3E}.Debug - (서버용)|Win32.ActiveCfg = Debug - (서버용)|Win32
		{4BD86D36-3934-4E26-8037-B83FE9BF1B3E}.Debug - (서버용)|Win32.Build.0 = Debug - (서버용)|Win32
		{4BD86D36-3934-4E26-8037-B83FE9BF1B3E}.Debug|Win32.ActiveCfg = Debug - (서버용)|Win32
		{4BD86D36-3934-4E26-8037-B83FE9BF1B3E}.Debug|Win32.Build.0 = Debug - (서버용)|Win32
		{4BD86D36-3934-4E26-8037-B83FE9BF1B3E}.Release - (서버용)|Win32.ActiveCfg = Release - (서버용)|Win32
		{4BD86D36-3934-4E26-8037-B83FE9BF1B3E}.Release - (서버용)|Win32.Build.0 = Release - (서버용)|Win32
		{4BD86D36-3934-4E26-8037-B83FE9BF1B3E}.Release|Win32.ActiveCfg = Release - (서버용)|Win32
		{4BD86D36-3934-4E26-8037-B83FE9BF1B3E}.Release|Win32.Build.0 = Release - (서버용)|Win32
		{C40CA432-21FF-43EA-A604-452AE6C3430B}.Debug - (서버용)|Win32.ActiveCfg = Debug - (서버용)|Win32
		{C40CA432-21FF-43EA-A604-452AE6C3430B}.Debug - (서버용)|Win32.Build.0 = Debug - (서버용)|Win32
		{C40CA432-21FF-43EA-A604-452AE6C3430B}.Debug|Win32.ActiveCfg = Debug - (서버용)|Win32
		{C40CA432-21FF-43EA-A604-452AE6C3430B}.Debug|Win32.Build.0 = Debug - (서버용)|Win32
		{C40CA432-21FF-43EA-A604-452AE6C3430B}.Release - (서버용)|Win32.ActiveCfg = Release - (서버용)|Win32
		{C40CA432-21FF-43EA-A604-452AE6C3430B}.Release - (서버용)|Win32.Build.0 = Release - (서버용)|Win32
		{C40CA432-21FF-43EA-A604-452AE6C3430B}.Release|Win32.ActiveCfg = Release - (서버용)|Win32
		{C40CA432-21FF-43EA-A604-452AE6C3430B}.Release|Win32.Build.0 = Release - (서버용)|Win32
		{2CB4D251-76AE-40CD-B710-AE2A593D337D}.Debug - (서버용)|Win32.ActiveCfg = Debug|Win32
		{2CB4D251-76AE-40CD-B710-AE2A593D337D}.Debug - (서버용)|Win32.Build.0 = Debug|Win32
		{2CB4D251-76AE-40CD-B710-AE2A593D337D}.Debug|Win32.ActiveCfg = Debug|Win32
		{2CB4D251-76AE-40CD-B710-AE2A593D337D}.Debug|Win32.Build.0 = Debug|Win32
		{2CB4D251-76AE-40CD-B710-AE2A593D337D}.Release - (서버용)|Win32.ActiveCfg = Release|Win32
		{2CB4D251-76AE-40CD-B710-AE2A593D337D}.Release - (서버용)|Win32.Build.0 = Release|Win32
		{2CB4D251-76AE-40CD-B710-AE2A593D337D}.Release|Win32.ActiveCfg = Release|Win32
		{2CB4D251-76AE-40CD-B710-AE2A593D337D}.Release|Win32.Build.0 = Release|Win32
		{1D728FC9-D945-4B2D-B5F1-E48BBAF503EB}.Debug - (서버용)|Win32.ActiveCfg = Debug|Win32
		{1D728FC9-D945-4B2D-B5F1-E48BBAF503EB}.Debug - (서버용)|Win32.Build.0 = Debug|Win32
		{1D728FC9-D945-4B2D-B5F1-E48BBAF503EB}.Debug|Win32.ActiveCfg = Debug|Win32
		{1D728FC9-D945-4B2D-B5F1-E48BBAF503EB}.Release - (서버용)|Win32.ActiveCfg = Release|Win32
		{1D728FC9-D945-4B2D-B5F1-E48BBAF503EB}.Release - (서버용)|Win32.Build.0 = Release|Win32
		{1D728FC9-D945-4B2D-B5F1-E48BBAF503EB}.Release|Win32.ActiveCfg = Release|Win32
	EndGlobalSection
	GlobalSection(SolutionProperties) = preSolution
		HideSolutionNode = FALSE
	EndGlobalSection
	GlobalSection(DPCodeReviewSolutionGUID) = preSolution
		DPCodeReviewSolutionGUID = {00000000-0000-0000-0000-000000000000}
	EndGlobalSection
EndGlobal
