Microsoft Visual Studio Solution File, Format Version 8.00
Project("{8BC9CEB8-8B4A-11D0-8D11-00A0C91BC942}") = "MOLA", "MOLA.vcproj", "{8CF07D6D-7C75-4CE7-9ED2-EFAB5EBF5398}"
	ProjectSection(ProjectDependencies) = postProject
	EndProjectSection
EndProject
Project("{8BC9CEB8-8B4A-11D0-8D11-00A0C91BC942}") = "MOLA_DDA", "MOLA_DDA.vcproj", "{A8D1593F-2B07-4A3E-B488-5CD708F42F3E}"
	ProjectSection(ProjectDependencies) = postProject
	EndProjectSection
EndProject
Global
	GlobalSection(DPCodeReviewSolutionGUID) = preSolution
		DPCodeReviewSolutionGUID = {00000000-0000-0000-0000-000000000000}
	EndGlobalSection
	GlobalSection(SolutionConfiguration) = preSolution
		Debug = Debug
		Debug - (서버용) = Debug - (서버용)
		Debug - (서버용) DLL = Debug - (서버용) DLL
		Debug - (클라용) DLL = Debug - (클라용) DLL
		Release = Release
		Release - (서버용) = Release - (서버용)
	EndGlobalSection
	GlobalSection(ProjectDependencies) = postSolution
	EndGlobalSection
	GlobalSection(ProjectConfiguration) = postSolution
		{8CF07D6D-7C75-4CE7-9ED2-EFAB5EBF5398}.Debug.ActiveCfg = Debug - (클라용) DLL|Win32
		{8CF07D6D-7C75-4CE7-9ED2-EFAB5EBF5398}.Debug.Build.0 = Debug - (클라용) DLL|Win32
		{8CF07D6D-7C75-4CE7-9ED2-EFAB5EBF5398}.Debug - (서버용).ActiveCfg = Debug - (서버용)|Win32
		{8CF07D6D-7C75-4CE7-9ED2-EFAB5EBF5398}.Debug - (서버용).Build.0 = Debug - (서버용)|Win32
		{8CF07D6D-7C75-4CE7-9ED2-EFAB5EBF5398}.Debug - (서버용) DLL.ActiveCfg = Debug - (서버용) DLL|Win32
		{8CF07D6D-7C75-4CE7-9ED2-EFAB5EBF5398}.Debug - (서버용) DLL.Build.0 = Debug - (서버용) DLL|Win32
		{8CF07D6D-7C75-4CE7-9ED2-EFAB5EBF5398}.Debug - (클라용) DLL.ActiveCfg = Debug - (클라용) DLL|Win32
		{8CF07D6D-7C75-4CE7-9ED2-EFAB5EBF5398}.Debug - (클라용) DLL.Build.0 = Debug - (클라용) DLL|Win32
		{8CF07D6D-7C75-4CE7-9ED2-EFAB5EBF5398}.Release.ActiveCfg = Release|Win32
		{8CF07D6D-7C75-4CE7-9ED2-EFAB5EBF5398}.Release.Build.0 = Release|Win32
		{8CF07D6D-7C75-4CE7-9ED2-EFAB5EBF5398}.Release - (서버용).ActiveCfg = Release - (서버용)|Win32
		{8CF07D6D-7C75-4CE7-9ED2-EFAB5EBF5398}.Release - (서버용).Build.0 = Release - (서버용)|Win32
		{A8D1593F-2B07-4A3E-B488-5CD708F42F3E}.Debug.ActiveCfg = Debug|Win32
		{A8D1593F-2B07-4A3E-B488-5CD708F42F3E}.Debug.Build.0 = Debug|Win32
		{A8D1593F-2B07-4A3E-B488-5CD708F42F3E}.Debug - (서버용).ActiveCfg = Debug|Win32
		{A8D1593F-2B07-4A3E-B488-5CD708F42F3E}.Debug - (서버용).Build.0 = Debug|Win32
		{A8D1593F-2B07-4A3E-B488-5CD708F42F3E}.Debug - (서버용) DLL.ActiveCfg = Debug - (서버용) DLL|Win32
		{A8D1593F-2B07-4A3E-B488-5CD708F42F3E}.Debug - (서버용) DLL.Build.0 = Debug - (서버용) DLL|Win32
		{A8D1593F-2B07-4A3E-B488-5CD708F42F3E}.Debug - (클라용) DLL.ActiveCfg = Debug|Win32
		{A8D1593F-2B07-4A3E-B488-5CD708F42F3E}.Debug - (클라용) DLL.Build.0 = Debug|Win32
		{A8D1593F-2B07-4A3E-B488-5CD708F42F3E}.Release.ActiveCfg = Release|Win32
		{A8D1593F-2B07-4A3E-B488-5CD708F42F3E}.Release.Build.0 = Release|Win32
		{A8D1593F-2B07-4A3E-B488-5CD708F42F3E}.Release - (서버용).ActiveCfg = Release|Win32
		{A8D1593F-2B07-4A3E-B488-5CD708F42F3E}.Release - (서버용).Build.0 = Release|Win32
	EndGlobalSection
	GlobalSection(ExtensibilityGlobals) = postSolution
	EndGlobalSection
	GlobalSection(ExtensibilityAddIns) = postSolution
	EndGlobalSection
EndGlobal
