Microsoft Visual Studio Solution File, Format Version 8.00
Project("{8BC9CEB8-8B4A-11D0-8D11-00A0C91BC942}") = "ProcessSnapShot", "ProcessSnapShot.vcproj", "{E6234FBD-541A-4AA4-9DD8-1123086AB5E3}"
	ProjectSection(ProjectDependencies) = postProject
	EndProjectSection
EndProject
Global
	GlobalSection(SolutionConfiguration) = preSolution
		Debug = Debug
		Release = Release
	EndGlobalSection
	GlobalSection(ProjectDependencies) = postSolution
	EndGlobalSection
	GlobalSection(ProjectConfiguration) = postSolution
		{E6234FBD-541A-4AA4-9DD8-1123086AB5E3}.Debug.ActiveCfg = Debug|Win32
		{E6234FBD-541A-4AA4-9DD8-1123086AB5E3}.Debug.Build.0 = Debug|Win32
		{E6234FBD-541A-4AA4-9DD8-1123086AB5E3}.Release.ActiveCfg = Release|Win32
		{E6234FBD-541A-4AA4-9DD8-1123086AB5E3}.Release.Build.0 = Release|Win32
	EndGlobalSection
	GlobalSection(ExtensibilityGlobals) = postSolution
	EndGlobalSection
	GlobalSection(ExtensibilityAddIns) = postSolution
	EndGlobalSection
	GlobalSection(DPCodeReviewSolutionGUID) = preSolution
		DPCodeReviewSolutionGUID = {00000000-0000-0000-0000-000000000000}
	EndGlobalSection
EndGlobal
